// !$*UTF8*$!
{
	archiveVersion = 1;
	classes = {
	};
	objectVersion = 46;
	objects = {

/* Begin PBXBuildFile section */
		5D7C2D471E06EC0400BCEA41 /* main.m in Sources */ = {isa = PBXBuildFile; fileRef = 5D7C2D461E06EC0400BCEA41 /* main.m */; };
		5D7C2D4A1E06EC0400BCEA41 /* AppDelegate.m in Sources */ = {isa = PBXBuildFile; fileRef = 5D7C2D491E06EC0400BCEA41 /* AppDelegate.m */; };
		5D7C2D4D1E06EC0400BCEA41 /* ViewController.m in Sources */ = {isa = PBXBuildFile; fileRef = 5D7C2D4C1E06EC0400BCEA41 /* ViewController.m */; };
		5D7C2D501E06EC0400BCEA41 /* Main.storyboard in Resources */ = {isa = PBXBuildFile; fileRef = 5D7C2D4E1E06EC0400BCEA41 /* Main.storyboard */; };
		5D7C2D521E06EC0400BCEA41 /* Assets.xcassets in Resources */ = {isa = PBXBuildFile; fileRef = 5D7C2D511E06EC0400BCEA41 /* Assets.xcassets */; };
		5D7C2D551E06EC0400BCEA41 /* LaunchScreen.storyboard in Resources */ = {isa = PBXBuildFile; fileRef = 5D7C2D531E06EC0400BCEA41 /* LaunchScreen.storyboard */; };
		5D7C2DD71E06ECA400BCEA41 /* .gitignore in Resources */ = {isa = PBXBuildFile; fileRef = 5D7C2D5E1E06ECA400BCEA41 /* .gitignore */; };
		5D7C2DD81E06ECA400BCEA41 /* DefaultTheme.bundle in Resources */ = {isa = PBXBuildFile; fileRef = 5D7C2D5F1E06ECA400BCEA41 /* DefaultTheme.bundle */; };
		5D7C2DD91E06ECA400BCEA41 /* libNotificarePushLib.a in Frameworks */ = {isa = PBXBuildFile; fileRef = 5D7C2D601E06ECA400BCEA41 /* libNotificarePushLib.a */; };
		5D7C2DDA1E06ECA400BCEA41 /* Notificare.plist in Resources */ = {isa = PBXBuildFile; fileRef = 5D7C2DD41E06ECA400BCEA41 /* Notificare.plist */; };
		5D7C2DDB1E06ECA400BCEA41 /* NotificareManagedModels.bundle in Resources */ = {isa = PBXBuildFile; fileRef = 5D7C2DD51E06ECA400BCEA41 /* NotificareManagedModels.bundle */; };
		5D7C2DDC1E06ECA400BCEA41 /* NotificareTags.plist in Resources */ = {isa = PBXBuildFile; fileRef = 5D7C2DD61E06ECA400BCEA41 /* NotificareTags.plist */; };
		5D7C2DE21E06ED8000BCEA41 /* Configuration.m in Sources */ = {isa = PBXBuildFile; fileRef = 5D7C2DDF1E06ED8000BCEA41 /* Configuration.m */; };
		5D7C2DE31E06ED8000BCEA41 /* Configuration.plist in Resources */ = {isa = PBXBuildFile; fileRef = 5D7C2DE01E06ED8000BCEA41 /* Configuration.plist */; };
		5D7C2DEE1E06EE1E00BCEA41 /* Arvo.ttf in Resources */ = {isa = PBXBuildFile; fileRef = 5D7C2DE61E06EE1E00BCEA41 /* Arvo.ttf */; };
		5D7C2DEF1E06EE1E00BCEA41 /* Lato-Hairline.ttf in Resources */ = {isa = PBXBuildFile; fileRef = 5D7C2DE71E06EE1E00BCEA41 /* Lato-Hairline.ttf */; };
		5D7C2DF01E06EE1E00BCEA41 /* Lato-Light.ttf in Resources */ = {isa = PBXBuildFile; fileRef = 5D7C2DE81E06EE1E00BCEA41 /* Lato-Light.ttf */; };
		5D7C2DF11E06EE1E00BCEA41 /* Lato-Regular.ttf in Resources */ = {isa = PBXBuildFile; fileRef = 5D7C2DE91E06EE1E00BCEA41 /* Lato-Regular.ttf */; };
		5D7C2DF21E06EE1E00BCEA41 /* Montserrat-Bold.ttf in Resources */ = {isa = PBXBuildFile; fileRef = 5D7C2DEA1E06EE1E00BCEA41 /* Montserrat-Bold.ttf */; };
		5D7C2DF31E06EE1E00BCEA41 /* Montserrat-Regular.ttf in Resources */ = {isa = PBXBuildFile; fileRef = 5D7C2DEB1E06EE1E00BCEA41 /* Montserrat-Regular.ttf */; };
		5D7C2DF41E06EE1E00BCEA41 /* Museo.otf in Resources */ = {isa = PBXBuildFile; fileRef = 5D7C2DEC1E06EE1E00BCEA41 /* Museo.otf */; };
		5D7C2DF51E06EE1E00BCEA41 /* OleoScript.ttf in Resources */ = {isa = PBXBuildFile; fileRef = 5D7C2DED1E06EE1E00BCEA41 /* OleoScript.ttf */; };
		5D7C2DF91E07307600BCEA41 /* PassKit.framework in Frameworks */ = {isa = PBXBuildFile; fileRef = 5D7C2DF81E07307600BCEA41 /* PassKit.framework */; settings = {ATTRIBUTES = (Weak, ); }; };
		5D7C2DFB1E07326E00BCEA41 /* CoreLocation.framework in Frameworks */ = {isa = PBXBuildFile; fileRef = 5D7C2DFA1E07326E00BCEA41 /* CoreLocation.framework */; };
		5D7C2DFD1E07327400BCEA41 /* CoreData.framework in Frameworks */ = {isa = PBXBuildFile; fileRef = 5D7C2DFC1E07327400BCEA41 /* CoreData.framework */; };
		5D7C2DFF1E07327B00BCEA41 /* UserNotifications.framework in Frameworks */ = {isa = PBXBuildFile; fileRef = 5D7C2DFE1E07327B00BCEA41 /* UserNotifications.framework */; settings = {ATTRIBUTES = (Weak, ); }; };
		5D7C2E011E07328100BCEA41 /* MobileCoreServices.framework in Frameworks */ = {isa = PBXBuildFile; fileRef = 5D7C2E001E07328100BCEA41 /* MobileCoreServices.framework */; };
		5D7C2E031E07328800BCEA41 /* MessageUI.framework in Frameworks */ = {isa = PBXBuildFile; fileRef = 5D7C2E021E07328800BCEA41 /* MessageUI.framework */; };
		5D7C2E051E07329100BCEA41 /* libicucore.tbd in Frameworks */ = {isa = PBXBuildFile; fileRef = 5D7C2E041E07329100BCEA41 /* libicucore.tbd */; };
		5D7C2E071E07329800BCEA41 /* UIKit.framework in Frameworks */ = {isa = PBXBuildFile; fileRef = 5D7C2E061E07329800BCEA41 /* UIKit.framework */; };
		5D7C2E091E07329E00BCEA41 /* Foundation.framework in Frameworks */ = {isa = PBXBuildFile; fileRef = 5D7C2E081E07329E00BCEA41 /* Foundation.framework */; };
		5D7C2E0B1E0732A400BCEA41 /* CoreGraphics.framework in Frameworks */ = {isa = PBXBuildFile; fileRef = 5D7C2E0A1E0732A400BCEA41 /* CoreGraphics.framework */; };
		5D7C2E0D1E0732AA00BCEA41 /* MapKit.framework in Frameworks */ = {isa = PBXBuildFile; fileRef = 5D7C2E0C1E0732AA00BCEA41 /* MapKit.framework */; };
		5D7C2E0F1E0732B100BCEA41 /* SystemConfiguration.framework in Frameworks */ = {isa = PBXBuildFile; fileRef = 5D7C2E0E1E0732B100BCEA41 /* SystemConfiguration.framework */; };
		5D7C2E111E0732B700BCEA41 /* Security.framework in Frameworks */ = {isa = PBXBuildFile; fileRef = 5D7C2E101E0732B700BCEA41 /* Security.framework */; };
		5D7C2E131E0732BD00BCEA41 /* CFNetwork.framework in Frameworks */ = {isa = PBXBuildFile; fileRef = 5D7C2E121E0732BD00BCEA41 /* CFNetwork.framework */; };
		5D7C2E151E0732C300BCEA41 /* ImageIO.framework in Frameworks */ = {isa = PBXBuildFile; fileRef = 5D7C2E141E0732C300BCEA41 /* ImageIO.framework */; };
		5D7C2E171E0732C800BCEA41 /* StoreKit.framework in Frameworks */ = {isa = PBXBuildFile; fileRef = 5D7C2E161E0732C800BCEA41 /* StoreKit.framework */; };
		5D7C2E191E0732CE00BCEA41 /* SafariServices.framework in Frameworks */ = {isa = PBXBuildFile; fileRef = 5D7C2E181E0732CE00BCEA41 /* SafariServices.framework */; };
/* End PBXBuildFile section */

/* Begin PBXFileReference section */
		5D7C2D421E06EC0400BCEA41 /* demo.app */ = {isa = PBXFileReference; explicitFileType = wrapper.application; includeInIndex = 0; path = demo.app; sourceTree = BUILT_PRODUCTS_DIR; };
		5D7C2D461E06EC0400BCEA41 /* main.m */ = {isa = PBXFileReference; lastKnownFileType = sourcecode.c.objc; path = main.m; sourceTree = "<group>"; };
		5D7C2D481E06EC0400BCEA41 /* AppDelegate.h */ = {isa = PBXFileReference; lastKnownFileType = sourcecode.c.h; path = AppDelegate.h; sourceTree = "<group>"; };
		5D7C2D491E06EC0400BCEA41 /* AppDelegate.m */ = {isa = PBXFileReference; lastKnownFileType = sourcecode.c.objc; path = AppDelegate.m; sourceTree = "<group>"; };
		5D7C2D4B1E06EC0400BCEA41 /* ViewController.h */ = {isa = PBXFileReference; lastKnownFileType = sourcecode.c.h; path = ViewController.h; sourceTree = "<group>"; };
		5D7C2D4C1E06EC0400BCEA41 /* ViewController.m */ = {isa = PBXFileReference; lastKnownFileType = sourcecode.c.objc; path = ViewController.m; sourceTree = "<group>"; };
		5D7C2D4F1E06EC0400BCEA41 /* Base */ = {isa = PBXFileReference; lastKnownFileType = file.storyboard; name = Base; path = Base.lproj/Main.storyboard; sourceTree = "<group>"; };
		5D7C2D511E06EC0400BCEA41 /* Assets.xcassets */ = {isa = PBXFileReference; lastKnownFileType = folder.assetcatalog; path = Assets.xcassets; sourceTree = "<group>"; };
		5D7C2D541E06EC0400BCEA41 /* Base */ = {isa = PBXFileReference; lastKnownFileType = file.storyboard; name = Base; path = Base.lproj/LaunchScreen.storyboard; sourceTree = "<group>"; };
		5D7C2D561E06EC0400BCEA41 /* Info.plist */ = {isa = PBXFileReference; lastKnownFileType = text.plist.xml; path = Info.plist; sourceTree = "<group>"; };
		5D7C2D5E1E06ECA400BCEA41 /* .gitignore */ = {isa = PBXFileReference; fileEncoding = 4; lastKnownFileType = text; path = .gitignore; sourceTree = "<group>"; };
		5D7C2D5F1E06ECA400BCEA41 /* DefaultTheme.bundle */ = {isa = PBXFileReference; lastKnownFileType = "wrapper.plug-in"; path = DefaultTheme.bundle; sourceTree = "<group>"; };
		5D7C2D601E06ECA400BCEA41 /* libNotificarePushLib.a */ = {isa = PBXFileReference; lastKnownFileType = archive.ar; path = libNotificarePushLib.a; sourceTree = "<group>"; };
		5D7C2D641E06ECA400BCEA41 /* ActionDelegate.h */ = {isa = PBXFileReference; fileEncoding = 4; lastKnownFileType = sourcecode.c.h; path = ActionDelegate.h; sourceTree = "<group>"; };
		5D7C2D651E06ECA400BCEA41 /* ActionType.h */ = {isa = PBXFileReference; fileEncoding = 4; lastKnownFileType = sourcecode.c.h; path = ActionType.h; sourceTree = "<group>"; };
		5D7C2D671E06ECA400BCEA41 /* NotificareApp.h */ = {isa = PBXFileReference; fileEncoding = 4; lastKnownFileType = sourcecode.c.h; path = NotificareApp.h; sourceTree = "<group>"; };
		5D7C2D691E06ECA400BCEA41 /* NotificareBrowser.h */ = {isa = PBXFileReference; fileEncoding = 4; lastKnownFileType = sourcecode.c.h; path = NotificareBrowser.h; sourceTree = "<group>"; };
		5D7C2D6B1E06ECA400BCEA41 /* NotificareCallback.h */ = {isa = PBXFileReference; fileEncoding = 4; lastKnownFileType = sourcecode.c.h; path = NotificareCallback.h; sourceTree = "<group>"; };
		5D7C2D6D1E06ECA400BCEA41 /* NotificareCustom.h */ = {isa = PBXFileReference; fileEncoding = 4; lastKnownFileType = sourcecode.c.h; path = NotificareCustom.h; sourceTree = "<group>"; };
		5D7C2D6F1E06ECA400BCEA41 /* NotificareMail.h */ = {isa = PBXFileReference; fileEncoding = 4; lastKnownFileType = sourcecode.c.h; path = NotificareMail.h; sourceTree = "<group>"; };
		5D7C2D711E06ECA400BCEA41 /* NotificareSMS.h */ = {isa = PBXFileReference; fileEncoding = 4; lastKnownFileType = sourcecode.c.h; path = NotificareSMS.h; sourceTree = "<group>"; };
		5D7C2D731E06ECA400BCEA41 /* NotificareTelephone.h */ = {isa = PBXFileReference; fileEncoding = 4; lastKnownFileType = sourcecode.c.h; path = NotificareTelephone.h; sourceTree = "<group>"; };
		5D7C2D751E06ECA400BCEA41 /* NotificareBaseInboxViewController.h */ = {isa = PBXFileReference; fileEncoding = 4; lastKnownFileType = sourcecode.c.h; path = NotificareBaseInboxViewController.h; sourceTree = "<group>"; };
		5D7C2D781E06ECA400BCEA41 /* NotificareNetworkHost.h */ = {isa = PBXFileReference; fileEncoding = 4; lastKnownFileType = sourcecode.c.h; path = NotificareNetworkHost.h; sourceTree = "<group>"; };
		5D7C2D791E06ECA400BCEA41 /* NotificareNetworkOperation.h */ = {isa = PBXFileReference; fileEncoding = 4; lastKnownFileType = sourcecode.c.h; path = NotificareNetworkOperation.h; sourceTree = "<group>"; };
		5D7C2D7A1E06ECA400BCEA41 /* NotificareNetworkReachability.h */ = {isa = PBXFileReference; fileEncoding = 4; lastKnownFileType = sourcecode.c.h; path = NotificareNetworkReachability.h; sourceTree = "<group>"; };
		5D7C2D7C1E06ECA400BCEA41 /* NotificareNXOAuth2.h */ = {isa = PBXFileReference; fileEncoding = 4; lastKnownFileType = sourcecode.c.h; path = NotificareNXOAuth2.h; sourceTree = "<group>"; };
		5D7C2D7D1E06ECA400BCEA41 /* NotificareNXOAuth2AccessToken.h */ = {isa = PBXFileReference; fileEncoding = 4; lastKnownFileType = sourcecode.c.h; path = NotificareNXOAuth2AccessToken.h; sourceTree = "<group>"; };
		5D7C2D7E1E06ECA400BCEA41 /* NotificareNXOAuth2Account+Private.h */ = {isa = PBXFileReference; fileEncoding = 4; lastKnownFileType = sourcecode.c.h; path = "NotificareNXOAuth2Account+Private.h"; sourceTree = "<group>"; };
		5D7C2D7F1E06ECA400BCEA41 /* NotificareNXOAuth2Account.h */ = {isa = PBXFileReference; fileEncoding = 4; lastKnownFileType = sourcecode.c.h; path = NotificareNXOAuth2Account.h; sourceTree = "<group>"; };
		5D7C2D801E06ECA400BCEA41 /* NotificareNXOAuth2AccountStore.h */ = {isa = PBXFileReference; fileEncoding = 4; lastKnownFileType = sourcecode.c.h; path = NotificareNXOAuth2AccountStore.h; sourceTree = "<group>"; };
		5D7C2D811E06ECA400BCEA41 /* NotificareNXOAuth2Client.h */ = {isa = PBXFileReference; fileEncoding = 4; lastKnownFileType = sourcecode.c.h; path = NotificareNXOAuth2Client.h; sourceTree = "<group>"; };
		5D7C2D821E06ECA400BCEA41 /* NotificareNXOAuth2ClientDelegate.h */ = {isa = PBXFileReference; fileEncoding = 4; lastKnownFileType = sourcecode.c.h; path = NotificareNXOAuth2ClientDelegate.h; sourceTree = "<group>"; };
		5D7C2D831E06ECA400BCEA41 /* NotificareNXOAuth2Connection.h */ = {isa = PBXFileReference; fileEncoding = 4; lastKnownFileType = sourcecode.c.h; path = NotificareNXOAuth2Connection.h; sourceTree = "<group>"; };
		5D7C2D841E06ECA400BCEA41 /* NotificareNXOAuth2ConnectionDelegate.h */ = {isa = PBXFileReference; fileEncoding = 4; lastKnownFileType = sourcecode.c.h; path = NotificareNXOAuth2ConnectionDelegate.h; sourceTree = "<group>"; };
		5D7C2D851E06ECA400BCEA41 /* NotificareNXOAuth2Constants.h */ = {isa = PBXFileReference; fileEncoding = 4; lastKnownFileType = sourcecode.c.h; path = NotificareNXOAuth2Constants.h; sourceTree = "<group>"; };
		5D7C2D861E06ECA400BCEA41 /* NotificareNXOAuth2FileStreamWrapper.h */ = {isa = PBXFileReference; fileEncoding = 4; lastKnownFileType = sourcecode.c.h; path = NotificareNXOAuth2FileStreamWrapper.h; sourceTree = "<group>"; };
		5D7C2D871E06ECA400BCEA41 /* NotificareNXOAuth2PostBodyPart.h */ = {isa = PBXFileReference; fileEncoding = 4; lastKnownFileType = sourcecode.c.h; path = NotificareNXOAuth2PostBodyPart.h; sourceTree = "<group>"; };
		5D7C2D881E06ECA400BCEA41 /* NotificareNXOAuth2PostBodyStream.h */ = {isa = PBXFileReference; fileEncoding = 4; lastKnownFileType = sourcecode.c.h; path = NotificareNXOAuth2PostBodyStream.h; sourceTree = "<group>"; };
		5D7C2D891E06ECA400BCEA41 /* NotificareNXOAuth2Request.h */ = {isa = PBXFileReference; fileEncoding = 4; lastKnownFileType = sourcecode.c.h; path = NotificareNXOAuth2Request.h; sourceTree = "<group>"; };
		5D7C2D8A1E06ECA400BCEA41 /* NotificareNXOAuth2TrustDelegate.h */ = {isa = PBXFileReference; fileEncoding = 4; lastKnownFileType = sourcecode.c.h; path = NotificareNXOAuth2TrustDelegate.h; sourceTree = "<group>"; };
		5D7C2D8B1E06ECA400BCEA41 /* NSData+NotificareNXOAuth2.h */ = {isa = PBXFileReference; fileEncoding = 4; lastKnownFileType = sourcecode.c.h; path = "NSData+NotificareNXOAuth2.h"; sourceTree = "<group>"; };
		5D7C2D8C1E06ECA400BCEA41 /* NSString+NotificareNXOAuth2.h */ = {isa = PBXFileReference; fileEncoding = 4; lastKnownFileType = sourcecode.c.h; path = "NSString+NotificareNXOAuth2.h"; sourceTree = "<group>"; };
		5D7C2D8D1E06ECA400BCEA41 /* NSURL+NotificareNXOAuth2.h */ = {isa = PBXFileReference; fileEncoding = 4; lastKnownFileType = sourcecode.c.h; path = "NSURL+NotificareNXOAuth2.h"; sourceTree = "<group>"; };
		5D7C2D8F1E06ECA400BCEA41 /* base64.h */ = {isa = PBXFileReference; fileEncoding = 4; lastKnownFileType = sourcecode.c.h; path = base64.h; sourceTree = "<group>"; };
		5D7C2D901E06ECA400BCEA41 /* NotificareSocketRocket-Prefix.pch */ = {isa = PBXFileReference; fileEncoding = 4; lastKnownFileType = sourcecode.c.h; path = "NotificareSocketRocket-Prefix.pch"; sourceTree = "<group>"; };
		5D7C2D911E06ECA400BCEA41 /* NotificareSRWebSocket.h */ = {isa = PBXFileReference; fileEncoding = 4; lastKnownFileType = sourcecode.c.h; path = NotificareSRWebSocket.h; sourceTree = "<group>"; };
		5D7C2D921E06ECA400BCEA41 /* NSData+NotificareSRB64Additions.h */ = {isa = PBXFileReference; fileEncoding = 4; lastKnownFileType = sourcecode.c.h; path = "NSData+NotificareSRB64Additions.h"; sourceTree = "<group>"; };
		5D7C2D941E06ECA400BCEA41 /* NotificareAction.h */ = {isa = PBXFileReference; fileEncoding = 4; lastKnownFileType = sourcecode.c.h; path = NotificareAction.h; sourceTree = "<group>"; };
		5D7C2D951E06ECA400BCEA41 /* NotificareAsset.h */ = {isa = PBXFileReference; fileEncoding = 4; lastKnownFileType = sourcecode.c.h; path = NotificareAsset.h; sourceTree = "<group>"; };
		5D7C2D961E06ECA400BCEA41 /* NotificareAttachment.h */ = {isa = PBXFileReference; fileEncoding = 4; lastKnownFileType = sourcecode.c.h; path = NotificareAttachment.h; sourceTree = "<group>"; };
		5D7C2D971E06ECA400BCEA41 /* NotificareBeacon.h */ = {isa = PBXFileReference; fileEncoding = 4; lastKnownFileType = sourcecode.c.h; path = NotificareBeacon.h; sourceTree = "<group>"; };
		5D7C2D981E06ECA400BCEA41 /* NotificareContent.h */ = {isa = PBXFileReference; fileEncoding = 4; lastKnownFileType = sourcecode.c.h; path = NotificareContent.h; sourceTree = "<group>"; };
		5D7C2D991E06ECA400BCEA41 /* NotificareDevice.h */ = {isa = PBXFileReference; fileEncoding = 4; lastKnownFileType = sourcecode.c.h; path = NotificareDevice.h; sourceTree = "<group>"; };
		5D7C2D9A1E06ECA400BCEA41 /* NotificareDeviceInbox.h */ = {isa = PBXFileReference; fileEncoding = 4; lastKnownFileType = sourcecode.c.h; path = NotificareDeviceInbox.h; sourceTree = "<group>"; };
		5D7C2D9B1E06ECA400BCEA41 /* NotificareManagedDeviceInbox.h */ = {isa = PBXFileReference; fileEncoding = 4; lastKnownFileType = sourcecode.c.h; path = NotificareManagedDeviceInbox.h; sourceTree = "<group>"; };
		5D7C2D9C1E06ECA400BCEA41 /* NotificareNotification.h */ = {isa = PBXFileReference; fileEncoding = 4; lastKnownFileType = sourcecode.c.h; path = NotificareNotification.h; sourceTree = "<group>"; };
		5D7C2D9D1E06ECA400BCEA41 /* NotificarePass.h */ = {isa = PBXFileReference; fileEncoding = 4; lastKnownFileType = sourcecode.c.h; path = NotificarePass.h; sourceTree = "<group>"; };
		5D7C2D9E1E06ECA400BCEA41 /* NotificareProduct.h */ = {isa = PBXFileReference; fileEncoding = 4; lastKnownFileType = sourcecode.c.h; path = NotificareProduct.h; sourceTree = "<group>"; };
		5D7C2D9F1E06ECA400BCEA41 /* NotificareSegment.h */ = {isa = PBXFileReference; fileEncoding = 4; lastKnownFileType = sourcecode.c.h; path = NotificareSegment.h; sourceTree = "<group>"; };
		5D7C2DA01E06ECA400BCEA41 /* NotificareUser.h */ = {isa = PBXFileReference; fileEncoding = 4; lastKnownFileType = sourcecode.c.h; path = NotificareUser.h; sourceTree = "<group>"; };
		5D7C2DA11E06ECA400BCEA41 /* NotificareUserPreference.h */ = {isa = PBXFileReference; fileEncoding = 4; lastKnownFileType = sourcecode.c.h; path = NotificareUserPreference.h; sourceTree = "<group>"; };
		5D7C2DA21E06ECA400BCEA41 /* Notificare.h */ = {isa = PBXFileReference; fileEncoding = 4; lastKnownFileType = sourcecode.c.h; path = Notificare.h; sourceTree = "<group>"; };
		5D7C2DA31E06ECA400BCEA41 /* NotificareActions.h */ = {isa = PBXFileReference; fileEncoding = 4; lastKnownFileType = sourcecode.c.h; path = NotificareActions.h; sourceTree = "<group>"; };
		5D7C2DA41E06ECA400BCEA41 /* NotificareEngine.h */ = {isa = PBXFileReference; fileEncoding = 4; lastKnownFileType = sourcecode.c.h; path = NotificareEngine.h; sourceTree = "<group>"; };
		5D7C2DA51E06ECA400BCEA41 /* NotificareInboxManager.h */ = {isa = PBXFileReference; fileEncoding = 4; lastKnownFileType = sourcecode.c.h; path = NotificareInboxManager.h; sourceTree = "<group>"; };
		5D7C2DA61E06ECA400BCEA41 /* NotificarePushLib.h */ = {isa = PBXFileReference; fileEncoding = 4; lastKnownFileType = sourcecode.c.h; path = NotificarePushLib.h; sourceTree = "<group>"; };
		5D7C2DA81E06ECA400BCEA41 /* NSData+Hex.h */ = {isa = PBXFileReference; fileEncoding = 4; lastKnownFileType = sourcecode.c.h; path = "NSData+Hex.h"; sourceTree = "<group>"; };
		5D7C2DA91E06ECA400BCEA41 /* NSDate+TimeAgo.h */ = {isa = PBXFileReference; fileEncoding = 4; lastKnownFileType = sourcecode.c.h; path = "NSDate+TimeAgo.h"; sourceTree = "<group>"; };
		5D7C2DAA1E06ECA400BCEA41 /* NSDictionary+FromPlist.h */ = {isa = PBXFileReference; fileEncoding = 4; lastKnownFileType = sourcecode.c.h; path = "NSDictionary+FromPlist.h"; sourceTree = "<group>"; };
		5D7C2DAB1E06ECA400BCEA41 /* NSString+FromBundle.h */ = {isa = PBXFileReference; fileEncoding = 4; lastKnownFileType = sourcecode.c.h; path = "NSString+FromBundle.h"; sourceTree = "<group>"; };
		5D7C2DAC1E06ECA400BCEA41 /* NSString+Utils.h */ = {isa = PBXFileReference; fileEncoding = 4; lastKnownFileType = sourcecode.c.h; path = "NSString+Utils.h"; sourceTree = "<group>"; };
		5D7C2DAD1E06ECA400BCEA41 /* SKProduct+priceAsString.h */ = {isa = PBXFileReference; fileEncoding = 4; lastKnownFileType = sourcecode.c.h; path = "SKProduct+priceAsString.h"; sourceTree = "<group>"; };
		5D7C2DAE1E06ECA400BCEA41 /* UIImage+FromBundle.h */ = {isa = PBXFileReference; fileEncoding = 4; lastKnownFileType = sourcecode.c.h; path = "UIImage+FromBundle.h"; sourceTree = "<group>"; };
		5D7C2DB11E06ECA400BCEA41 /* NotificareAlert.h */ = {isa = PBXFileReference; fileEncoding = 4; lastKnownFileType = sourcecode.c.h; path = NotificareAlert.h; sourceTree = "<group>"; };
		5D7C2DB31E06ECA400BCEA41 /* NotificareBeacons.h */ = {isa = PBXFileReference; fileEncoding = 4; lastKnownFileType = sourcecode.c.h; path = NotificareBeacons.h; sourceTree = "<group>"; };
		5D7C2DB51E06ECA400BCEA41 /* NotificareForm.h */ = {isa = PBXFileReference; fileEncoding = 4; lastKnownFileType = sourcecode.c.h; path = NotificareForm.h; sourceTree = "<group>"; };
		5D7C2DB71E06ECA400BCEA41 /* NotificareImage.h */ = {isa = PBXFileReference; fileEncoding = 4; lastKnownFileType = sourcecode.c.h; path = NotificareImage.h; sourceTree = "<group>"; };
		5D7C2DB91E06ECA400BCEA41 /* NotificareInbox.h */ = {isa = PBXFileReference; fileEncoding = 4; lastKnownFileType = sourcecode.c.h; path = NotificareInbox.h; sourceTree = "<group>"; };
		5D7C2DBB1E06ECA400BCEA41 /* NotificareLocation.h */ = {isa = PBXFileReference; fileEncoding = 4; lastKnownFileType = sourcecode.c.h; path = NotificareLocation.h; sourceTree = "<group>"; };
		5D7C2DBC1E06ECA400BCEA41 /* NotificareMap.h */ = {isa = PBXFileReference; fileEncoding = 4; lastKnownFileType = sourcecode.c.h; path = NotificareMap.h; sourceTree = "<group>"; };
		5D7C2DBE1E06ECA400BCEA41 /* NotificareNone.h */ = {isa = PBXFileReference; fileEncoding = 4; lastKnownFileType = sourcecode.c.h; path = NotificareNone.h; sourceTree = "<group>"; };
		5D7C2DBF1E06ECA400BCEA41 /* NotificationDelegate.h */ = {isa = PBXFileReference; fileEncoding = 4; lastKnownFileType = sourcecode.c.h; path = NotificationDelegate.h; sourceTree = "<group>"; };
		5D7C2DC01E06ECA400BCEA41 /* NotificationType.h */ = {isa = PBXFileReference; fileEncoding = 4; lastKnownFileType = sourcecode.c.h; path = NotificationType.h; sourceTree = "<group>"; };
		5D7C2DC21E06ECA400BCEA41 /* NotificarePassbook.h */ = {isa = PBXFileReference; fileEncoding = 4; lastKnownFileType = sourcecode.c.h; path = NotificarePassbook.h; sourceTree = "<group>"; };
		5D7C2DC41E06ECA400BCEA41 /* NotificareRate.h */ = {isa = PBXFileReference; fileEncoding = 4; lastKnownFileType = sourcecode.c.h; path = NotificareRate.h; sourceTree = "<group>"; };
		5D7C2DC61E06ECA400BCEA41 /* NotificareURL.h */ = {isa = PBXFileReference; fileEncoding = 4; lastKnownFileType = sourcecode.c.h; path = NotificareURL.h; sourceTree = "<group>"; };
		5D7C2DC81E06ECA400BCEA41 /* NotificareURLScheme.h */ = {isa = PBXFileReference; fileEncoding = 4; lastKnownFileType = sourcecode.c.h; path = NotificareURLScheme.h; sourceTree = "<group>"; };
		5D7C2DCA1E06ECA400BCEA41 /* NotificareBeaconsViewController.h */ = {isa = PBXFileReference; fileEncoding = 4; lastKnownFileType = sourcecode.c.h; path = NotificareBeaconsViewController.h; sourceTree = "<group>"; };
		5D7C2DCB1E06ECA400BCEA41 /* NotificareDeviceViewController.h */ = {isa = PBXFileReference; fileEncoding = 4; lastKnownFileType = sourcecode.c.h; path = NotificareDeviceViewController.h; sourceTree = "<group>"; };
		5D7C2DCC1E06ECA400BCEA41 /* NotificareInboxViewController.h */ = {isa = PBXFileReference; fileEncoding = 4; lastKnownFileType = sourcecode.c.h; path = NotificareInboxViewController.h; sourceTree = "<group>"; };
		5D7C2DCD1E06ECA400BCEA41 /* NotificarePassbookViewController.h */ = {isa = PBXFileReference; fileEncoding = 4; lastKnownFileType = sourcecode.c.h; path = NotificarePassbookViewController.h; sourceTree = "<group>"; };
		5D7C2DCE1E06ECA400BCEA41 /* NotificareUserPreferences.h */ = {isa = PBXFileReference; fileEncoding = 4; lastKnownFileType = sourcecode.c.h; path = NotificareUserPreferences.h; sourceTree = "<group>"; };
		5D7C2DCF1E06ECA400BCEA41 /* NotificareUserViewController.h */ = {isa = PBXFileReference; fileEncoding = 4; lastKnownFileType = sourcecode.c.h; path = NotificareUserViewController.h; sourceTree = "<group>"; };
		5D7C2DD11E06ECA400BCEA41 /* NotificareVideo.h */ = {isa = PBXFileReference; fileEncoding = 4; lastKnownFileType = sourcecode.c.h; path = NotificareVideo.h; sourceTree = "<group>"; };
		5D7C2DD31E06ECA400BCEA41 /* NotificareWebView.h */ = {isa = PBXFileReference; fileEncoding = 4; lastKnownFileType = sourcecode.c.h; path = NotificareWebView.h; sourceTree = "<group>"; };
		5D7C2DD41E06ECA400BCEA41 /* Notificare.plist */ = {isa = PBXFileReference; fileEncoding = 4; lastKnownFileType = text.plist.xml; path = Notificare.plist; sourceTree = "<group>"; };
		5D7C2DD51E06ECA400BCEA41 /* NotificareManagedModels.bundle */ = {isa = PBXFileReference; lastKnownFileType = "wrapper.plug-in"; path = NotificareManagedModels.bundle; sourceTree = "<group>"; };
		5D7C2DD61E06ECA400BCEA41 /* NotificareTags.plist */ = {isa = PBXFileReference; fileEncoding = 4; lastKnownFileType = text.plist.xml; path = NotificareTags.plist; sourceTree = "<group>"; };
		5D7C2DDE1E06ED8000BCEA41 /* Configuration.h */ = {isa = PBXFileReference; fileEncoding = 4; lastKnownFileType = sourcecode.c.h; path = Configuration.h; sourceTree = "<group>"; };
		5D7C2DDF1E06ED8000BCEA41 /* Configuration.m */ = {isa = PBXFileReference; fileEncoding = 4; lastKnownFileType = sourcecode.c.objc; path = Configuration.m; sourceTree = "<group>"; };
		5D7C2DE01E06ED8000BCEA41 /* Configuration.plist */ = {isa = PBXFileReference; fileEncoding = 4; lastKnownFileType = text.plist.xml; path = Configuration.plist; sourceTree = "<group>"; };
		5D7C2DE11E06ED8000BCEA41 /* Definitions.h */ = {isa = PBXFileReference; fileEncoding = 4; lastKnownFileType = sourcecode.c.h; path = Definitions.h; sourceTree = "<group>"; };
		5D7C2DE61E06EE1E00BCEA41 /* Arvo.ttf */ = {isa = PBXFileReference; lastKnownFileType = file; path = Arvo.ttf; sourceTree = "<group>"; };
		5D7C2DE71E06EE1E00BCEA41 /* Lato-Hairline.ttf */ = {isa = PBXFileReference; lastKnownFileType = file; path = "Lato-Hairline.ttf"; sourceTree = "<group>"; };
		5D7C2DE81E06EE1E00BCEA41 /* Lato-Light.ttf */ = {isa = PBXFileReference; lastKnownFileType = file; path = "Lato-Light.ttf"; sourceTree = "<group>"; };
		5D7C2DE91E06EE1E00BCEA41 /* Lato-Regular.ttf */ = {isa = PBXFileReference; lastKnownFileType = file; path = "Lato-Regular.ttf"; sourceTree = "<group>"; };
		5D7C2DEA1E06EE1E00BCEA41 /* Montserrat-Bold.ttf */ = {isa = PBXFileReference; lastKnownFileType = file; path = "Montserrat-Bold.ttf"; sourceTree = "<group>"; };
		5D7C2DEB1E06EE1E00BCEA41 /* Montserrat-Regular.ttf */ = {isa = PBXFileReference; lastKnownFileType = file; path = "Montserrat-Regular.ttf"; sourceTree = "<group>"; };
		5D7C2DEC1E06EE1E00BCEA41 /* Museo.otf */ = {isa = PBXFileReference; lastKnownFileType = file; path = Museo.otf; sourceTree = "<group>"; };
		5D7C2DED1E06EE1E00BCEA41 /* OleoScript.ttf */ = {isa = PBXFileReference; lastKnownFileType = file; path = OleoScript.ttf; sourceTree = "<group>"; };
		5D7C2DF61E07307300BCEA41 /* demo.entitlements */ = {isa = PBXFileReference; lastKnownFileType = text.plist.entitlements; path = demo.entitlements; sourceTree = "<group>"; };
		5D7C2DF81E07307600BCEA41 /* PassKit.framework */ = {isa = PBXFileReference; lastKnownFileType = wrapper.framework; name = PassKit.framework; path = System/Library/Frameworks/PassKit.framework; sourceTree = SDKROOT; };
		5D7C2DFA1E07326E00BCEA41 /* CoreLocation.framework */ = {isa = PBXFileReference; lastKnownFileType = wrapper.framework; name = CoreLocation.framework; path = System/Library/Frameworks/CoreLocation.framework; sourceTree = SDKROOT; };
		5D7C2DFC1E07327400BCEA41 /* CoreData.framework */ = {isa = PBXFileReference; lastKnownFileType = wrapper.framework; name = CoreData.framework; path = System/Library/Frameworks/CoreData.framework; sourceTree = SDKROOT; };
		5D7C2DFE1E07327B00BCEA41 /* UserNotifications.framework */ = {isa = PBXFileReference; lastKnownFileType = wrapper.framework; name = UserNotifications.framework; path = System/Library/Frameworks/UserNotifications.framework; sourceTree = SDKROOT; };
		5D7C2E001E07328100BCEA41 /* MobileCoreServices.framework */ = {isa = PBXFileReference; lastKnownFileType = wrapper.framework; name = MobileCoreServices.framework; path = System/Library/Frameworks/MobileCoreServices.framework; sourceTree = SDKROOT; };
		5D7C2E021E07328800BCEA41 /* MessageUI.framework */ = {isa = PBXFileReference; lastKnownFileType = wrapper.framework; name = MessageUI.framework; path = System/Library/Frameworks/MessageUI.framework; sourceTree = SDKROOT; };
		5D7C2E041E07329100BCEA41 /* libicucore.tbd */ = {isa = PBXFileReference; lastKnownFileType = "sourcecode.text-based-dylib-definition"; name = libicucore.tbd; path = usr/lib/libicucore.tbd; sourceTree = SDKROOT; };
		5D7C2E061E07329800BCEA41 /* UIKit.framework */ = {isa = PBXFileReference; lastKnownFileType = wrapper.framework; name = UIKit.framework; path = System/Library/Frameworks/UIKit.framework; sourceTree = SDKROOT; };
		5D7C2E081E07329E00BCEA41 /* Foundation.framework */ = {isa = PBXFileReference; lastKnownFileType = wrapper.framework; name = Foundation.framework; path = System/Library/Frameworks/Foundation.framework; sourceTree = SDKROOT; };
		5D7C2E0A1E0732A400BCEA41 /* CoreGraphics.framework */ = {isa = PBXFileReference; lastKnownFileType = wrapper.framework; name = CoreGraphics.framework; path = System/Library/Frameworks/CoreGraphics.framework; sourceTree = SDKROOT; };
		5D7C2E0C1E0732AA00BCEA41 /* MapKit.framework */ = {isa = PBXFileReference; lastKnownFileType = wrapper.framework; name = MapKit.framework; path = System/Library/Frameworks/MapKit.framework; sourceTree = SDKROOT; };
		5D7C2E0E1E0732B100BCEA41 /* SystemConfiguration.framework */ = {isa = PBXFileReference; lastKnownFileType = wrapper.framework; name = SystemConfiguration.framework; path = System/Library/Frameworks/SystemConfiguration.framework; sourceTree = SDKROOT; };
		5D7C2E101E0732B700BCEA41 /* Security.framework */ = {isa = PBXFileReference; lastKnownFileType = wrapper.framework; name = Security.framework; path = System/Library/Frameworks/Security.framework; sourceTree = SDKROOT; };
		5D7C2E121E0732BD00BCEA41 /* CFNetwork.framework */ = {isa = PBXFileReference; lastKnownFileType = wrapper.framework; name = CFNetwork.framework; path = System/Library/Frameworks/CFNetwork.framework; sourceTree = SDKROOT; };
		5D7C2E141E0732C300BCEA41 /* ImageIO.framework */ = {isa = PBXFileReference; lastKnownFileType = wrapper.framework; name = ImageIO.framework; path = System/Library/Frameworks/ImageIO.framework; sourceTree = SDKROOT; };
		5D7C2E161E0732C800BCEA41 /* StoreKit.framework */ = {isa = PBXFileReference; lastKnownFileType = wrapper.framework; name = StoreKit.framework; path = System/Library/Frameworks/StoreKit.framework; sourceTree = SDKROOT; };
		5D7C2E181E0732CE00BCEA41 /* SafariServices.framework */ = {isa = PBXFileReference; lastKnownFileType = wrapper.framework; name = SafariServices.framework; path = System/Library/Frameworks/SafariServices.framework; sourceTree = SDKROOT; };
/* End PBXFileReference section */

/* Begin PBXFrameworksBuildPhase section */
		5D7C2D3F1E06EC0400BCEA41 /* Frameworks */ = {
			isa = PBXFrameworksBuildPhase;
			buildActionMask = 2147483647;
			files = (
				5D7C2E191E0732CE00BCEA41 /* SafariServices.framework in Frameworks */,
				5D7C2E171E0732C800BCEA41 /* StoreKit.framework in Frameworks */,
				5D7C2E151E0732C300BCEA41 /* ImageIO.framework in Frameworks */,
				5D7C2E131E0732BD00BCEA41 /* CFNetwork.framework in Frameworks */,
				5D7C2E111E0732B700BCEA41 /* Security.framework in Frameworks */,
				5D7C2E0F1E0732B100BCEA41 /* SystemConfiguration.framework in Frameworks */,
				5D7C2E0D1E0732AA00BCEA41 /* MapKit.framework in Frameworks */,
				5D7C2E0B1E0732A400BCEA41 /* CoreGraphics.framework in Frameworks */,
				5D7C2E091E07329E00BCEA41 /* Foundation.framework in Frameworks */,
				5D7C2E071E07329800BCEA41 /* UIKit.framework in Frameworks */,
				5D7C2E051E07329100BCEA41 /* libicucore.tbd in Frameworks */,
				5D7C2E031E07328800BCEA41 /* MessageUI.framework in Frameworks */,
				5D7C2E011E07328100BCEA41 /* MobileCoreServices.framework in Frameworks */,
				5D7C2DFF1E07327B00BCEA41 /* UserNotifications.framework in Frameworks */,
				5D7C2DFD1E07327400BCEA41 /* CoreData.framework in Frameworks */,
				5D7C2DFB1E07326E00BCEA41 /* CoreLocation.framework in Frameworks */,
				5D7C2DF91E07307600BCEA41 /* PassKit.framework in Frameworks */,
				5D7C2DD91E06ECA400BCEA41 /* libNotificarePushLib.a in Frameworks */,
			);
			runOnlyForDeploymentPostprocessing = 0;
		};
/* End PBXFrameworksBuildPhase section */

/* Begin PBXGroup section */
		5D7C2D391E06EC0400BCEA41 = {
			isa = PBXGroup;
			children = (
				5D7C2D441E06EC0400BCEA41 /* demo */,
				5D7C2D431E06EC0400BCEA41 /* Products */,
				5D7C2DF71E07307600BCEA41 /* Frameworks */,
			);
			sourceTree = "<group>";
		};
		5D7C2D431E06EC0400BCEA41 /* Products */ = {
			isa = PBXGroup;
			children = (
				5D7C2D421E06EC0400BCEA41 /* demo.app */,
			);
			name = Products;
			sourceTree = "<group>";
		};
		5D7C2D441E06EC0400BCEA41 /* demo */ = {
			isa = PBXGroup;
			children = (
				5D7C2DF61E07307300BCEA41 /* demo.entitlements */,
				5D7C2DE41E06EE1E00BCEA41 /* Resources */,
				5D7C2DDD1E06ED8000BCEA41 /* Config */,
				5D7C2D5C1E06ECA400BCEA41 /* Libs */,
				5D7C2D481E06EC0400BCEA41 /* AppDelegate.h */,
				5D7C2D491E06EC0400BCEA41 /* AppDelegate.m */,
				5D7C2D4B1E06EC0400BCEA41 /* ViewController.h */,
				5D7C2D4C1E06EC0400BCEA41 /* ViewController.m */,
				5D7C2D4E1E06EC0400BCEA41 /* Main.storyboard */,
				5D7C2D511E06EC0400BCEA41 /* Assets.xcassets */,
				5D7C2D531E06EC0400BCEA41 /* LaunchScreen.storyboard */,
				5D7C2D561E06EC0400BCEA41 /* Info.plist */,
				5D7C2D451E06EC0400BCEA41 /* Supporting Files */,
			);
			path = demo;
			sourceTree = "<group>";
		};
		5D7C2D451E06EC0400BCEA41 /* Supporting Files */ = {
			isa = PBXGroup;
			children = (
				5D7C2D461E06EC0400BCEA41 /* main.m */,
			);
			name = "Supporting Files";
			sourceTree = "<group>";
		};
		5D7C2D5C1E06ECA400BCEA41 /* Libs */ = {
			isa = PBXGroup;
			children = (
				5D7C2D5D1E06ECA400BCEA41 /* notificare-push-lib-1.9.3 */,
			);
			path = Libs;
			sourceTree = "<group>";
		};
		5D7C2D5D1E06ECA400BCEA41 /* notificare-push-lib-1.9.3 */ = {
			isa = PBXGroup;
			children = (
				5D7C2D5E1E06ECA400BCEA41 /* .gitignore */,
				5D7C2D5F1E06ECA400BCEA41 /* DefaultTheme.bundle */,
				5D7C2D601E06ECA400BCEA41 /* libNotificarePushLib.a */,
				5D7C2D611E06ECA400BCEA41 /* Notificare */,
				5D7C2DD41E06ECA400BCEA41 /* Notificare.plist */,
				5D7C2DD51E06ECA400BCEA41 /* NotificareManagedModels.bundle */,
				5D7C2DD61E06ECA400BCEA41 /* NotificareTags.plist */,
			);
			path = "notificare-push-lib-1.9.3";
			sourceTree = "<group>";
		};
		5D7C2D611E06ECA400BCEA41 /* Notificare */ = {
			isa = PBXGroup;
			children = (
				5D7C2D621E06ECA400BCEA41 /* NotificarePushLib */,
			);
			path = Notificare;
			sourceTree = "<group>";
		};
		5D7C2D621E06ECA400BCEA41 /* NotificarePushLib */ = {
			isa = PBXGroup;
			children = (
				5D7C2D631E06ECA400BCEA41 /* Actions */,
				5D7C2D741E06ECA400BCEA41 /* Components */,
				5D7C2D761E06ECA400BCEA41 /* Libraries */,
				5D7C2D931E06ECA400BCEA41 /* Models */,
				5D7C2DA21E06ECA400BCEA41 /* Notificare.h */,
				5D7C2DA31E06ECA400BCEA41 /* NotificareActions.h */,
				5D7C2DA41E06ECA400BCEA41 /* NotificareEngine.h */,
				5D7C2DA51E06ECA400BCEA41 /* NotificareInboxManager.h */,
				5D7C2DA61E06ECA400BCEA41 /* NotificarePushLib.h */,
				5D7C2DA71E06ECA400BCEA41 /* Shared */,
				5D7C2DAF1E06ECA400BCEA41 /* Types */,
			);
			path = NotificarePushLib;
			sourceTree = "<group>";
		};
		5D7C2D631E06ECA400BCEA41 /* Actions */ = {
			isa = PBXGroup;
			children = (
				5D7C2D641E06ECA400BCEA41 /* ActionDelegate.h */,
				5D7C2D651E06ECA400BCEA41 /* ActionType.h */,
				5D7C2D661E06ECA400BCEA41 /* App */,
				5D7C2D681E06ECA400BCEA41 /* Browser */,
				5D7C2D6A1E06ECA400BCEA41 /* Callback */,
				5D7C2D6C1E06ECA400BCEA41 /* Custom */,
				5D7C2D6E1E06ECA400BCEA41 /* Mail */,
				5D7C2D701E06ECA400BCEA41 /* SMS */,
				5D7C2D721E06ECA400BCEA41 /* Telephone */,
			);
			path = Actions;
			sourceTree = "<group>";
		};
		5D7C2D661E06ECA400BCEA41 /* App */ = {
			isa = PBXGroup;
			children = (
				5D7C2D671E06ECA400BCEA41 /* NotificareApp.h */,
			);
			path = App;
			sourceTree = "<group>";
		};
		5D7C2D681E06ECA400BCEA41 /* Browser */ = {
			isa = PBXGroup;
			children = (
				5D7C2D691E06ECA400BCEA41 /* NotificareBrowser.h */,
			);
			path = Browser;
			sourceTree = "<group>";
		};
		5D7C2D6A1E06ECA400BCEA41 /* Callback */ = {
			isa = PBXGroup;
			children = (
				5D7C2D6B1E06ECA400BCEA41 /* NotificareCallback.h */,
			);
			path = Callback;
			sourceTree = "<group>";
		};
		5D7C2D6C1E06ECA400BCEA41 /* Custom */ = {
			isa = PBXGroup;
			children = (
				5D7C2D6D1E06ECA400BCEA41 /* NotificareCustom.h */,
			);
			path = Custom;
			sourceTree = "<group>";
		};
		5D7C2D6E1E06ECA400BCEA41 /* Mail */ = {
			isa = PBXGroup;
			children = (
				5D7C2D6F1E06ECA400BCEA41 /* NotificareMail.h */,
			);
			path = Mail;
			sourceTree = "<group>";
		};
		5D7C2D701E06ECA400BCEA41 /* SMS */ = {
			isa = PBXGroup;
			children = (
				5D7C2D711E06ECA400BCEA41 /* NotificareSMS.h */,
			);
			path = SMS;
			sourceTree = "<group>";
		};
		5D7C2D721E06ECA400BCEA41 /* Telephone */ = {
			isa = PBXGroup;
			children = (
				5D7C2D731E06ECA400BCEA41 /* NotificareTelephone.h */,
			);
			path = Telephone;
			sourceTree = "<group>";
		};
		5D7C2D741E06ECA400BCEA41 /* Components */ = {
			isa = PBXGroup;
			children = (
				5D7C2D751E06ECA400BCEA41 /* NotificareBaseInboxViewController.h */,
			);
			path = Components;
			sourceTree = "<group>";
		};
		5D7C2D761E06ECA400BCEA41 /* Libraries */ = {
			isa = PBXGroup;
			children = (
				5D7C2D771E06ECA400BCEA41 /* NotificareNetworkLib */,
				5D7C2D7B1E06ECA400BCEA41 /* NXOAuth2Client */,
				5D7C2D8E1E06ECA400BCEA41 /* SocketRocket */,
			);
			path = Libraries;
			sourceTree = "<group>";
		};
		5D7C2D771E06ECA400BCEA41 /* NotificareNetworkLib */ = {
			isa = PBXGroup;
			children = (
				5D7C2D781E06ECA400BCEA41 /* NotificareNetworkHost.h */,
				5D7C2D791E06ECA400BCEA41 /* NotificareNetworkOperation.h */,
				5D7C2D7A1E06ECA400BCEA41 /* NotificareNetworkReachability.h */,
			);
			path = NotificareNetworkLib;
			sourceTree = "<group>";
		};
		5D7C2D7B1E06ECA400BCEA41 /* NXOAuth2Client */ = {
			isa = PBXGroup;
			children = (
				5D7C2D7C1E06ECA400BCEA41 /* NotificareNXOAuth2.h */,
				5D7C2D7D1E06ECA400BCEA41 /* NotificareNXOAuth2AccessToken.h */,
				5D7C2D7E1E06ECA400BCEA41 /* NotificareNXOAuth2Account+Private.h */,
				5D7C2D7F1E06ECA400BCEA41 /* NotificareNXOAuth2Account.h */,
				5D7C2D801E06ECA400BCEA41 /* NotificareNXOAuth2AccountStore.h */,
				5D7C2D811E06ECA400BCEA41 /* NotificareNXOAuth2Client.h */,
				5D7C2D821E06ECA400BCEA41 /* NotificareNXOAuth2ClientDelegate.h */,
				5D7C2D831E06ECA400BCEA41 /* NotificareNXOAuth2Connection.h */,
				5D7C2D841E06ECA400BCEA41 /* NotificareNXOAuth2ConnectionDelegate.h */,
				5D7C2D851E06ECA400BCEA41 /* NotificareNXOAuth2Constants.h */,
				5D7C2D861E06ECA400BCEA41 /* NotificareNXOAuth2FileStreamWrapper.h */,
				5D7C2D871E06ECA400BCEA41 /* NotificareNXOAuth2PostBodyPart.h */,
				5D7C2D881E06ECA400BCEA41 /* NotificareNXOAuth2PostBodyStream.h */,
				5D7C2D891E06ECA400BCEA41 /* NotificareNXOAuth2Request.h */,
				5D7C2D8A1E06ECA400BCEA41 /* NotificareNXOAuth2TrustDelegate.h */,
				5D7C2D8B1E06ECA400BCEA41 /* NSData+NotificareNXOAuth2.h */,
				5D7C2D8C1E06ECA400BCEA41 /* NSString+NotificareNXOAuth2.h */,
				5D7C2D8D1E06ECA400BCEA41 /* NSURL+NotificareNXOAuth2.h */,
			);
			path = NXOAuth2Client;
			sourceTree = "<group>";
		};
		5D7C2D8E1E06ECA400BCEA41 /* SocketRocket */ = {
			isa = PBXGroup;
			children = (
				5D7C2D8F1E06ECA400BCEA41 /* base64.h */,
				5D7C2D901E06ECA400BCEA41 /* NotificareSocketRocket-Prefix.pch */,
				5D7C2D911E06ECA400BCEA41 /* NotificareSRWebSocket.h */,
				5D7C2D921E06ECA400BCEA41 /* NSData+NotificareSRB64Additions.h */,
			);
			path = SocketRocket;
			sourceTree = "<group>";
		};
		5D7C2D931E06ECA400BCEA41 /* Models */ = {
			isa = PBXGroup;
			children = (
				5D7C2D941E06ECA400BCEA41 /* NotificareAction.h */,
				5D7C2D951E06ECA400BCEA41 /* NotificareAsset.h */,
				5D7C2D961E06ECA400BCEA41 /* NotificareAttachment.h */,
				5D7C2D971E06ECA400BCEA41 /* NotificareBeacon.h */,
				5D7C2D981E06ECA400BCEA41 /* NotificareContent.h */,
				5D7C2D991E06ECA400BCEA41 /* NotificareDevice.h */,
				5D7C2D9A1E06ECA400BCEA41 /* NotificareDeviceInbox.h */,
				5D7C2D9B1E06ECA400BCEA41 /* NotificareManagedDeviceInbox.h */,
				5D7C2D9C1E06ECA400BCEA41 /* NotificareNotification.h */,
				5D7C2D9D1E06ECA400BCEA41 /* NotificarePass.h */,
				5D7C2D9E1E06ECA400BCEA41 /* NotificareProduct.h */,
				5D7C2D9F1E06ECA400BCEA41 /* NotificareSegment.h */,
				5D7C2DA01E06ECA400BCEA41 /* NotificareUser.h */,
				5D7C2DA11E06ECA400BCEA41 /* NotificareUserPreference.h */,
			);
			path = Models;
			sourceTree = "<group>";
		};
		5D7C2DA71E06ECA400BCEA41 /* Shared */ = {
			isa = PBXGroup;
			children = (
				5D7C2DA81E06ECA400BCEA41 /* NSData+Hex.h */,
				5D7C2DA91E06ECA400BCEA41 /* NSDate+TimeAgo.h */,
				5D7C2DAA1E06ECA400BCEA41 /* NSDictionary+FromPlist.h */,
				5D7C2DAB1E06ECA400BCEA41 /* NSString+FromBundle.h */,
				5D7C2DAC1E06ECA400BCEA41 /* NSString+Utils.h */,
				5D7C2DAD1E06ECA400BCEA41 /* SKProduct+priceAsString.h */,
				5D7C2DAE1E06ECA400BCEA41 /* UIImage+FromBundle.h */,
			);
			path = Shared;
			sourceTree = "<group>";
		};
		5D7C2DAF1E06ECA400BCEA41 /* Types */ = {
			isa = PBXGroup;
			children = (
				5D7C2DB01E06ECA400BCEA41 /* Alert */,
				5D7C2DB21E06ECA400BCEA41 /* Beacons */,
				5D7C2DB41E06ECA400BCEA41 /* Form */,
				5D7C2DB61E06ECA400BCEA41 /* Image */,
				5D7C2DB81E06ECA400BCEA41 /* Inbox */,
				5D7C2DBA1E06ECA400BCEA41 /* Map */,
				5D7C2DBD1E06ECA400BCEA41 /* None */,
				5D7C2DBF1E06ECA400BCEA41 /* NotificationDelegate.h */,
				5D7C2DC01E06ECA400BCEA41 /* NotificationType.h */,
				5D7C2DC11E06ECA400BCEA41 /* Passbook */,
				5D7C2DC31E06ECA400BCEA41 /* Rate */,
				5D7C2DC51E06ECA400BCEA41 /* URL */,
				5D7C2DC71E06ECA400BCEA41 /* URLScheme */,
				5D7C2DC91E06ECA400BCEA41 /* UserPreferences */,
				5D7C2DD01E06ECA400BCEA41 /* Video */,
				5D7C2DD21E06ECA400BCEA41 /* WebView */,
			);
			path = Types;
			sourceTree = "<group>";
		};
		5D7C2DB01E06ECA400BCEA41 /* Alert */ = {
			isa = PBXGroup;
			children = (
				5D7C2DB11E06ECA400BCEA41 /* NotificareAlert.h */,
			);
			path = Alert;
			sourceTree = "<group>";
		};
		5D7C2DB21E06ECA400BCEA41 /* Beacons */ = {
			isa = PBXGroup;
			children = (
				5D7C2DB31E06ECA400BCEA41 /* NotificareBeacons.h */,
			);
			path = Beacons;
			sourceTree = "<group>";
		};
		5D7C2DB41E06ECA400BCEA41 /* Form */ = {
			isa = PBXGroup;
			children = (
				5D7C2DB51E06ECA400BCEA41 /* NotificareForm.h */,
			);
			path = Form;
			sourceTree = "<group>";
		};
		5D7C2DB61E06ECA400BCEA41 /* Image */ = {
			isa = PBXGroup;
			children = (
				5D7C2DB71E06ECA400BCEA41 /* NotificareImage.h */,
			);
			path = Image;
			sourceTree = "<group>";
		};
		5D7C2DB81E06ECA400BCEA41 /* Inbox */ = {
			isa = PBXGroup;
			children = (
				5D7C2DB91E06ECA400BCEA41 /* NotificareInbox.h */,
			);
			path = Inbox;
			sourceTree = "<group>";
		};
		5D7C2DBA1E06ECA400BCEA41 /* Map */ = {
			isa = PBXGroup;
			children = (
				5D7C2DBB1E06ECA400BCEA41 /* NotificareLocation.h */,
				5D7C2DBC1E06ECA400BCEA41 /* NotificareMap.h */,
			);
			path = Map;
			sourceTree = "<group>";
		};
		5D7C2DBD1E06ECA400BCEA41 /* None */ = {
			isa = PBXGroup;
			children = (
				5D7C2DBE1E06ECA400BCEA41 /* NotificareNone.h */,
			);
			path = None;
			sourceTree = "<group>";
		};
		5D7C2DC11E06ECA400BCEA41 /* Passbook */ = {
			isa = PBXGroup;
			children = (
				5D7C2DC21E06ECA400BCEA41 /* NotificarePassbook.h */,
			);
			path = Passbook;
			sourceTree = "<group>";
		};
		5D7C2DC31E06ECA400BCEA41 /* Rate */ = {
			isa = PBXGroup;
			children = (
				5D7C2DC41E06ECA400BCEA41 /* NotificareRate.h */,
			);
			path = Rate;
			sourceTree = "<group>";
		};
		5D7C2DC51E06ECA400BCEA41 /* URL */ = {
			isa = PBXGroup;
			children = (
				5D7C2DC61E06ECA400BCEA41 /* NotificareURL.h */,
			);
			path = URL;
			sourceTree = "<group>";
		};
		5D7C2DC71E06ECA400BCEA41 /* URLScheme */ = {
			isa = PBXGroup;
			children = (
				5D7C2DC81E06ECA400BCEA41 /* NotificareURLScheme.h */,
			);
			path = URLScheme;
			sourceTree = "<group>";
		};
		5D7C2DC91E06ECA400BCEA41 /* UserPreferences */ = {
			isa = PBXGroup;
			children = (
				5D7C2DCA1E06ECA400BCEA41 /* NotificareBeaconsViewController.h */,
				5D7C2DCB1E06ECA400BCEA41 /* NotificareDeviceViewController.h */,
				5D7C2DCC1E06ECA400BCEA41 /* NotificareInboxViewController.h */,
				5D7C2DCD1E06ECA400BCEA41 /* NotificarePassbookViewController.h */,
				5D7C2DCE1E06ECA400BCEA41 /* NotificareUserPreferences.h */,
				5D7C2DCF1E06ECA400BCEA41 /* NotificareUserViewController.h */,
			);
			path = UserPreferences;
			sourceTree = "<group>";
		};
		5D7C2DD01E06ECA400BCEA41 /* Video */ = {
			isa = PBXGroup;
			children = (
				5D7C2DD11E06ECA400BCEA41 /* NotificareVideo.h */,
			);
			path = Video;
			sourceTree = "<group>";
		};
		5D7C2DD21E06ECA400BCEA41 /* WebView */ = {
			isa = PBXGroup;
			children = (
				5D7C2DD31E06ECA400BCEA41 /* NotificareWebView.h */,
			);
			path = WebView;
			sourceTree = "<group>";
		};
		5D7C2DDD1E06ED8000BCEA41 /* Config */ = {
			isa = PBXGroup;
			children = (
				5D7C2DDE1E06ED8000BCEA41 /* Configuration.h */,
				5D7C2DDF1E06ED8000BCEA41 /* Configuration.m */,
				5D7C2DE01E06ED8000BCEA41 /* Configuration.plist */,
				5D7C2DE11E06ED8000BCEA41 /* Definitions.h */,
			);
			path = Config;
			sourceTree = "<group>";
		};
		5D7C2DE41E06EE1E00BCEA41 /* Resources */ = {
			isa = PBXGroup;
			children = (
				5D7C2DE51E06EE1E00BCEA41 /* Fonts */,
			);
			path = Resources;
			sourceTree = "<group>";
		};
		5D7C2DE51E06EE1E00BCEA41 /* Fonts */ = {
			isa = PBXGroup;
			children = (
				5D7C2DE61E06EE1E00BCEA41 /* Arvo.ttf */,
				5D7C2DE71E06EE1E00BCEA41 /* Lato-Hairline.ttf */,
				5D7C2DE81E06EE1E00BCEA41 /* Lato-Light.ttf */,
				5D7C2DE91E06EE1E00BCEA41 /* Lato-Regular.ttf */,
				5D7C2DEA1E06EE1E00BCEA41 /* Montserrat-Bold.ttf */,
				5D7C2DEB1E06EE1E00BCEA41 /* Montserrat-Regular.ttf */,
				5D7C2DEC1E06EE1E00BCEA41 /* Museo.otf */,
				5D7C2DED1E06EE1E00BCEA41 /* OleoScript.ttf */,
			);
			path = Fonts;
			sourceTree = "<group>";
		};
		5D7C2DF71E07307600BCEA41 /* Frameworks */ = {
			isa = PBXGroup;
			children = (
				5D7C2E181E0732CE00BCEA41 /* SafariServices.framework */,
				5D7C2E161E0732C800BCEA41 /* StoreKit.framework */,
				5D7C2E141E0732C300BCEA41 /* ImageIO.framework */,
				5D7C2E121E0732BD00BCEA41 /* CFNetwork.framework */,
				5D7C2E101E0732B700BCEA41 /* Security.framework */,
				5D7C2E0E1E0732B100BCEA41 /* SystemConfiguration.framework */,
				5D7C2E0C1E0732AA00BCEA41 /* MapKit.framework */,
				5D7C2E0A1E0732A400BCEA41 /* CoreGraphics.framework */,
				5D7C2E081E07329E00BCEA41 /* Foundation.framework */,
				5D7C2E061E07329800BCEA41 /* UIKit.framework */,
				5D7C2E041E07329100BCEA41 /* libicucore.tbd */,
				5D7C2E021E07328800BCEA41 /* MessageUI.framework */,
				5D7C2E001E07328100BCEA41 /* MobileCoreServices.framework */,
				5D7C2DFE1E07327B00BCEA41 /* UserNotifications.framework */,
				5D7C2DFC1E07327400BCEA41 /* CoreData.framework */,
				5D7C2DFA1E07326E00BCEA41 /* CoreLocation.framework */,
				5D7C2DF81E07307600BCEA41 /* PassKit.framework */,
			);
			name = Frameworks;
			sourceTree = "<group>";
		};
/* End PBXGroup section */

/* Begin PBXNativeTarget section */
		5D7C2D411E06EC0400BCEA41 /* demo */ = {
			isa = PBXNativeTarget;
			buildConfigurationList = 5D7C2D591E06EC0400BCEA41 /* Build configuration list for PBXNativeTarget "demo" */;
			buildPhases = (
				5D7C2D3E1E06EC0400BCEA41 /* Sources */,
				5D7C2D3F1E06EC0400BCEA41 /* Frameworks */,
				5D7C2D401E06EC0400BCEA41 /* Resources */,
			);
			buildRules = (
			);
			dependencies = (
			);
			name = demo;
			productName = demo;
			productReference = 5D7C2D421E06EC0400BCEA41 /* demo.app */;
			productType = "com.apple.product-type.application";
		};
/* End PBXNativeTarget section */

/* Begin PBXProject section */
		5D7C2D3A1E06EC0400BCEA41 /* Project object */ = {
			isa = PBXProject;
			attributes = {
				LastUpgradeCheck = 0820;
				ORGANIZATIONNAME = Notificare;
				TargetAttributes = {
					5D7C2D411E06EC0400BCEA41 = {
						CreatedOnToolsVersion = 8.2;
						DevelopmentTeam = Y47BY73NFN;
						ProvisioningStyle = Automatic;
						SystemCapabilities = {
							com.apple.BackgroundModes = {
								enabled = 1;
							};
							com.apple.Keychain = {
								enabled = 1;
							};
							com.apple.Push = {
								enabled = 1;
							};
							com.apple.Wallet = {
								enabled = 1;
							};
						};
					};
				};
			};
			buildConfigurationList = 5D7C2D3D1E06EC0400BCEA41 /* Build configuration list for PBXProject "demo" */;
			compatibilityVersion = "Xcode 3.2";
			developmentRegion = English;
			hasScannedForEncodings = 0;
			knownRegions = (
				en,
				Base,
			);
			mainGroup = 5D7C2D391E06EC0400BCEA41;
			productRefGroup = 5D7C2D431E06EC0400BCEA41 /* Products */;
			projectDirPath = "";
			projectRoot = "";
			targets = (
				5D7C2D411E06EC0400BCEA41 /* demo */,
			);
		};
/* End PBXProject section */

/* Begin PBXResourcesBuildPhase section */
		5D7C2D401E06EC0400BCEA41 /* Resources */ = {
			isa = PBXResourcesBuildPhase;
			buildActionMask = 2147483647;
			files = (
				5D7C2DD71E06ECA400BCEA41 /* .gitignore in Resources */,
				5D7C2DDC1E06ECA400BCEA41 /* NotificareTags.plist in Resources */,
				5D7C2DEF1E06EE1E00BCEA41 /* Lato-Hairline.ttf in Resources */,
				5D7C2DF31E06EE1E00BCEA41 /* Montserrat-Regular.ttf in Resources */,
				5D7C2DF01E06EE1E00BCEA41 /* Lato-Light.ttf in Resources */,
				5D7C2D551E06EC0400BCEA41 /* LaunchScreen.storyboard in Resources */,
				5D7C2DDB1E06ECA400BCEA41 /* NotificareManagedModels.bundle in Resources */,
				5D7C2DF21E06EE1E00BCEA41 /* Montserrat-Bold.ttf in Resources */,
				5D7C2DD81E06ECA400BCEA41 /* DefaultTheme.bundle in Resources */,
				5D7C2DF41E06EE1E00BCEA41 /* Museo.otf in Resources */,
				5D7C2D521E06EC0400BCEA41 /* Assets.xcassets in Resources */,
				5D7C2DEE1E06EE1E00BCEA41 /* Arvo.ttf in Resources */,
				5D7C2DE31E06ED8000BCEA41 /* Configuration.plist in Resources */,
				5D7C2DF11E06EE1E00BCEA41 /* Lato-Regular.ttf in Resources */,
				5D7C2DDA1E06ECA400BCEA41 /* Notificare.plist in Resources */,
				5D7C2D501E06EC0400BCEA41 /* Main.storyboard in Resources */,
				5D7C2DF51E06EE1E00BCEA41 /* OleoScript.ttf in Resources */,
			);
			runOnlyForDeploymentPostprocessing = 0;
		};
/* End PBXResourcesBuildPhase section */

/* Begin PBXSourcesBuildPhase section */
		5D7C2D3E1E06EC0400BCEA41 /* Sources */ = {
			isa = PBXSourcesBuildPhase;
			buildActionMask = 2147483647;
			files = (
				5D7C2D4D1E06EC0400BCEA41 /* ViewController.m in Sources */,
				5D7C2D4A1E06EC0400BCEA41 /* AppDelegate.m in Sources */,
				5D7C2DE21E06ED8000BCEA41 /* Configuration.m in Sources */,
				5D7C2D471E06EC0400BCEA41 /* main.m in Sources */,
			);
			runOnlyForDeploymentPostprocessing = 0;
		};
/* End PBXSourcesBuildPhase section */

/* Begin PBXVariantGroup section */
		5D7C2D4E1E06EC0400BCEA41 /* Main.storyboard */ = {
			isa = PBXVariantGroup;
			children = (
				5D7C2D4F1E06EC0400BCEA41 /* Base */,
			);
			name = Main.storyboard;
			sourceTree = "<group>";
		};
		5D7C2D531E06EC0400BCEA41 /* LaunchScreen.storyboard */ = {
			isa = PBXVariantGroup;
			children = (
				5D7C2D541E06EC0400BCEA41 /* Base */,
			);
			name = LaunchScreen.storyboard;
			sourceTree = "<group>";
		};
/* End PBXVariantGroup section */

/* Begin XCBuildConfiguration section */
		5D7C2D571E06EC0400BCEA41 /* Debug */ = {
			isa = XCBuildConfiguration;
			buildSettings = {
				ALWAYS_SEARCH_USER_PATHS = NO;
				CLANG_ANALYZER_NONNULL = YES;
				CLANG_CXX_LANGUAGE_STANDARD = "gnu++0x";
				CLANG_CXX_LIBRARY = "libc++";
				CLANG_ENABLE_MODULES = YES;
				CLANG_ENABLE_OBJC_ARC = YES;
				CLANG_WARN_BOOL_CONVERSION = YES;
				CLANG_WARN_CONSTANT_CONVERSION = YES;
				CLANG_WARN_DIRECT_OBJC_ISA_USAGE = YES_ERROR;
				CLANG_WARN_DOCUMENTATION_COMMENTS = YES;
				CLANG_WARN_EMPTY_BODY = YES;
				CLANG_WARN_ENUM_CONVERSION = YES;
				CLANG_WARN_INFINITE_RECURSION = YES;
				CLANG_WARN_INT_CONVERSION = YES;
				CLANG_WARN_OBJC_ROOT_CLASS = YES_ERROR;
				CLANG_WARN_SUSPICIOUS_MOVE = YES;
				CLANG_WARN_UNREACHABLE_CODE = YES;
				CLANG_WARN__DUPLICATE_METHOD_MATCH = YES;
				"CODE_SIGN_IDENTITY[sdk=iphoneos*]" = "iPhone Developer";
				COPY_PHASE_STRIP = NO;
				DEBUG_INFORMATION_FORMAT = dwarf;
				ENABLE_STRICT_OBJC_MSGSEND = YES;
				ENABLE_TESTABILITY = YES;
				GCC_C_LANGUAGE_STANDARD = gnu99;
				GCC_DYNAMIC_NO_PIC = NO;
				GCC_NO_COMMON_BLOCKS = YES;
				GCC_OPTIMIZATION_LEVEL = 0;
				GCC_PREPROCESSOR_DEFINITIONS = (
					"DEBUG=1",
					"$(inherited)",
				);
				GCC_WARN_64_TO_32_BIT_CONVERSION = YES;
				GCC_WARN_ABOUT_RETURN_TYPE = YES_ERROR;
				GCC_WARN_UNDECLARED_SELECTOR = YES;
				GCC_WARN_UNINITIALIZED_AUTOS = YES_AGGRESSIVE;
				GCC_WARN_UNUSED_FUNCTION = YES;
				GCC_WARN_UNUSED_VARIABLE = YES;
				IPHONEOS_DEPLOYMENT_TARGET = 10.2;
				MTL_ENABLE_DEBUG_INFO = YES;
				ONLY_ACTIVE_ARCH = YES;
				SDKROOT = iphoneos;
				TARGETED_DEVICE_FAMILY = "1,2";
			};
			name = Debug;
		};
		5D7C2D581E06EC0400BCEA41 /* Release */ = {
			isa = XCBuildConfiguration;
			buildSettings = {
				ALWAYS_SEARCH_USER_PATHS = NO;
				CLANG_ANALYZER_NONNULL = YES;
				CLANG_CXX_LANGUAGE_STANDARD = "gnu++0x";
				CLANG_CXX_LIBRARY = "libc++";
				CLANG_ENABLE_MODULES = YES;
				CLANG_ENABLE_OBJC_ARC = YES;
				CLANG_WARN_BOOL_CONVERSION = YES;
				CLANG_WARN_CONSTANT_CONVERSION = YES;
				CLANG_WARN_DIRECT_OBJC_ISA_USAGE = YES_ERROR;
				CLANG_WARN_DOCUMENTATION_COMMENTS = YES;
				CLANG_WARN_EMPTY_BODY = YES;
				CLANG_WARN_ENUM_CONVERSION = YES;
				CLANG_WARN_INFINITE_RECURSION = YES;
				CLANG_WARN_INT_CONVERSION = YES;
				CLANG_WARN_OBJC_ROOT_CLASS = YES_ERROR;
				CLANG_WARN_SUSPICIOUS_MOVE = YES;
				CLANG_WARN_UNREACHABLE_CODE = YES;
				CLANG_WARN__DUPLICATE_METHOD_MATCH = YES;
				"CODE_SIGN_IDENTITY[sdk=iphoneos*]" = "iPhone Developer";
				COPY_PHASE_STRIP = NO;
				DEBUG_INFORMATION_FORMAT = "dwarf-with-dsym";
				ENABLE_NS_ASSERTIONS = NO;
				ENABLE_STRICT_OBJC_MSGSEND = YES;
				GCC_C_LANGUAGE_STANDARD = gnu99;
				GCC_NO_COMMON_BLOCKS = YES;
				GCC_WARN_64_TO_32_BIT_CONVERSION = YES;
				GCC_WARN_ABOUT_RETURN_TYPE = YES_ERROR;
				GCC_WARN_UNDECLARED_SELECTOR = YES;
				GCC_WARN_UNINITIALIZED_AUTOS = YES_AGGRESSIVE;
				GCC_WARN_UNUSED_FUNCTION = YES;
				GCC_WARN_UNUSED_VARIABLE = YES;
				IPHONEOS_DEPLOYMENT_TARGET = 10.2;
				MTL_ENABLE_DEBUG_INFO = NO;
				SDKROOT = iphoneos;
				TARGETED_DEVICE_FAMILY = "1,2";
				VALIDATE_PRODUCT = YES;
			};
			name = Release;
		};
		5D7C2D5A1E06EC0400BCEA41 /* Debug */ = {
			isa = XCBuildConfiguration;
			buildSettings = {
				ASSETCATALOG_COMPILER_APPICON_NAME = AppIcon;
				CODE_SIGN_ENTITLEMENTS = demo/demo.entitlements;
				"CODE_SIGN_IDENTITY[sdk=iphoneos*]" = "iPhone Developer";
				DEVELOPMENT_TEAM = Y47BY73NFN;
				INFOPLIST_FILE = demo/Info.plist;
				LD_RUNPATH_SEARCH_PATHS = "$(inherited) @executable_path/Frameworks";
				LIBRARY_SEARCH_PATHS = (
					"$(inherited)",
					"$(PROJECT_DIR)/demo/Libs/notificare-push-lib-1.9.3",
				);
				OTHER_LDFLAGS = "-all_load";
				PRODUCT_BUNDLE_IDENTIFIER = re.notifica.hybrid;
				PRODUCT_NAME = "$(TARGET_NAME)";
			};
			name = Debug;
		};
		5D7C2D5B1E06EC0400BCEA41 /* Release */ = {
			isa = XCBuildConfiguration;
			buildSettings = {
				ASSETCATALOG_COMPILER_APPICON_NAME = AppIcon;
				CODE_SIGN_ENTITLEMENTS = demo/demo.entitlements;
				"CODE_SIGN_IDENTITY[sdk=iphoneos*]" = "iPhone Developer";
				DEVELOPMENT_TEAM = Y47BY73NFN;
				INFOPLIST_FILE = demo/Info.plist;
				LD_RUNPATH_SEARCH_PATHS = "$(inherited) @executable_path/Frameworks";
				LIBRARY_SEARCH_PATHS = (
					"$(inherited)",
					"$(PROJECT_DIR)/demo/Libs/notificare-push-lib-1.9.3",
				);
				OTHER_LDFLAGS = "-all_load";
				PRODUCT_BUNDLE_IDENTIFIER = re.notifica.hybrid;
				PRODUCT_NAME = "$(TARGET_NAME)";
			};
			name = Release;
		};
/* End XCBuildConfiguration section */

/* Begin XCConfigurationList section */
		5D7C2D3D1E06EC0400BCEA41 /* Build configuration list for PBXProject "demo" */ = {
			isa = XCConfigurationList;
			buildConfigurations = (
				5D7C2D571E06EC0400BCEA41 /* Debug */,
				5D7C2D581E06EC0400BCEA41 /* Release */,
			);
			defaultConfigurationIsVisible = 0;
			defaultConfigurationName = Release;
		};
		5D7C2D591E06EC0400BCEA41 /* Build configuration list for PBXNativeTarget "demo" */ = {
			isa = XCConfigurationList;
			buildConfigurations = (
				5D7C2D5A1E06EC0400BCEA41 /* Debug */,
				5D7C2D5B1E06EC0400BCEA41 /* Release */,
			);
			defaultConfigurationIsVisible = 0;
		};
/* End XCConfigurationList section */
	};
	rootObject = 5D7C2D3A1E06EC0400BCEA41 /* Project object */;
}
