// !$*UTF8*$!
{
	archiveVersion = 1;
	classes = {
	};
	objectVersion = 46;
	objects = {

/* Begin PBXBuildFile section */
		5D58D47E1E3CFF45000334E3 /* DefaultTheme.bundle in Resources */ = {isa = PBXBuildFile; fileRef = 5D58D4031E3CFF45000334E3 /* DefaultTheme.bundle */; };
		5D58D47F1E3CFF45000334E3 /* libNotificarePushLib.a in Frameworks */ = {isa = PBXBuildFile; fileRef = 5D58D4041E3CFF45000334E3 /* libNotificarePushLib.a */; };
		5D58D4801E3CFF45000334E3 /* Notificare.plist in Resources */ = {isa = PBXBuildFile; fileRef = 5D58D4781E3CFF45000334E3 /* Notificare.plist */; };
		5D58D4811E3CFF45000334E3 /* NotificareManagedModels.bundle in Resources */ = {isa = PBXBuildFile; fileRef = 5D58D4791E3CFF45000334E3 /* NotificareManagedModels.bundle */; };
		5D58D4821E3CFF45000334E3 /* NotificareTags.plist in Resources */ = {isa = PBXBuildFile; fileRef = 5D58D47A1E3CFF45000334E3 /* NotificareTags.plist */; };
		5D7C2D471E06EC0400BCEA41 /* main.m in Sources */ = {isa = PBXBuildFile; fileRef = 5D7C2D461E06EC0400BCEA41 /* main.m */; };
		5D7C2D4A1E06EC0400BCEA41 /* AppDelegate.m in Sources */ = {isa = PBXBuildFile; fileRef = 5D7C2D491E06EC0400BCEA41 /* AppDelegate.m */; };
		5D7C2D4D1E06EC0400BCEA41 /* ViewController.m in Sources */ = {isa = PBXBuildFile; fileRef = 5D7C2D4C1E06EC0400BCEA41 /* ViewController.m */; };
		5D7C2D501E06EC0400BCEA41 /* Main.storyboard in Resources */ = {isa = PBXBuildFile; fileRef = 5D7C2D4E1E06EC0400BCEA41 /* Main.storyboard */; };
		5D7C2D521E06EC0400BCEA41 /* Assets.xcassets in Resources */ = {isa = PBXBuildFile; fileRef = 5D7C2D511E06EC0400BCEA41 /* Assets.xcassets */; };
		5D7C2D551E06EC0400BCEA41 /* LaunchScreen.storyboard in Resources */ = {isa = PBXBuildFile; fileRef = 5D7C2D531E06EC0400BCEA41 /* LaunchScreen.storyboard */; };
		5D7C2DE21E06ED8000BCEA41 /* Configuration.m in Sources */ = {isa = PBXBuildFile; fileRef = 5D7C2DDF1E06ED8000BCEA41 /* Configuration.m */; };
		5D7C2DE31E06ED8000BCEA41 /* Configuration.plist in Resources */ = {isa = PBXBuildFile; fileRef = 5D7C2DE01E06ED8000BCEA41 /* Configuration.plist */; };
		5D7C2DEE1E06EE1E00BCEA41 /* Arvo.ttf in Resources */ = {isa = PBXBuildFile; fileRef = 5D7C2DE61E06EE1E00BCEA41 /* Arvo.ttf */; };
		5D7C2DEF1E06EE1E00BCEA41 /* Lato-Hairline.ttf in Resources */ = {isa = PBXBuildFile; fileRef = 5D7C2DE71E06EE1E00BCEA41 /* Lato-Hairline.ttf */; };
		5D7C2DF01E06EE1E00BCEA41 /* Lato-Light.ttf in Resources */ = {isa = PBXBuildFile; fileRef = 5D7C2DE81E06EE1E00BCEA41 /* Lato-Light.ttf */; };
		5D7C2DF11E06EE1E00BCEA41 /* Lato-Regular.ttf in Resources */ = {isa = PBXBuildFile; fileRef = 5D7C2DE91E06EE1E00BCEA41 /* Lato-Regular.ttf */; };
		5D7C2DF21E06EE1E00BCEA41 /* Montserrat-Bold.ttf in Resources */ = {isa = PBXBuildFile; fileRef = 5D7C2DEA1E06EE1E00BCEA41 /* Montserrat-Bold.ttf */; };
		5D7C2DF31E06EE1E00BCEA41 /* Montserrat-Regular.ttf in Resources */ = {isa = PBXBuildFile; fileRef = 5D7C2DEB1E06EE1E00BCEA41 /* Montserrat-Regular.ttf */; };
		5D7C2DF41E06EE1E00BCEA41 /* Museo.otf in Resources */ = {isa = PBXBuildFile; fileRef = 5D7C2DEC1E06EE1E00BCEA41 /* Museo.otf */; };
		5D7C2DF51E06EE1E00BCEA41 /* OleoScript.ttf in Resources */ = {isa = PBXBuildFile; fileRef = 5D7C2DED1E06EE1E00BCEA41 /* OleoScript.ttf */; };
		5D7C2DF91E07307600BCEA41 /* PassKit.framework in Frameworks */ = {isa = PBXBuildFile; fileRef = 5D7C2DF81E07307600BCEA41 /* PassKit.framework */; settings = {ATTRIBUTES = (Weak, ); }; };
		5D7C2DFB1E07326E00BCEA41 /* CoreLocation.framework in Frameworks */ = {isa = PBXBuildFile; fileRef = 5D7C2DFA1E07326E00BCEA41 /* CoreLocation.framework */; };
		5D7C2DFD1E07327400BCEA41 /* CoreData.framework in Frameworks */ = {isa = PBXBuildFile; fileRef = 5D7C2DFC1E07327400BCEA41 /* CoreData.framework */; };
		5D7C2DFF1E07327B00BCEA41 /* UserNotifications.framework in Frameworks */ = {isa = PBXBuildFile; fileRef = 5D7C2DFE1E07327B00BCEA41 /* UserNotifications.framework */; settings = {ATTRIBUTES = (Weak, ); }; };
		5D7C2E011E07328100BCEA41 /* MobileCoreServices.framework in Frameworks */ = {isa = PBXBuildFile; fileRef = 5D7C2E001E07328100BCEA41 /* MobileCoreServices.framework */; };
		5D7C2E031E07328800BCEA41 /* MessageUI.framework in Frameworks */ = {isa = PBXBuildFile; fileRef = 5D7C2E021E07328800BCEA41 /* MessageUI.framework */; };
		5D7C2E051E07329100BCEA41 /* libicucore.tbd in Frameworks */ = {isa = PBXBuildFile; fileRef = 5D7C2E041E07329100BCEA41 /* libicucore.tbd */; };
		5D7C2E071E07329800BCEA41 /* UIKit.framework in Frameworks */ = {isa = PBXBuildFile; fileRef = 5D7C2E061E07329800BCEA41 /* UIKit.framework */; };
		5D7C2E091E07329E00BCEA41 /* Foundation.framework in Frameworks */ = {isa = PBXBuildFile; fileRef = 5D7C2E081E07329E00BCEA41 /* Foundation.framework */; };
		5D7C2E0B1E0732A400BCEA41 /* CoreGraphics.framework in Frameworks */ = {isa = PBXBuildFile; fileRef = 5D7C2E0A1E0732A400BCEA41 /* CoreGraphics.framework */; };
		5D7C2E0D1E0732AA00BCEA41 /* MapKit.framework in Frameworks */ = {isa = PBXBuildFile; fileRef = 5D7C2E0C1E0732AA00BCEA41 /* MapKit.framework */; };
		5D7C2E0F1E0732B100BCEA41 /* SystemConfiguration.framework in Frameworks */ = {isa = PBXBuildFile; fileRef = 5D7C2E0E1E0732B100BCEA41 /* SystemConfiguration.framework */; };
		5D7C2E111E0732B700BCEA41 /* Security.framework in Frameworks */ = {isa = PBXBuildFile; fileRef = 5D7C2E101E0732B700BCEA41 /* Security.framework */; };
		5D7C2E131E0732BD00BCEA41 /* CFNetwork.framework in Frameworks */ = {isa = PBXBuildFile; fileRef = 5D7C2E121E0732BD00BCEA41 /* CFNetwork.framework */; };
		5D7C2E151E0732C300BCEA41 /* ImageIO.framework in Frameworks */ = {isa = PBXBuildFile; fileRef = 5D7C2E141E0732C300BCEA41 /* ImageIO.framework */; };
		5D7C2E171E0732C800BCEA41 /* StoreKit.framework in Frameworks */ = {isa = PBXBuildFile; fileRef = 5D7C2E161E0732C800BCEA41 /* StoreKit.framework */; };
		5D7C2E191E0732CE00BCEA41 /* SafariServices.framework in Frameworks */ = {isa = PBXBuildFile; fileRef = 5D7C2E181E0732CE00BCEA41 /* SafariServices.framework */; };
		5D7C2E221E087FAD00BCEA41 /* OnBoardingViewController.m in Sources */ = {isa = PBXBuildFile; fileRef = 5D7C2E211E087FAD00BCEA41 /* OnBoardingViewController.m */; };
		5D7C2E241E0952B400BCEA41 /* customScripts.js in Resources */ = {isa = PBXBuildFile; fileRef = 5D7C2E231E0952B400BCEA41 /* customScripts.js */; };
		5D7C2E271E09597500BCEA41 /* InboxViewController.m in Sources */ = {isa = PBXBuildFile; fileRef = 5D7C2E261E09597500BCEA41 /* InboxViewController.m */; };
		5D7C2E2D1E095B0200BCEA41 /* GravatarHelper.m in Sources */ = {isa = PBXBuildFile; fileRef = 5D7C2E2A1E095B0200BCEA41 /* GravatarHelper.m */; };
		5D7C2E2E1E095B0200BCEA41 /* NSDate+TimeAgo.m in Sources */ = {isa = PBXBuildFile; fileRef = 5D7C2E2C1E095B0200BCEA41 /* NSDate+TimeAgo.m */; };
		5D7C2E311E097C4800BCEA41 /* SettingsViewController.m in Sources */ = {isa = PBXBuildFile; fileRef = 5D7C2E301E097C4800BCEA41 /* SettingsViewController.m */; };
		5D7C2E331E097FD100BCEA41 /* Localizable.strings in Resources */ = {isa = PBXBuildFile; fileRef = 5D7C2E321E097FD100BCEA41 /* Localizable.strings */; };
		5D7C2E351E09819A00BCEA41 /* InfoPlist.strings in Resources */ = {isa = PBXBuildFile; fileRef = 5D7C2E341E09819A00BCEA41 /* InfoPlist.strings */; };
		5D7C2E381E09D31100BCEA41 /* NoInternetViewController.m in Sources */ = {isa = PBXBuildFile; fileRef = 5D7C2E371E09D31100BCEA41 /* NoInternetViewController.m */; };
/* End PBXBuildFile section */

/* Begin PBXFileReference section */
		5D58D4031E3CFF45000334E3 /* DefaultTheme.bundle */ = {isa = PBXFileReference; lastKnownFileType = "wrapper.plug-in"; path = DefaultTheme.bundle; sourceTree = "<group>"; };
		5D58D4041E3CFF45000334E3 /* libNotificarePushLib.a */ = {isa = PBXFileReference; lastKnownFileType = archive.ar; path = libNotificarePushLib.a; sourceTree = "<group>"; };
		5D58D4081E3CFF45000334E3 /* ActionDelegate.h */ = {isa = PBXFileReference; fileEncoding = 4; lastKnownFileType = sourcecode.c.h; path = ActionDelegate.h; sourceTree = "<group>"; };
		5D58D4091E3CFF45000334E3 /* ActionType.h */ = {isa = PBXFileReference; fileEncoding = 4; lastKnownFileType = sourcecode.c.h; path = ActionType.h; sourceTree = "<group>"; };
		5D58D40B1E3CFF45000334E3 /* NotificareApp.h */ = {isa = PBXFileReference; fileEncoding = 4; lastKnownFileType = sourcecode.c.h; path = NotificareApp.h; sourceTree = "<group>"; };
		5D58D40D1E3CFF45000334E3 /* NotificareBrowser.h */ = {isa = PBXFileReference; fileEncoding = 4; lastKnownFileType = sourcecode.c.h; path = NotificareBrowser.h; sourceTree = "<group>"; };
		5D58D40F1E3CFF45000334E3 /* NotificareCallback.h */ = {isa = PBXFileReference; fileEncoding = 4; lastKnownFileType = sourcecode.c.h; path = NotificareCallback.h; sourceTree = "<group>"; };
		5D58D4111E3CFF45000334E3 /* NotificareCustom.h */ = {isa = PBXFileReference; fileEncoding = 4; lastKnownFileType = sourcecode.c.h; path = NotificareCustom.h; sourceTree = "<group>"; };
		5D58D4131E3CFF45000334E3 /* NotificareMail.h */ = {isa = PBXFileReference; fileEncoding = 4; lastKnownFileType = sourcecode.c.h; path = NotificareMail.h; sourceTree = "<group>"; };
		5D58D4151E3CFF45000334E3 /* NotificareSMS.h */ = {isa = PBXFileReference; fileEncoding = 4; lastKnownFileType = sourcecode.c.h; path = NotificareSMS.h; sourceTree = "<group>"; };
		5D58D4171E3CFF45000334E3 /* NotificareTelephone.h */ = {isa = PBXFileReference; fileEncoding = 4; lastKnownFileType = sourcecode.c.h; path = NotificareTelephone.h; sourceTree = "<group>"; };
		5D58D4191E3CFF45000334E3 /* NotificareBaseInboxViewController.h */ = {isa = PBXFileReference; fileEncoding = 4; lastKnownFileType = sourcecode.c.h; path = NotificareBaseInboxViewController.h; sourceTree = "<group>"; };
		5D58D41C1E3CFF45000334E3 /* NotificareNetworkHost.h */ = {isa = PBXFileReference; fileEncoding = 4; lastKnownFileType = sourcecode.c.h; path = NotificareNetworkHost.h; sourceTree = "<group>"; };
		5D58D41D1E3CFF45000334E3 /* NotificareNetworkOperation.h */ = {isa = PBXFileReference; fileEncoding = 4; lastKnownFileType = sourcecode.c.h; path = NotificareNetworkOperation.h; sourceTree = "<group>"; };
		5D58D41E1E3CFF45000334E3 /* NotificareNetworkReachability.h */ = {isa = PBXFileReference; fileEncoding = 4; lastKnownFileType = sourcecode.c.h; path = NotificareNetworkReachability.h; sourceTree = "<group>"; };
		5D58D4201E3CFF45000334E3 /* NotificareNXOAuth2.h */ = {isa = PBXFileReference; fileEncoding = 4; lastKnownFileType = sourcecode.c.h; path = NotificareNXOAuth2.h; sourceTree = "<group>"; };
		5D58D4211E3CFF45000334E3 /* NotificareNXOAuth2AccessToken.h */ = {isa = PBXFileReference; fileEncoding = 4; lastKnownFileType = sourcecode.c.h; path = NotificareNXOAuth2AccessToken.h; sourceTree = "<group>"; };
		5D58D4221E3CFF45000334E3 /* NotificareNXOAuth2Account+Private.h */ = {isa = PBXFileReference; fileEncoding = 4; lastKnownFileType = sourcecode.c.h; path = "NotificareNXOAuth2Account+Private.h"; sourceTree = "<group>"; };
		5D58D4231E3CFF45000334E3 /* NotificareNXOAuth2Account.h */ = {isa = PBXFileReference; fileEncoding = 4; lastKnownFileType = sourcecode.c.h; path = NotificareNXOAuth2Account.h; sourceTree = "<group>"; };
		5D58D4241E3CFF45000334E3 /* NotificareNXOAuth2AccountStore.h */ = {isa = PBXFileReference; fileEncoding = 4; lastKnownFileType = sourcecode.c.h; path = NotificareNXOAuth2AccountStore.h; sourceTree = "<group>"; };
		5D58D4251E3CFF45000334E3 /* NotificareNXOAuth2Client.h */ = {isa = PBXFileReference; fileEncoding = 4; lastKnownFileType = sourcecode.c.h; path = NotificareNXOAuth2Client.h; sourceTree = "<group>"; };
		5D58D4261E3CFF45000334E3 /* NotificareNXOAuth2ClientDelegate.h */ = {isa = PBXFileReference; fileEncoding = 4; lastKnownFileType = sourcecode.c.h; path = NotificareNXOAuth2ClientDelegate.h; sourceTree = "<group>"; };
		5D58D4271E3CFF45000334E3 /* NotificareNXOAuth2Connection.h */ = {isa = PBXFileReference; fileEncoding = 4; lastKnownFileType = sourcecode.c.h; path = NotificareNXOAuth2Connection.h; sourceTree = "<group>"; };
		5D58D4281E3CFF45000334E3 /* NotificareNXOAuth2ConnectionDelegate.h */ = {isa = PBXFileReference; fileEncoding = 4; lastKnownFileType = sourcecode.c.h; path = NotificareNXOAuth2ConnectionDelegate.h; sourceTree = "<group>"; };
		5D58D4291E3CFF45000334E3 /* NotificareNXOAuth2Constants.h */ = {isa = PBXFileReference; fileEncoding = 4; lastKnownFileType = sourcecode.c.h; path = NotificareNXOAuth2Constants.h; sourceTree = "<group>"; };
		5D58D42A1E3CFF45000334E3 /* NotificareNXOAuth2FileStreamWrapper.h */ = {isa = PBXFileReference; fileEncoding = 4; lastKnownFileType = sourcecode.c.h; path = NotificareNXOAuth2FileStreamWrapper.h; sourceTree = "<group>"; };
		5D58D42B1E3CFF45000334E3 /* NotificareNXOAuth2PostBodyPart.h */ = {isa = PBXFileReference; fileEncoding = 4; lastKnownFileType = sourcecode.c.h; path = NotificareNXOAuth2PostBodyPart.h; sourceTree = "<group>"; };
		5D58D42C1E3CFF45000334E3 /* NotificareNXOAuth2PostBodyStream.h */ = {isa = PBXFileReference; fileEncoding = 4; lastKnownFileType = sourcecode.c.h; path = NotificareNXOAuth2PostBodyStream.h; sourceTree = "<group>"; };
		5D58D42D1E3CFF45000334E3 /* NotificareNXOAuth2Request.h */ = {isa = PBXFileReference; fileEncoding = 4; lastKnownFileType = sourcecode.c.h; path = NotificareNXOAuth2Request.h; sourceTree = "<group>"; };
		5D58D42E1E3CFF45000334E3 /* NotificareNXOAuth2TrustDelegate.h */ = {isa = PBXFileReference; fileEncoding = 4; lastKnownFileType = sourcecode.c.h; path = NotificareNXOAuth2TrustDelegate.h; sourceTree = "<group>"; };
		5D58D42F1E3CFF45000334E3 /* NSData+NotificareNXOAuth2.h */ = {isa = PBXFileReference; fileEncoding = 4; lastKnownFileType = sourcecode.c.h; path = "NSData+NotificareNXOAuth2.h"; sourceTree = "<group>"; };
		5D58D4301E3CFF45000334E3 /* NSString+NotificareNXOAuth2.h */ = {isa = PBXFileReference; fileEncoding = 4; lastKnownFileType = sourcecode.c.h; path = "NSString+NotificareNXOAuth2.h"; sourceTree = "<group>"; };
		5D58D4311E3CFF45000334E3 /* NSURL+NotificareNXOAuth2.h */ = {isa = PBXFileReference; fileEncoding = 4; lastKnownFileType = sourcecode.c.h; path = "NSURL+NotificareNXOAuth2.h"; sourceTree = "<group>"; };
		5D58D4331E3CFF45000334E3 /* base64.h */ = {isa = PBXFileReference; fileEncoding = 4; lastKnownFileType = sourcecode.c.h; path = base64.h; sourceTree = "<group>"; };
		5D58D4341E3CFF45000334E3 /* NotificareSocketRocket-Prefix.pch */ = {isa = PBXFileReference; fileEncoding = 4; lastKnownFileType = sourcecode.c.h; path = "NotificareSocketRocket-Prefix.pch"; sourceTree = "<group>"; };
		5D58D4351E3CFF45000334E3 /* NotificareSRWebSocket.h */ = {isa = PBXFileReference; fileEncoding = 4; lastKnownFileType = sourcecode.c.h; path = NotificareSRWebSocket.h; sourceTree = "<group>"; };
		5D58D4361E3CFF45000334E3 /* NSData+NotificareSRB64Additions.h */ = {isa = PBXFileReference; fileEncoding = 4; lastKnownFileType = sourcecode.c.h; path = "NSData+NotificareSRB64Additions.h"; sourceTree = "<group>"; };
		5D58D4381E3CFF45000334E3 /* NotificareAction.h */ = {isa = PBXFileReference; fileEncoding = 4; lastKnownFileType = sourcecode.c.h; path = NotificareAction.h; sourceTree = "<group>"; };
		5D58D4391E3CFF45000334E3 /* NotificareAsset.h */ = {isa = PBXFileReference; fileEncoding = 4; lastKnownFileType = sourcecode.c.h; path = NotificareAsset.h; sourceTree = "<group>"; };
		5D58D43A1E3CFF45000334E3 /* NotificareAttachment.h */ = {isa = PBXFileReference; fileEncoding = 4; lastKnownFileType = sourcecode.c.h; path = NotificareAttachment.h; sourceTree = "<group>"; };
		5D58D43B1E3CFF45000334E3 /* NotificareBeacon.h */ = {isa = PBXFileReference; fileEncoding = 4; lastKnownFileType = sourcecode.c.h; path = NotificareBeacon.h; sourceTree = "<group>"; };
		5D58D43C1E3CFF45000334E3 /* NotificareContent.h */ = {isa = PBXFileReference; fileEncoding = 4; lastKnownFileType = sourcecode.c.h; path = NotificareContent.h; sourceTree = "<group>"; };
		5D58D43D1E3CFF45000334E3 /* NotificareDevice.h */ = {isa = PBXFileReference; fileEncoding = 4; lastKnownFileType = sourcecode.c.h; path = NotificareDevice.h; sourceTree = "<group>"; };
		5D58D43E1E3CFF45000334E3 /* NotificareDeviceInbox.h */ = {isa = PBXFileReference; fileEncoding = 4; lastKnownFileType = sourcecode.c.h; path = NotificareDeviceInbox.h; sourceTree = "<group>"; };
		5D58D43F1E3CFF45000334E3 /* NotificareManagedDeviceInbox.h */ = {isa = PBXFileReference; fileEncoding = 4; lastKnownFileType = sourcecode.c.h; path = NotificareManagedDeviceInbox.h; sourceTree = "<group>"; };
		5D58D4401E3CFF45000334E3 /* NotificareNotification.h */ = {isa = PBXFileReference; fileEncoding = 4; lastKnownFileType = sourcecode.c.h; path = NotificareNotification.h; sourceTree = "<group>"; };
		5D58D4411E3CFF45000334E3 /* NotificarePass.h */ = {isa = PBXFileReference; fileEncoding = 4; lastKnownFileType = sourcecode.c.h; path = NotificarePass.h; sourceTree = "<group>"; };
		5D58D4421E3CFF45000334E3 /* NotificareProduct.h */ = {isa = PBXFileReference; fileEncoding = 4; lastKnownFileType = sourcecode.c.h; path = NotificareProduct.h; sourceTree = "<group>"; };
		5D58D4431E3CFF45000334E3 /* NotificareSegment.h */ = {isa = PBXFileReference; fileEncoding = 4; lastKnownFileType = sourcecode.c.h; path = NotificareSegment.h; sourceTree = "<group>"; };
		5D58D4441E3CFF45000334E3 /* NotificareUser.h */ = {isa = PBXFileReference; fileEncoding = 4; lastKnownFileType = sourcecode.c.h; path = NotificareUser.h; sourceTree = "<group>"; };
		5D58D4451E3CFF45000334E3 /* NotificareUserPreference.h */ = {isa = PBXFileReference; fileEncoding = 4; lastKnownFileType = sourcecode.c.h; path = NotificareUserPreference.h; sourceTree = "<group>"; };
		5D58D4461E3CFF45000334E3 /* Notificare.h */ = {isa = PBXFileReference; fileEncoding = 4; lastKnownFileType = sourcecode.c.h; path = Notificare.h; sourceTree = "<group>"; };
		5D58D4471E3CFF45000334E3 /* NotificareActions.h */ = {isa = PBXFileReference; fileEncoding = 4; lastKnownFileType = sourcecode.c.h; path = NotificareActions.h; sourceTree = "<group>"; };
		5D58D4481E3CFF45000334E3 /* NotificareEngine.h */ = {isa = PBXFileReference; fileEncoding = 4; lastKnownFileType = sourcecode.c.h; path = NotificareEngine.h; sourceTree = "<group>"; };
		5D58D4491E3CFF45000334E3 /* NotificareInboxManager.h */ = {isa = PBXFileReference; fileEncoding = 4; lastKnownFileType = sourcecode.c.h; path = NotificareInboxManager.h; sourceTree = "<group>"; };
		5D58D44A1E3CFF45000334E3 /* NotificarePushLib.h */ = {isa = PBXFileReference; fileEncoding = 4; lastKnownFileType = sourcecode.c.h; path = NotificarePushLib.h; sourceTree = "<group>"; };
		5D58D44C1E3CFF45000334E3 /* NSData+Hex.h */ = {isa = PBXFileReference; fileEncoding = 4; lastKnownFileType = sourcecode.c.h; path = "NSData+Hex.h"; sourceTree = "<group>"; };
		5D58D44D1E3CFF45000334E3 /* NSDate+TimeAgo.h */ = {isa = PBXFileReference; fileEncoding = 4; lastKnownFileType = sourcecode.c.h; path = "NSDate+TimeAgo.h"; sourceTree = "<group>"; };
		5D58D44E1E3CFF45000334E3 /* NSDictionary+FromPlist.h */ = {isa = PBXFileReference; fileEncoding = 4; lastKnownFileType = sourcecode.c.h; path = "NSDictionary+FromPlist.h"; sourceTree = "<group>"; };
		5D58D44F1E3CFF45000334E3 /* NSString+FromBundle.h */ = {isa = PBXFileReference; fileEncoding = 4; lastKnownFileType = sourcecode.c.h; path = "NSString+FromBundle.h"; sourceTree = "<group>"; };
		5D58D4501E3CFF45000334E3 /* NSString+Utils.h */ = {isa = PBXFileReference; fileEncoding = 4; lastKnownFileType = sourcecode.c.h; path = "NSString+Utils.h"; sourceTree = "<group>"; };
		5D58D4511E3CFF45000334E3 /* SKProduct+priceAsString.h */ = {isa = PBXFileReference; fileEncoding = 4; lastKnownFileType = sourcecode.c.h; path = "SKProduct+priceAsString.h"; sourceTree = "<group>"; };
		5D58D4521E3CFF45000334E3 /* UIImage+FromBundle.h */ = {isa = PBXFileReference; fileEncoding = 4; lastKnownFileType = sourcecode.c.h; path = "UIImage+FromBundle.h"; sourceTree = "<group>"; };
		5D58D4551E3CFF45000334E3 /* NotificareAlert.h */ = {isa = PBXFileReference; fileEncoding = 4; lastKnownFileType = sourcecode.c.h; path = NotificareAlert.h; sourceTree = "<group>"; };
		5D58D4571E3CFF45000334E3 /* NotificareBeacons.h */ = {isa = PBXFileReference; fileEncoding = 4; lastKnownFileType = sourcecode.c.h; path = NotificareBeacons.h; sourceTree = "<group>"; };
		5D58D4591E3CFF45000334E3 /* NotificareForm.h */ = {isa = PBXFileReference; fileEncoding = 4; lastKnownFileType = sourcecode.c.h; path = NotificareForm.h; sourceTree = "<group>"; };
		5D58D45B1E3CFF45000334E3 /* NotificareImage.h */ = {isa = PBXFileReference; fileEncoding = 4; lastKnownFileType = sourcecode.c.h; path = NotificareImage.h; sourceTree = "<group>"; };
		5D58D45D1E3CFF45000334E3 /* NotificareInbox.h */ = {isa = PBXFileReference; fileEncoding = 4; lastKnownFileType = sourcecode.c.h; path = NotificareInbox.h; sourceTree = "<group>"; };
		5D58D45F1E3CFF45000334E3 /* NotificareLocation.h */ = {isa = PBXFileReference; fileEncoding = 4; lastKnownFileType = sourcecode.c.h; path = NotificareLocation.h; sourceTree = "<group>"; };
		5D58D4601E3CFF45000334E3 /* NotificareMap.h */ = {isa = PBXFileReference; fileEncoding = 4; lastKnownFileType = sourcecode.c.h; path = NotificareMap.h; sourceTree = "<group>"; };
		5D58D4621E3CFF45000334E3 /* NotificareNone.h */ = {isa = PBXFileReference; fileEncoding = 4; lastKnownFileType = sourcecode.c.h; path = NotificareNone.h; sourceTree = "<group>"; };
		5D58D4631E3CFF45000334E3 /* NotificationDelegate.h */ = {isa = PBXFileReference; fileEncoding = 4; lastKnownFileType = sourcecode.c.h; path = NotificationDelegate.h; sourceTree = "<group>"; };
		5D58D4641E3CFF45000334E3 /* NotificationType.h */ = {isa = PBXFileReference; fileEncoding = 4; lastKnownFileType = sourcecode.c.h; path = NotificationType.h; sourceTree = "<group>"; };
		5D58D4661E3CFF45000334E3 /* NotificarePassbook.h */ = {isa = PBXFileReference; fileEncoding = 4; lastKnownFileType = sourcecode.c.h; path = NotificarePassbook.h; sourceTree = "<group>"; };
		5D58D4681E3CFF45000334E3 /* NotificareRate.h */ = {isa = PBXFileReference; fileEncoding = 4; lastKnownFileType = sourcecode.c.h; path = NotificareRate.h; sourceTree = "<group>"; };
		5D58D46A1E3CFF45000334E3 /* NotificareURL.h */ = {isa = PBXFileReference; fileEncoding = 4; lastKnownFileType = sourcecode.c.h; path = NotificareURL.h; sourceTree = "<group>"; };
		5D58D46C1E3CFF45000334E3 /* NotificareURLScheme.h */ = {isa = PBXFileReference; fileEncoding = 4; lastKnownFileType = sourcecode.c.h; path = NotificareURLScheme.h; sourceTree = "<group>"; };
		5D58D46E1E3CFF45000334E3 /* NotificareBeaconsViewController.h */ = {isa = PBXFileReference; fileEncoding = 4; lastKnownFileType = sourcecode.c.h; path = NotificareBeaconsViewController.h; sourceTree = "<group>"; };
		5D58D46F1E3CFF45000334E3 /* NotificareDeviceViewController.h */ = {isa = PBXFileReference; fileEncoding = 4; lastKnownFileType = sourcecode.c.h; path = NotificareDeviceViewController.h; sourceTree = "<group>"; };
		5D58D4701E3CFF45000334E3 /* NotificareInboxViewController.h */ = {isa = PBXFileReference; fileEncoding = 4; lastKnownFileType = sourcecode.c.h; path = NotificareInboxViewController.h; sourceTree = "<group>"; };
		5D58D4711E3CFF45000334E3 /* NotificarePassbookViewController.h */ = {isa = PBXFileReference; fileEncoding = 4; lastKnownFileType = sourcecode.c.h; path = NotificarePassbookViewController.h; sourceTree = "<group>"; };
		5D58D4721E3CFF45000334E3 /* NotificareUserPreferences.h */ = {isa = PBXFileReference; fileEncoding = 4; lastKnownFileType = sourcecode.c.h; path = NotificareUserPreferences.h; sourceTree = "<group>"; };
		5D58D4731E3CFF45000334E3 /* NotificareUserViewController.h */ = {isa = PBXFileReference; fileEncoding = 4; lastKnownFileType = sourcecode.c.h; path = NotificareUserViewController.h; sourceTree = "<group>"; };
		5D58D4751E3CFF45000334E3 /* NotificareVideo.h */ = {isa = PBXFileReference; fileEncoding = 4; lastKnownFileType = sourcecode.c.h; path = NotificareVideo.h; sourceTree = "<group>"; };
		5D58D4771E3CFF45000334E3 /* NotificareWebView.h */ = {isa = PBXFileReference; fileEncoding = 4; lastKnownFileType = sourcecode.c.h; path = NotificareWebView.h; sourceTree = "<group>"; };
		5D58D4781E3CFF45000334E3 /* Notificare.plist */ = {isa = PBXFileReference; fileEncoding = 4; lastKnownFileType = text.plist.xml; path = Notificare.plist; sourceTree = "<group>"; };
		5D58D4791E3CFF45000334E3 /* NotificareManagedModels.bundle */ = {isa = PBXFileReference; lastKnownFileType = "wrapper.plug-in"; path = NotificareManagedModels.bundle; sourceTree = "<group>"; };
		5D58D47A1E3CFF45000334E3 /* NotificareTags.plist */ = {isa = PBXFileReference; fileEncoding = 4; lastKnownFileType = text.plist.xml; path = NotificareTags.plist; sourceTree = "<group>"; };
		5D7C2D421E06EC0400BCEA41 /* hybrid.app */ = {isa = PBXFileReference; explicitFileType = wrapper.application; includeInIndex = 0; path = hybrid.app; sourceTree = BUILT_PRODUCTS_DIR; };
		5D7C2D461E06EC0400BCEA41 /* main.m */ = {isa = PBXFileReference; lastKnownFileType = sourcecode.c.objc; path = main.m; sourceTree = "<group>"; };
		5D7C2D481E06EC0400BCEA41 /* AppDelegate.h */ = {isa = PBXFileReference; lastKnownFileType = sourcecode.c.h; path = AppDelegate.h; sourceTree = "<group>"; };
		5D7C2D491E06EC0400BCEA41 /* AppDelegate.m */ = {isa = PBXFileReference; lastKnownFileType = sourcecode.c.objc; path = AppDelegate.m; sourceTree = "<group>"; };
		5D7C2D4B1E06EC0400BCEA41 /* ViewController.h */ = {isa = PBXFileReference; lastKnownFileType = sourcecode.c.h; path = ViewController.h; sourceTree = "<group>"; };
		5D7C2D4C1E06EC0400BCEA41 /* ViewController.m */ = {isa = PBXFileReference; lastKnownFileType = sourcecode.c.objc; path = ViewController.m; sourceTree = "<group>"; };
		5D7C2D4F1E06EC0400BCEA41 /* Base */ = {isa = PBXFileReference; lastKnownFileType = file.storyboard; name = Base; path = Base.lproj/Main.storyboard; sourceTree = "<group>"; };
		5D7C2D511E06EC0400BCEA41 /* Assets.xcassets */ = {isa = PBXFileReference; lastKnownFileType = folder.assetcatalog; path = Assets.xcassets; sourceTree = "<group>"; };
		5D7C2D541E06EC0400BCEA41 /* Base */ = {isa = PBXFileReference; lastKnownFileType = file.storyboard; name = Base; path = Base.lproj/LaunchScreen.storyboard; sourceTree = "<group>"; };
		5D7C2D561E06EC0400BCEA41 /* Info.plist */ = {isa = PBXFileReference; lastKnownFileType = text.plist.xml; path = Info.plist; sourceTree = "<group>"; };
		5D7C2DDE1E06ED8000BCEA41 /* Configuration.h */ = {isa = PBXFileReference; fileEncoding = 4; lastKnownFileType = sourcecode.c.h; path = Configuration.h; sourceTree = "<group>"; };
		5D7C2DDF1E06ED8000BCEA41 /* Configuration.m */ = {isa = PBXFileReference; fileEncoding = 4; lastKnownFileType = sourcecode.c.objc; path = Configuration.m; sourceTree = "<group>"; };
		5D7C2DE01E06ED8000BCEA41 /* Configuration.plist */ = {isa = PBXFileReference; fileEncoding = 4; lastKnownFileType = text.plist.xml; path = Configuration.plist; sourceTree = "<group>"; };
		5D7C2DE11E06ED8000BCEA41 /* Definitions.h */ = {isa = PBXFileReference; fileEncoding = 4; lastKnownFileType = sourcecode.c.h; path = Definitions.h; sourceTree = "<group>"; };
		5D7C2DE61E06EE1E00BCEA41 /* Arvo.ttf */ = {isa = PBXFileReference; lastKnownFileType = file; path = Arvo.ttf; sourceTree = "<group>"; };
		5D7C2DE71E06EE1E00BCEA41 /* Lato-Hairline.ttf */ = {isa = PBXFileReference; lastKnownFileType = file; path = "Lato-Hairline.ttf"; sourceTree = "<group>"; };
		5D7C2DE81E06EE1E00BCEA41 /* Lato-Light.ttf */ = {isa = PBXFileReference; lastKnownFileType = file; path = "Lato-Light.ttf"; sourceTree = "<group>"; };
		5D7C2DE91E06EE1E00BCEA41 /* Lato-Regular.ttf */ = {isa = PBXFileReference; lastKnownFileType = file; path = "Lato-Regular.ttf"; sourceTree = "<group>"; };
		5D7C2DEA1E06EE1E00BCEA41 /* Montserrat-Bold.ttf */ = {isa = PBXFileReference; lastKnownFileType = file; path = "Montserrat-Bold.ttf"; sourceTree = "<group>"; };
		5D7C2DEB1E06EE1E00BCEA41 /* Montserrat-Regular.ttf */ = {isa = PBXFileReference; lastKnownFileType = file; path = "Montserrat-Regular.ttf"; sourceTree = "<group>"; };
		5D7C2DEC1E06EE1E00BCEA41 /* Museo.otf */ = {isa = PBXFileReference; lastKnownFileType = file; path = Museo.otf; sourceTree = "<group>"; };
		5D7C2DED1E06EE1E00BCEA41 /* OleoScript.ttf */ = {isa = PBXFileReference; lastKnownFileType = file; path = OleoScript.ttf; sourceTree = "<group>"; };
		5D7C2DF61E07307300BCEA41 /* hybrid.entitlements */ = {isa = PBXFileReference; lastKnownFileType = text.plist.entitlements; path = hybrid.entitlements; sourceTree = "<group>"; };
		5D7C2DF81E07307600BCEA41 /* PassKit.framework */ = {isa = PBXFileReference; lastKnownFileType = wrapper.framework; name = PassKit.framework; path = System/Library/Frameworks/PassKit.framework; sourceTree = SDKROOT; };
		5D7C2DFA1E07326E00BCEA41 /* CoreLocation.framework */ = {isa = PBXFileReference; lastKnownFileType = wrapper.framework; name = CoreLocation.framework; path = System/Library/Frameworks/CoreLocation.framework; sourceTree = SDKROOT; };
		5D7C2DFC1E07327400BCEA41 /* CoreData.framework */ = {isa = PBXFileReference; lastKnownFileType = wrapper.framework; name = CoreData.framework; path = System/Library/Frameworks/CoreData.framework; sourceTree = SDKROOT; };
		5D7C2DFE1E07327B00BCEA41 /* UserNotifications.framework */ = {isa = PBXFileReference; lastKnownFileType = wrapper.framework; name = UserNotifications.framework; path = System/Library/Frameworks/UserNotifications.framework; sourceTree = SDKROOT; };
		5D7C2E001E07328100BCEA41 /* MobileCoreServices.framework */ = {isa = PBXFileReference; lastKnownFileType = wrapper.framework; name = MobileCoreServices.framework; path = System/Library/Frameworks/MobileCoreServices.framework; sourceTree = SDKROOT; };
		5D7C2E021E07328800BCEA41 /* MessageUI.framework */ = {isa = PBXFileReference; lastKnownFileType = wrapper.framework; name = MessageUI.framework; path = System/Library/Frameworks/MessageUI.framework; sourceTree = SDKROOT; };
		5D7C2E041E07329100BCEA41 /* libicucore.tbd */ = {isa = PBXFileReference; lastKnownFileType = "sourcecode.text-based-dylib-definition"; name = libicucore.tbd; path = usr/lib/libicucore.tbd; sourceTree = SDKROOT; };
		5D7C2E061E07329800BCEA41 /* UIKit.framework */ = {isa = PBXFileReference; lastKnownFileType = wrapper.framework; name = UIKit.framework; path = System/Library/Frameworks/UIKit.framework; sourceTree = SDKROOT; };
		5D7C2E081E07329E00BCEA41 /* Foundation.framework */ = {isa = PBXFileReference; lastKnownFileType = wrapper.framework; name = Foundation.framework; path = System/Library/Frameworks/Foundation.framework; sourceTree = SDKROOT; };
		5D7C2E0A1E0732A400BCEA41 /* CoreGraphics.framework */ = {isa = PBXFileReference; lastKnownFileType = wrapper.framework; name = CoreGraphics.framework; path = System/Library/Frameworks/CoreGraphics.framework; sourceTree = SDKROOT; };
		5D7C2E0C1E0732AA00BCEA41 /* MapKit.framework */ = {isa = PBXFileReference; lastKnownFileType = wrapper.framework; name = MapKit.framework; path = System/Library/Frameworks/MapKit.framework; sourceTree = SDKROOT; };
		5D7C2E0E1E0732B100BCEA41 /* SystemConfiguration.framework */ = {isa = PBXFileReference; lastKnownFileType = wrapper.framework; name = SystemConfiguration.framework; path = System/Library/Frameworks/SystemConfiguration.framework; sourceTree = SDKROOT; };
		5D7C2E101E0732B700BCEA41 /* Security.framework */ = {isa = PBXFileReference; lastKnownFileType = wrapper.framework; name = Security.framework; path = System/Library/Frameworks/Security.framework; sourceTree = SDKROOT; };
		5D7C2E121E0732BD00BCEA41 /* CFNetwork.framework */ = {isa = PBXFileReference; lastKnownFileType = wrapper.framework; name = CFNetwork.framework; path = System/Library/Frameworks/CFNetwork.framework; sourceTree = SDKROOT; };
		5D7C2E141E0732C300BCEA41 /* ImageIO.framework */ = {isa = PBXFileReference; lastKnownFileType = wrapper.framework; name = ImageIO.framework; path = System/Library/Frameworks/ImageIO.framework; sourceTree = SDKROOT; };
		5D7C2E161E0732C800BCEA41 /* StoreKit.framework */ = {isa = PBXFileReference; lastKnownFileType = wrapper.framework; name = StoreKit.framework; path = System/Library/Frameworks/StoreKit.framework; sourceTree = SDKROOT; };
		5D7C2E181E0732CE00BCEA41 /* SafariServices.framework */ = {isa = PBXFileReference; lastKnownFileType = wrapper.framework; name = SafariServices.framework; path = System/Library/Frameworks/SafariServices.framework; sourceTree = SDKROOT; };
		5D7C2E201E087FAD00BCEA41 /* OnBoardingViewController.h */ = {isa = PBXFileReference; fileEncoding = 4; lastKnownFileType = sourcecode.c.h; path = OnBoardingViewController.h; sourceTree = "<group>"; };
		5D7C2E211E087FAD00BCEA41 /* OnBoardingViewController.m */ = {isa = PBXFileReference; fileEncoding = 4; lastKnownFileType = sourcecode.c.objc; path = OnBoardingViewController.m; sourceTree = "<group>"; };
		5D7C2E231E0952B400BCEA41 /* customScripts.js */ = {isa = PBXFileReference; fileEncoding = 4; lastKnownFileType = sourcecode.javascript; path = customScripts.js; sourceTree = "<group>"; };
		5D7C2E251E09597500BCEA41 /* InboxViewController.h */ = {isa = PBXFileReference; fileEncoding = 4; lastKnownFileType = sourcecode.c.h; path = InboxViewController.h; sourceTree = "<group>"; };
		5D7C2E261E09597500BCEA41 /* InboxViewController.m */ = {isa = PBXFileReference; fileEncoding = 4; lastKnownFileType = sourcecode.c.objc; path = InboxViewController.m; sourceTree = "<group>"; };
		5D7C2E291E095B0200BCEA41 /* GravatarHelper.h */ = {isa = PBXFileReference; fileEncoding = 4; lastKnownFileType = sourcecode.c.h; path = GravatarHelper.h; sourceTree = "<group>"; };
		5D7C2E2A1E095B0200BCEA41 /* GravatarHelper.m */ = {isa = PBXFileReference; fileEncoding = 4; lastKnownFileType = sourcecode.c.objc; path = GravatarHelper.m; sourceTree = "<group>"; };
		5D7C2E2B1E095B0200BCEA41 /* NSDate+TimeAgo.h */ = {isa = PBXFileReference; fileEncoding = 4; lastKnownFileType = sourcecode.c.h; path = "NSDate+TimeAgo.h"; sourceTree = "<group>"; };
		5D7C2E2C1E095B0200BCEA41 /* NSDate+TimeAgo.m */ = {isa = PBXFileReference; fileEncoding = 4; lastKnownFileType = sourcecode.c.objc; path = "NSDate+TimeAgo.m"; sourceTree = "<group>"; };
		5D7C2E2F1E097C4800BCEA41 /* SettingsViewController.h */ = {isa = PBXFileReference; fileEncoding = 4; lastKnownFileType = sourcecode.c.h; path = SettingsViewController.h; sourceTree = "<group>"; };
		5D7C2E301E097C4800BCEA41 /* SettingsViewController.m */ = {isa = PBXFileReference; fileEncoding = 4; lastKnownFileType = sourcecode.c.objc; path = SettingsViewController.m; sourceTree = "<group>"; };
		5D7C2E321E097FD100BCEA41 /* Localizable.strings */ = {isa = PBXFileReference; fileEncoding = 4; lastKnownFileType = text.plist.strings; path = Localizable.strings; sourceTree = "<group>"; };
		5D7C2E341E09819A00BCEA41 /* InfoPlist.strings */ = {isa = PBXFileReference; fileEncoding = 4; lastKnownFileType = text.plist.strings; path = InfoPlist.strings; sourceTree = "<group>"; };
		5D7C2E361E09D31100BCEA41 /* NoInternetViewController.h */ = {isa = PBXFileReference; fileEncoding = 4; lastKnownFileType = sourcecode.c.h; path = NoInternetViewController.h; sourceTree = "<group>"; };
		5D7C2E371E09D31100BCEA41 /* NoInternetViewController.m */ = {isa = PBXFileReference; fileEncoding = 4; lastKnownFileType = sourcecode.c.objc; path = NoInternetViewController.m; sourceTree = "<group>"; };
/* End PBXFileReference section */

/* Begin PBXFrameworksBuildPhase section */
		5D7C2D3F1E06EC0400BCEA41 /* Frameworks */ = {
			isa = PBXFrameworksBuildPhase;
			buildActionMask = 2147483647;
			files = (
				5D7C2E191E0732CE00BCEA41 /* SafariServices.framework in Frameworks */,
				5D7C2E171E0732C800BCEA41 /* StoreKit.framework in Frameworks */,
				5D7C2E151E0732C300BCEA41 /* ImageIO.framework in Frameworks */,
				5D58D47F1E3CFF45000334E3 /* libNotificarePushLib.a in Frameworks */,
				5D7C2E131E0732BD00BCEA41 /* CFNetwork.framework in Frameworks */,
				5D7C2E111E0732B700BCEA41 /* Security.framework in Frameworks */,
				5D7C2E0F1E0732B100BCEA41 /* SystemConfiguration.framework in Frameworks */,
				5D7C2E0D1E0732AA00BCEA41 /* MapKit.framework in Frameworks */,
				5D7C2E0B1E0732A400BCEA41 /* CoreGraphics.framework in Frameworks */,
				5D7C2E091E07329E00BCEA41 /* Foundation.framework in Frameworks */,
				5D7C2E071E07329800BCEA41 /* UIKit.framework in Frameworks */,
				5D7C2E051E07329100BCEA41 /* libicucore.tbd in Frameworks */,
				5D7C2E031E07328800BCEA41 /* MessageUI.framework in Frameworks */,
				5D7C2E011E07328100BCEA41 /* MobileCoreServices.framework in Frameworks */,
				5D7C2DFF1E07327B00BCEA41 /* UserNotifications.framework in Frameworks */,
				5D7C2DFD1E07327400BCEA41 /* CoreData.framework in Frameworks */,
				5D7C2DFB1E07326E00BCEA41 /* CoreLocation.framework in Frameworks */,
				5D7C2DF91E07307600BCEA41 /* PassKit.framework in Frameworks */,
			);
			runOnlyForDeploymentPostprocessing = 0;
		};
/* End PBXFrameworksBuildPhase section */

/* Begin PBXGroup section */
		5D58D4001E3CFF45000334E3 /* notificare-push-lib-1.9.5 */ = {
			isa = PBXGroup;
			children = (
				5D58D4031E3CFF45000334E3 /* DefaultTheme.bundle */,
				5D58D4041E3CFF45000334E3 /* libNotificarePushLib.a */,
				5D58D4051E3CFF45000334E3 /* Notificare */,
				5D58D4781E3CFF45000334E3 /* Notificare.plist */,
				5D58D4791E3CFF45000334E3 /* NotificareManagedModels.bundle */,
				5D58D47A1E3CFF45000334E3 /* NotificareTags.plist */,
			);
			path = "notificare-push-lib-1.9.5";
			sourceTree = "<group>";
		};
		5D58D4051E3CFF45000334E3 /* Notificare */ = {
			isa = PBXGroup;
			children = (
				5D58D4061E3CFF45000334E3 /* NotificarePushLib */,
			);
			path = Notificare;
			sourceTree = "<group>";
		};
		5D58D4061E3CFF45000334E3 /* NotificarePushLib */ = {
			isa = PBXGroup;
			children = (
				5D58D4071E3CFF45000334E3 /* Actions */,
				5D58D4181E3CFF45000334E3 /* Components */,
				5D58D41A1E3CFF45000334E3 /* Libraries */,
				5D58D4371E3CFF45000334E3 /* Models */,
				5D58D4461E3CFF45000334E3 /* Notificare.h */,
				5D58D4471E3CFF45000334E3 /* NotificareActions.h */,
				5D58D4481E3CFF45000334E3 /* NotificareEngine.h */,
				5D58D4491E3CFF45000334E3 /* NotificareInboxManager.h */,
				5D58D44A1E3CFF45000334E3 /* NotificarePushLib.h */,
				5D58D44B1E3CFF45000334E3 /* Shared */,
				5D58D4531E3CFF45000334E3 /* Types */,
			);
			path = NotificarePushLib;
			sourceTree = "<group>";
		};
		5D58D4071E3CFF45000334E3 /* Actions */ = {
			isa = PBXGroup;
			children = (
				5D58D4081E3CFF45000334E3 /* ActionDelegate.h */,
				5D58D4091E3CFF45000334E3 /* ActionType.h */,
				5D58D40A1E3CFF45000334E3 /* App */,
				5D58D40C1E3CFF45000334E3 /* Browser */,
				5D58D40E1E3CFF45000334E3 /* Callback */,
				5D58D4101E3CFF45000334E3 /* Custom */,
				5D58D4121E3CFF45000334E3 /* Mail */,
				5D58D4141E3CFF45000334E3 /* SMS */,
				5D58D4161E3CFF45000334E3 /* Telephone */,
			);
			path = Actions;
			sourceTree = "<group>";
		};
		5D58D40A1E3CFF45000334E3 /* App */ = {
			isa = PBXGroup;
			children = (
				5D58D40B1E3CFF45000334E3 /* NotificareApp.h */,
			);
			path = App;
			sourceTree = "<group>";
		};
		5D58D40C1E3CFF45000334E3 /* Browser */ = {
			isa = PBXGroup;
			children = (
				5D58D40D1E3CFF45000334E3 /* NotificareBrowser.h */,
			);
			path = Browser;
			sourceTree = "<group>";
		};
		5D58D40E1E3CFF45000334E3 /* Callback */ = {
			isa = PBXGroup;
			children = (
				5D58D40F1E3CFF45000334E3 /* NotificareCallback.h */,
			);
			path = Callback;
			sourceTree = "<group>";
		};
		5D58D4101E3CFF45000334E3 /* Custom */ = {
			isa = PBXGroup;
			children = (
				5D58D4111E3CFF45000334E3 /* NotificareCustom.h */,
			);
			path = Custom;
			sourceTree = "<group>";
		};
		5D58D4121E3CFF45000334E3 /* Mail */ = {
			isa = PBXGroup;
			children = (
				5D58D4131E3CFF45000334E3 /* NotificareMail.h */,
			);
			path = Mail;
			sourceTree = "<group>";
		};
		5D58D4141E3CFF45000334E3 /* SMS */ = {
			isa = PBXGroup;
			children = (
				5D58D4151E3CFF45000334E3 /* NotificareSMS.h */,
			);
			path = SMS;
			sourceTree = "<group>";
		};
		5D58D4161E3CFF45000334E3 /* Telephone */ = {
			isa = PBXGroup;
			children = (
				5D58D4171E3CFF45000334E3 /* NotificareTelephone.h */,
			);
			path = Telephone;
			sourceTree = "<group>";
		};
		5D58D4181E3CFF45000334E3 /* Components */ = {
			isa = PBXGroup;
			children = (
				5D58D4191E3CFF45000334E3 /* NotificareBaseInboxViewController.h */,
			);
			path = Components;
			sourceTree = "<group>";
		};
		5D58D41A1E3CFF45000334E3 /* Libraries */ = {
			isa = PBXGroup;
			children = (
				5D58D41B1E3CFF45000334E3 /* NotificareNetworkLib */,
				5D58D41F1E3CFF45000334E3 /* NXOAuth2Client */,
				5D58D4321E3CFF45000334E3 /* SocketRocket */,
			);
			path = Libraries;
			sourceTree = "<group>";
		};
		5D58D41B1E3CFF45000334E3 /* NotificareNetworkLib */ = {
			isa = PBXGroup;
			children = (
				5D58D41C1E3CFF45000334E3 /* NotificareNetworkHost.h */,
				5D58D41D1E3CFF45000334E3 /* NotificareNetworkOperation.h */,
				5D58D41E1E3CFF45000334E3 /* NotificareNetworkReachability.h */,
			);
			path = NotificareNetworkLib;
			sourceTree = "<group>";
		};
		5D58D41F1E3CFF45000334E3 /* NXOAuth2Client */ = {
			isa = PBXGroup;
			children = (
				5D58D4201E3CFF45000334E3 /* NotificareNXOAuth2.h */,
				5D58D4211E3CFF45000334E3 /* NotificareNXOAuth2AccessToken.h */,
				5D58D4221E3CFF45000334E3 /* NotificareNXOAuth2Account+Private.h */,
				5D58D4231E3CFF45000334E3 /* NotificareNXOAuth2Account.h */,
				5D58D4241E3CFF45000334E3 /* NotificareNXOAuth2AccountStore.h */,
				5D58D4251E3CFF45000334E3 /* NotificareNXOAuth2Client.h */,
				5D58D4261E3CFF45000334E3 /* NotificareNXOAuth2ClientDelegate.h */,
				5D58D4271E3CFF45000334E3 /* NotificareNXOAuth2Connection.h */,
				5D58D4281E3CFF45000334E3 /* NotificareNXOAuth2ConnectionDelegate.h */,
				5D58D4291E3CFF45000334E3 /* NotificareNXOAuth2Constants.h */,
				5D58D42A1E3CFF45000334E3 /* NotificareNXOAuth2FileStreamWrapper.h */,
				5D58D42B1E3CFF45000334E3 /* NotificareNXOAuth2PostBodyPart.h */,
				5D58D42C1E3CFF45000334E3 /* NotificareNXOAuth2PostBodyStream.h */,
				5D58D42D1E3CFF45000334E3 /* NotificareNXOAuth2Request.h */,
				5D58D42E1E3CFF45000334E3 /* NotificareNXOAuth2TrustDelegate.h */,
				5D58D42F1E3CFF45000334E3 /* NSData+NotificareNXOAuth2.h */,
				5D58D4301E3CFF45000334E3 /* NSString+NotificareNXOAuth2.h */,
				5D58D4311E3CFF45000334E3 /* NSURL+NotificareNXOAuth2.h */,
			);
			path = NXOAuth2Client;
			sourceTree = "<group>";
		};
		5D58D4321E3CFF45000334E3 /* SocketRocket */ = {
			isa = PBXGroup;
			children = (
				5D58D4331E3CFF45000334E3 /* base64.h */,
				5D58D4341E3CFF45000334E3 /* NotificareSocketRocket-Prefix.pch */,
				5D58D4351E3CFF45000334E3 /* NotificareSRWebSocket.h */,
				5D58D4361E3CFF45000334E3 /* NSData+NotificareSRB64Additions.h */,
			);
			path = SocketRocket;
			sourceTree = "<group>";
		};
		5D58D4371E3CFF45000334E3 /* Models */ = {
			isa = PBXGroup;
			children = (
				5D58D4381E3CFF45000334E3 /* NotificareAction.h */,
				5D58D4391E3CFF45000334E3 /* NotificareAsset.h */,
				5D58D43A1E3CFF45000334E3 /* NotificareAttachment.h */,
				5D58D43B1E3CFF45000334E3 /* NotificareBeacon.h */,
				5D58D43C1E3CFF45000334E3 /* NotificareContent.h */,
				5D58D43D1E3CFF45000334E3 /* NotificareDevice.h */,
				5D58D43E1E3CFF45000334E3 /* NotificareDeviceInbox.h */,
				5D58D43F1E3CFF45000334E3 /* NotificareManagedDeviceInbox.h */,
				5D58D4401E3CFF45000334E3 /* NotificareNotification.h */,
				5D58D4411E3CFF45000334E3 /* NotificarePass.h */,
				5D58D4421E3CFF45000334E3 /* NotificareProduct.h */,
				5D58D4431E3CFF45000334E3 /* NotificareSegment.h */,
				5D58D4441E3CFF45000334E3 /* NotificareUser.h */,
				5D58D4451E3CFF45000334E3 /* NotificareUserPreference.h */,
			);
			path = Models;
			sourceTree = "<group>";
		};
		5D58D44B1E3CFF45000334E3 /* Shared */ = {
			isa = PBXGroup;
			children = (
				5D58D44C1E3CFF45000334E3 /* NSData+Hex.h */,
				5D58D44D1E3CFF45000334E3 /* NSDate+TimeAgo.h */,
				5D58D44E1E3CFF45000334E3 /* NSDictionary+FromPlist.h */,
				5D58D44F1E3CFF45000334E3 /* NSString+FromBundle.h */,
				5D58D4501E3CFF45000334E3 /* NSString+Utils.h */,
				5D58D4511E3CFF45000334E3 /* SKProduct+priceAsString.h */,
				5D58D4521E3CFF45000334E3 /* UIImage+FromBundle.h */,
			);
			path = Shared;
			sourceTree = "<group>";
		};
		5D58D4531E3CFF45000334E3 /* Types */ = {
			isa = PBXGroup;
			children = (
				5D58D4541E3CFF45000334E3 /* Alert */,
				5D58D4561E3CFF45000334E3 /* Beacons */,
				5D58D4581E3CFF45000334E3 /* Form */,
				5D58D45A1E3CFF45000334E3 /* Image */,
				5D58D45C1E3CFF45000334E3 /* Inbox */,
				5D58D45E1E3CFF45000334E3 /* Map */,
				5D58D4611E3CFF45000334E3 /* None */,
				5D58D4631E3CFF45000334E3 /* NotificationDelegate.h */,
				5D58D4641E3CFF45000334E3 /* NotificationType.h */,
				5D58D4651E3CFF45000334E3 /* Passbook */,
				5D58D4671E3CFF45000334E3 /* Rate */,
				5D58D4691E3CFF45000334E3 /* URL */,
				5D58D46B1E3CFF45000334E3 /* URLScheme */,
				5D58D46D1E3CFF45000334E3 /* UserPreferences */,
				5D58D4741E3CFF45000334E3 /* Video */,
				5D58D4761E3CFF45000334E3 /* WebView */,
			);
			path = Types;
			sourceTree = "<group>";
		};
		5D58D4541E3CFF45000334E3 /* Alert */ = {
			isa = PBXGroup;
			children = (
				5D58D4551E3CFF45000334E3 /* NotificareAlert.h */,
			);
			path = Alert;
			sourceTree = "<group>";
		};
		5D58D4561E3CFF45000334E3 /* Beacons */ = {
			isa = PBXGroup;
			children = (
				5D58D4571E3CFF45000334E3 /* NotificareBeacons.h */,
			);
			path = Beacons;
			sourceTree = "<group>";
		};
		5D58D4581E3CFF45000334E3 /* Form */ = {
			isa = PBXGroup;
			children = (
				5D58D4591E3CFF45000334E3 /* NotificareForm.h */,
			);
			path = Form;
			sourceTree = "<group>";
		};
		5D58D45A1E3CFF45000334E3 /* Image */ = {
			isa = PBXGroup;
			children = (
				5D58D45B1E3CFF45000334E3 /* NotificareImage.h */,
			);
			path = Image;
			sourceTree = "<group>";
		};
		5D58D45C1E3CFF45000334E3 /* Inbox */ = {
			isa = PBXGroup;
			children = (
				5D58D45D1E3CFF45000334E3 /* NotificareInbox.h */,
			);
			path = Inbox;
			sourceTree = "<group>";
		};
		5D58D45E1E3CFF45000334E3 /* Map */ = {
			isa = PBXGroup;
			children = (
				5D58D45F1E3CFF45000334E3 /* NotificareLocation.h */,
				5D58D4601E3CFF45000334E3 /* NotificareMap.h */,
			);
			path = Map;
			sourceTree = "<group>";
		};
		5D58D4611E3CFF45000334E3 /* None */ = {
			isa = PBXGroup;
			children = (
				5D58D4621E3CFF45000334E3 /* NotificareNone.h */,
			);
			path = None;
			sourceTree = "<group>";
		};
		5D58D4651E3CFF45000334E3 /* Passbook */ = {
			isa = PBXGroup;
			children = (
				5D58D4661E3CFF45000334E3 /* NotificarePassbook.h */,
			);
			path = Passbook;
			sourceTree = "<group>";
		};
		5D58D4671E3CFF45000334E3 /* Rate */ = {
			isa = PBXGroup;
			children = (
				5D58D4681E3CFF45000334E3 /* NotificareRate.h */,
			);
			path = Rate;
			sourceTree = "<group>";
		};
		5D58D4691E3CFF45000334E3 /* URL */ = {
			isa = PBXGroup;
			children = (
				5D58D46A1E3CFF45000334E3 /* NotificareURL.h */,
			);
			path = URL;
			sourceTree = "<group>";
		};
		5D58D46B1E3CFF45000334E3 /* URLScheme */ = {
			isa = PBXGroup;
			children = (
				5D58D46C1E3CFF45000334E3 /* NotificareURLScheme.h */,
			);
			path = URLScheme;
			sourceTree = "<group>";
		};
		5D58D46D1E3CFF45000334E3 /* UserPreferences */ = {
			isa = PBXGroup;
			children = (
				5D58D46E1E3CFF45000334E3 /* NotificareBeaconsViewController.h */,
				5D58D46F1E3CFF45000334E3 /* NotificareDeviceViewController.h */,
				5D58D4701E3CFF45000334E3 /* NotificareInboxViewController.h */,
				5D58D4711E3CFF45000334E3 /* NotificarePassbookViewController.h */,
				5D58D4721E3CFF45000334E3 /* NotificareUserPreferences.h */,
				5D58D4731E3CFF45000334E3 /* NotificareUserViewController.h */,
			);
			path = UserPreferences;
			sourceTree = "<group>";
		};
		5D58D4741E3CFF45000334E3 /* Video */ = {
			isa = PBXGroup;
			children = (
				5D58D4751E3CFF45000334E3 /* NotificareVideo.h */,
			);
			path = Video;
			sourceTree = "<group>";
		};
		5D58D4761E3CFF45000334E3 /* WebView */ = {
			isa = PBXGroup;
			children = (
				5D58D4771E3CFF45000334E3 /* NotificareWebView.h */,
			);
			path = WebView;
			sourceTree = "<group>";
		};
		5D7C2D391E06EC0400BCEA41 = {
			isa = PBXGroup;
			children = (
				5D7C2D441E06EC0400BCEA41 /* hybrid */,
				5D7C2D431E06EC0400BCEA41 /* Products */,
				5D7C2DF71E07307600BCEA41 /* Frameworks */,
			);
			sourceTree = "<group>";
		};
		5D7C2D431E06EC0400BCEA41 /* Products */ = {
			isa = PBXGroup;
			children = (
				5D7C2D421E06EC0400BCEA41 /* hybrid.app */,
			);
			name = Products;
			sourceTree = "<group>";
		};
		5D7C2D441E06EC0400BCEA41 /* hybrid */ = {
			isa = PBXGroup;
			children = (
				5D7C2E281E095B0200BCEA41 /* Categories */,
				5D7C2DE41E06EE1E00BCEA41 /* Resources */,
				5D7C2DDD1E06ED8000BCEA41 /* Config */,
				5D7C2D5C1E06ECA400BCEA41 /* Libs */,
				5D7C2D481E06EC0400BCEA41 /* AppDelegate.h */,
				5D7C2D491E06EC0400BCEA41 /* AppDelegate.m */,
				5D7C2E361E09D31100BCEA41 /* NoInternetViewController.h */,
				5D7C2E371E09D31100BCEA41 /* NoInternetViewController.m */,
				5D7C2E201E087FAD00BCEA41 /* OnBoardingViewController.h */,
				5D7C2E211E087FAD00BCEA41 /* OnBoardingViewController.m */,
				5D7C2E251E09597500BCEA41 /* InboxViewController.h */,
				5D7C2E261E09597500BCEA41 /* InboxViewController.m */,
				5D7C2E2F1E097C4800BCEA41 /* SettingsViewController.h */,
				5D7C2E301E097C4800BCEA41 /* SettingsViewController.m */,
				5D7C2D4B1E06EC0400BCEA41 /* ViewController.h */,
				5D7C2D4C1E06EC0400BCEA41 /* ViewController.m */,
				5D7C2D4E1E06EC0400BCEA41 /* Main.storyboard */,
				5D7C2D511E06EC0400BCEA41 /* Assets.xcassets */,
				5D7C2D531E06EC0400BCEA41 /* LaunchScreen.storyboard */,
				5D7C2D561E06EC0400BCEA41 /* Info.plist */,
				5D7C2D451E06EC0400BCEA41 /* Supporting Files */,
			);
			name = hybrid;
			path = demo;
			sourceTree = "<group>";
		};
		5D7C2D451E06EC0400BCEA41 /* Supporting Files */ = {
			isa = PBXGroup;
			children = (
				5D7C2DF61E07307300BCEA41 /* hybrid.entitlements */,
				5D7C2E231E0952B400BCEA41 /* customScripts.js */,
				5D7C2D461E06EC0400BCEA41 /* main.m */,
				5D7C2E321E097FD100BCEA41 /* Localizable.strings */,
				5D7C2E341E09819A00BCEA41 /* InfoPlist.strings */,
			);
			name = "Supporting Files";
			sourceTree = "<group>";
		};
		5D7C2D5C1E06ECA400BCEA41 /* Libs */ = {
			isa = PBXGroup;
			children = (
				5D58D4001E3CFF45000334E3 /* notificare-push-lib-1.9.5 */,
			);
			path = Libs;
			sourceTree = "<group>";
		};
		5D7C2DDD1E06ED8000BCEA41 /* Config */ = {
			isa = PBXGroup;
			children = (
				5D7C2DDE1E06ED8000BCEA41 /* Configuration.h */,
				5D7C2DDF1E06ED8000BCEA41 /* Configuration.m */,
				5D7C2DE01E06ED8000BCEA41 /* Configuration.plist */,
				5D7C2DE11E06ED8000BCEA41 /* Definitions.h */,
			);
			path = Config;
			sourceTree = "<group>";
		};
		5D7C2DE41E06EE1E00BCEA41 /* Resources */ = {
			isa = PBXGroup;
			children = (
				5D7C2DE51E06EE1E00BCEA41 /* Fonts */,
			);
			path = Resources;
			sourceTree = "<group>";
		};
		5D7C2DE51E06EE1E00BCEA41 /* Fonts */ = {
			isa = PBXGroup;
			children = (
				5D7C2DE61E06EE1E00BCEA41 /* Arvo.ttf */,
				5D7C2DE71E06EE1E00BCEA41 /* Lato-Hairline.ttf */,
				5D7C2DE81E06EE1E00BCEA41 /* Lato-Light.ttf */,
				5D7C2DE91E06EE1E00BCEA41 /* Lato-Regular.ttf */,
				5D7C2DEA1E06EE1E00BCEA41 /* Montserrat-Bold.ttf */,
				5D7C2DEB1E06EE1E00BCEA41 /* Montserrat-Regular.ttf */,
				5D7C2DEC1E06EE1E00BCEA41 /* Museo.otf */,
				5D7C2DED1E06EE1E00BCEA41 /* OleoScript.ttf */,
			);
			path = Fonts;
			sourceTree = "<group>";
		};
		5D7C2DF71E07307600BCEA41 /* Frameworks */ = {
			isa = PBXGroup;
			children = (
				5D7C2E181E0732CE00BCEA41 /* SafariServices.framework */,
				5D7C2E161E0732C800BCEA41 /* StoreKit.framework */,
				5D7C2E141E0732C300BCEA41 /* ImageIO.framework */,
				5D7C2E121E0732BD00BCEA41 /* CFNetwork.framework */,
				5D7C2E101E0732B700BCEA41 /* Security.framework */,
				5D7C2E0E1E0732B100BCEA41 /* SystemConfiguration.framework */,
				5D7C2E0C1E0732AA00BCEA41 /* MapKit.framework */,
				5D7C2E0A1E0732A400BCEA41 /* CoreGraphics.framework */,
				5D7C2E081E07329E00BCEA41 /* Foundation.framework */,
				5D7C2E061E07329800BCEA41 /* UIKit.framework */,
				5D7C2E041E07329100BCEA41 /* libicucore.tbd */,
				5D7C2E021E07328800BCEA41 /* MessageUI.framework */,
				5D7C2E001E07328100BCEA41 /* MobileCoreServices.framework */,
				5D7C2DFE1E07327B00BCEA41 /* UserNotifications.framework */,
				5D7C2DFC1E07327400BCEA41 /* CoreData.framework */,
				5D7C2DFA1E07326E00BCEA41 /* CoreLocation.framework */,
				5D7C2DF81E07307600BCEA41 /* PassKit.framework */,
			);
			name = Frameworks;
			sourceTree = "<group>";
		};
		5D7C2E281E095B0200BCEA41 /* Categories */ = {
			isa = PBXGroup;
			children = (
				5D7C2E291E095B0200BCEA41 /* GravatarHelper.h */,
				5D7C2E2A1E095B0200BCEA41 /* GravatarHelper.m */,
				5D7C2E2B1E095B0200BCEA41 /* NSDate+TimeAgo.h */,
				5D7C2E2C1E095B0200BCEA41 /* NSDate+TimeAgo.m */,
			);
			path = Categories;
			sourceTree = "<group>";
		};
/* End PBXGroup section */

/* Begin PBXNativeTarget section */
		5D7C2D411E06EC0400BCEA41 /* hybrid */ = {
			isa = PBXNativeTarget;
			buildConfigurationList = 5D7C2D591E06EC0400BCEA41 /* Build configuration list for PBXNativeTarget "hybrid" */;
			buildPhases = (
				5D7C2D3E1E06EC0400BCEA41 /* Sources */,
				5D7C2D3F1E06EC0400BCEA41 /* Frameworks */,
				5D7C2D401E06EC0400BCEA41 /* Resources */,
			);
			buildRules = (
			);
			dependencies = (
			);
			name = hybrid;
			productName = demo;
			productReference = 5D7C2D421E06EC0400BCEA41 /* hybrid.app */;
			productType = "com.apple.product-type.application";
		};
/* End PBXNativeTarget section */

/* Begin PBXProject section */
		5D7C2D3A1E06EC0400BCEA41 /* Project object */ = {
			isa = PBXProject;
			attributes = {
				LastUpgradeCheck = 0820;
				ORGANIZATIONNAME = Notificare;
				TargetAttributes = {
					5D7C2D411E06EC0400BCEA41 = {
						CreatedOnToolsVersion = 8.2;
						DevelopmentTeam = Y47BY73NFN;
						ProvisioningStyle = Automatic;
						SystemCapabilities = {
							com.apple.BackgroundModes = {
								enabled = 1;
							};
							com.apple.Keychain = {
								enabled = 1;
							};
							com.apple.Push = {
								enabled = 1;
							};
							com.apple.Wallet = {
								enabled = 1;
							};
						};
					};
				};
			};
			buildConfigurationList = 5D7C2D3D1E06EC0400BCEA41 /* Build configuration list for PBXProject "hybrid" */;
			compatibilityVersion = "Xcode 3.2";
			developmentRegion = English;
			hasScannedForEncodings = 0;
			knownRegions = (
				en,
				Base,
			);
			mainGroup = 5D7C2D391E06EC0400BCEA41;
			productRefGroup = 5D7C2D431E06EC0400BCEA41 /* Products */;
			projectDirPath = "";
			projectRoot = "";
			targets = (
				5D7C2D411E06EC0400BCEA41 /* hybrid */,
			);
		};
/* End PBXProject section */

/* Begin PBXResourcesBuildPhase section */
		5D7C2D401E06EC0400BCEA41 /* Resources */ = {
			isa = PBXResourcesBuildPhase;
			buildActionMask = 2147483647;
			files = (
				5D7C2DEF1E06EE1E00BCEA41 /* Lato-Hairline.ttf in Resources */,
				5D7C2DF31E06EE1E00BCEA41 /* Montserrat-Regular.ttf in Resources */,
				5D7C2DF01E06EE1E00BCEA41 /* Lato-Light.ttf in Resources */,
				5D7C2D551E06EC0400BCEA41 /* LaunchScreen.storyboard in Resources */,
				5D7C2DF21E06EE1E00BCEA41 /* Montserrat-Bold.ttf in Resources */,
				5D7C2E351E09819A00BCEA41 /* InfoPlist.strings in Resources */,
				5D7C2DF41E06EE1E00BCEA41 /* Museo.otf in Resources */,
				5D7C2D521E06EC0400BCEA41 /* Assets.xcassets in Resources */,
				5D58D4821E3CFF45000334E3 /* NotificareTags.plist in Resources */,
				5D7C2DEE1E06EE1E00BCEA41 /* Arvo.ttf in Resources */,
				5D58D4811E3CFF45000334E3 /* NotificareManagedModels.bundle in Resources */,
				5D58D4801E3CFF45000334E3 /* Notificare.plist in Resources */,
				5D7C2DE31E06ED8000BCEA41 /* Configuration.plist in Resources */,
				5D7C2DF11E06EE1E00BCEA41 /* Lato-Regular.ttf in Resources */,
				5D7C2E241E0952B400BCEA41 /* customScripts.js in Resources */,
				5D7C2E331E097FD100BCEA41 /* Localizable.strings in Resources */,
				5D7C2D501E06EC0400BCEA41 /* Main.storyboard in Resources */,
				5D58D47E1E3CFF45000334E3 /* DefaultTheme.bundle in Resources */,
				5D7C2DF51E06EE1E00BCEA41 /* OleoScript.ttf in Resources */,
			);
			runOnlyForDeploymentPostprocessing = 0;
		};
/* End PBXResourcesBuildPhase section */

/* Begin PBXSourcesBuildPhase section */
		5D7C2D3E1E06EC0400BCEA41 /* Sources */ = {
			isa = PBXSourcesBuildPhase;
			buildActionMask = 2147483647;
			files = (
				5D7C2D4D1E06EC0400BCEA41 /* ViewController.m in Sources */,
				5D7C2D4A1E06EC0400BCEA41 /* AppDelegate.m in Sources */,
				5D7C2E381E09D31100BCEA41 /* NoInternetViewController.m in Sources */,
				5D7C2DE21E06ED8000BCEA41 /* Configuration.m in Sources */,
				5D7C2E311E097C4800BCEA41 /* SettingsViewController.m in Sources */,
				5D7C2E2E1E095B0200BCEA41 /* NSDate+TimeAgo.m in Sources */,
				5D7C2E221E087FAD00BCEA41 /* OnBoardingViewController.m in Sources */,
				5D7C2E2D1E095B0200BCEA41 /* GravatarHelper.m in Sources */,
				5D7C2D471E06EC0400BCEA41 /* main.m in Sources */,
				5D7C2E271E09597500BCEA41 /* InboxViewController.m in Sources */,
			);
			runOnlyForDeploymentPostprocessing = 0;
		};
/* End PBXSourcesBuildPhase section */

/* Begin PBXVariantGroup section */
		5D7C2D4E1E06EC0400BCEA41 /* Main.storyboard */ = {
			isa = PBXVariantGroup;
			children = (
				5D7C2D4F1E06EC0400BCEA41 /* Base */,
			);
			name = Main.storyboard;
			sourceTree = "<group>";
		};
		5D7C2D531E06EC0400BCEA41 /* LaunchScreen.storyboard */ = {
			isa = PBXVariantGroup;
			children = (
				5D7C2D541E06EC0400BCEA41 /* Base */,
			);
			name = LaunchScreen.storyboard;
			sourceTree = "<group>";
		};
/* End PBXVariantGroup section */

/* Begin XCBuildConfiguration section */
		5D7C2D571E06EC0400BCEA41 /* Debug */ = {
			isa = XCBuildConfiguration;
			buildSettings = {
				ALWAYS_SEARCH_USER_PATHS = NO;
				CLANG_ANALYZER_NONNULL = YES;
				CLANG_CXX_LANGUAGE_STANDARD = "gnu++0x";
				CLANG_CXX_LIBRARY = "libc++";
				CLANG_ENABLE_MODULES = YES;
				CLANG_ENABLE_OBJC_ARC = YES;
				CLANG_WARN_BOOL_CONVERSION = YES;
				CLANG_WARN_CONSTANT_CONVERSION = YES;
				CLANG_WARN_DIRECT_OBJC_ISA_USAGE = YES_ERROR;
				CLANG_WARN_DOCUMENTATION_COMMENTS = YES;
				CLANG_WARN_EMPTY_BODY = YES;
				CLANG_WARN_ENUM_CONVERSION = YES;
				CLANG_WARN_INFINITE_RECURSION = YES;
				CLANG_WARN_INT_CONVERSION = YES;
				CLANG_WARN_OBJC_ROOT_CLASS = YES_ERROR;
				CLANG_WARN_SUSPICIOUS_MOVE = YES;
				CLANG_WARN_UNREACHABLE_CODE = YES;
				CLANG_WARN__DUPLICATE_METHOD_MATCH = YES;
				"CODE_SIGN_IDENTITY[sdk=iphoneos*]" = "iPhone Developer";
				COPY_PHASE_STRIP = NO;
				DEBUG_INFORMATION_FORMAT = dwarf;
				ENABLE_STRICT_OBJC_MSGSEND = YES;
				ENABLE_TESTABILITY = YES;
				GCC_C_LANGUAGE_STANDARD = gnu99;
				GCC_DYNAMIC_NO_PIC = NO;
				GCC_NO_COMMON_BLOCKS = YES;
				GCC_OPTIMIZATION_LEVEL = 0;
				GCC_PREPROCESSOR_DEFINITIONS = (
					"DEBUG=1",
					"$(inherited)",
				);
				GCC_WARN_64_TO_32_BIT_CONVERSION = YES;
				GCC_WARN_ABOUT_RETURN_TYPE = YES_ERROR;
				GCC_WARN_UNDECLARED_SELECTOR = YES;
				GCC_WARN_UNINITIALIZED_AUTOS = YES_AGGRESSIVE;
				GCC_WARN_UNUSED_FUNCTION = YES;
				GCC_WARN_UNUSED_VARIABLE = YES;
				IPHONEOS_DEPLOYMENT_TARGET = 10.2;
				MTL_ENABLE_DEBUG_INFO = YES;
				ONLY_ACTIVE_ARCH = YES;
				SDKROOT = iphoneos;
				TARGETED_DEVICE_FAMILY = "1,2";
			};
			name = Debug;
		};
		5D7C2D581E06EC0400BCEA41 /* Release */ = {
			isa = XCBuildConfiguration;
			buildSettings = {
				ALWAYS_SEARCH_USER_PATHS = NO;
				CLANG_ANALYZER_NONNULL = YES;
				CLANG_CXX_LANGUAGE_STANDARD = "gnu++0x";
				CLANG_CXX_LIBRARY = "libc++";
				CLANG_ENABLE_MODULES = YES;
				CLANG_ENABLE_OBJC_ARC = YES;
				CLANG_WARN_BOOL_CONVERSION = YES;
				CLANG_WARN_CONSTANT_CONVERSION = YES;
				CLANG_WARN_DIRECT_OBJC_ISA_USAGE = YES_ERROR;
				CLANG_WARN_DOCUMENTATION_COMMENTS = YES;
				CLANG_WARN_EMPTY_BODY = YES;
				CLANG_WARN_ENUM_CONVERSION = YES;
				CLANG_WARN_INFINITE_RECURSION = YES;
				CLANG_WARN_INT_CONVERSION = YES;
				CLANG_WARN_OBJC_ROOT_CLASS = YES_ERROR;
				CLANG_WARN_SUSPICIOUS_MOVE = YES;
				CLANG_WARN_UNREACHABLE_CODE = YES;
				CLANG_WARN__DUPLICATE_METHOD_MATCH = YES;
				"CODE_SIGN_IDENTITY[sdk=iphoneos*]" = "iPhone Developer";
				COPY_PHASE_STRIP = NO;
				DEBUG_INFORMATION_FORMAT = "dwarf-with-dsym";
				ENABLE_NS_ASSERTIONS = NO;
				ENABLE_STRICT_OBJC_MSGSEND = YES;
				GCC_C_LANGUAGE_STANDARD = gnu99;
				GCC_NO_COMMON_BLOCKS = YES;
				GCC_WARN_64_TO_32_BIT_CONVERSION = YES;
				GCC_WARN_ABOUT_RETURN_TYPE = YES_ERROR;
				GCC_WARN_UNDECLARED_SELECTOR = YES;
				GCC_WARN_UNINITIALIZED_AUTOS = YES_AGGRESSIVE;
				GCC_WARN_UNUSED_FUNCTION = YES;
				GCC_WARN_UNUSED_VARIABLE = YES;
				IPHONEOS_DEPLOYMENT_TARGET = 10.2;
				MTL_ENABLE_DEBUG_INFO = NO;
				SDKROOT = iphoneos;
				TARGETED_DEVICE_FAMILY = "1,2";
				VALIDATE_PRODUCT = YES;
			};
			name = Release;
		};
		5D7C2D5A1E06EC0400BCEA41 /* Debug */ = {
			isa = XCBuildConfiguration;
			buildSettings = {
				ASSETCATALOG_COMPILER_APPICON_NAME = AppIcon;
				CODE_SIGN_ENTITLEMENTS = demo/hybrid.entitlements;
				"CODE_SIGN_IDENTITY[sdk=iphoneos*]" = "iPhone Developer";
				DEVELOPMENT_TEAM = Y47BY73NFN;
				INFOPLIST_FILE = demo/Info.plist;
				IPHONEOS_DEPLOYMENT_TARGET = 8.0;
				LD_RUNPATH_SEARCH_PATHS = "$(inherited) @executable_path/Frameworks";
				LIBRARY_SEARCH_PATHS = (
					"$(inherited)",
					"$(PROJECT_DIR)/demo/Libs/notificare-push-lib-1.9.5",
				);
				OTHER_LDFLAGS = "-all_load";
				PRODUCT_BUNDLE_IDENTIFIER = re.notifica.hybrid;
				PRODUCT_NAME = "$(TARGET_NAME)";
			};
			name = Debug;
		};
		5D7C2D5B1E06EC0400BCEA41 /* Release */ = {
			isa = XCBuildConfiguration;
			buildSettings = {
				ASSETCATALOG_COMPILER_APPICON_NAME = AppIcon;
				CODE_SIGN_ENTITLEMENTS = demo/hybrid.entitlements;
				"CODE_SIGN_IDENTITY[sdk=iphoneos*]" = "iPhone Developer";
				DEVELOPMENT_TEAM = Y47BY73NFN;
				INFOPLIST_FILE = demo/Info.plist;
				IPHONEOS_DEPLOYMENT_TARGET = 8.0;
				LD_RUNPATH_SEARCH_PATHS = "$(inherited) @executable_path/Frameworks";
				LIBRARY_SEARCH_PATHS = (
					"$(inherited)",
					"$(PROJECT_DIR)/demo/Libs/notificare-push-lib-1.9.5",
				);
				OTHER_LDFLAGS = "-all_load";
				PRODUCT_BUNDLE_IDENTIFIER = re.notifica.hybrid;
				PRODUCT_NAME = "$(TARGET_NAME)";
			};
			name = Release;
		};
/* End XCBuildConfiguration section */

/* Begin XCConfigurationList section */
		5D7C2D3D1E06EC0400BCEA41 /* Build configuration list for PBXProject "hybrid" */ = {
			isa = XCConfigurationList;
			buildConfigurations = (
				5D7C2D571E06EC0400BCEA41 /* Debug */,
				5D7C2D581E06EC0400BCEA41 /* Release */,
			);
			defaultConfigurationIsVisible = 0;
			defaultConfigurationName = Release;
		};
		5D7C2D591E06EC0400BCEA41 /* Build configuration list for PBXNativeTarget "hybrid" */ = {
			isa = XCConfigurationList;
			buildConfigurations = (
				5D7C2D5A1E06EC0400BCEA41 /* Debug */,
				5D7C2D5B1E06EC0400BCEA41 /* Release */,
			);
			defaultConfigurationIsVisible = 0;
			defaultConfigurationName = Release;
		};
/* End XCConfigurationList section */
	};
	rootObject = 5D7C2D3A1E06EC0400BCEA41 /* Project object */;
}
