// !$*UTF8*$!
{
	archiveVersion = 1;
	classes = {
	};
	objectVersion = 46;
	objects = {

/* Begin PBXBuildFile section */
		4002DFDC2021098700B04B3E /* locations.gpx in Resources */ = {isa = PBXBuildFile; fileRef = 4002DFDB2021098700B04B3E /* locations.gpx */; };
		40316E1526FBC70700692DB7 /* DefaultTheme.bundle in Resources */ = {isa = PBXBuildFile; fileRef = 40316DB026FBC70600692DB7 /* DefaultTheme.bundle */; };
		40316E1726FBC70700692DB7 /* Notificare.plist in Resources */ = {isa = PBXBuildFile; fileRef = 40316E1226FBC70700692DB7 /* Notificare.plist */; };
		40316E1826FBC70700692DB7 /* NotificareManagedModels.bundle in Resources */ = {isa = PBXBuildFile; fileRef = 40316E1326FBC70700692DB7 /* NotificareManagedModels.bundle */; };
		40316E1926FBC70700692DB7 /* libNotificarePushLib.a in Frameworks */ = {isa = PBXBuildFile; fileRef = 40316E1426FBC70700692DB7 /* libNotificarePushLib.a */; };
		40316E1A26FBC74700692DB7 /* libNotificarePushLib.a in Frameworks */ = {isa = PBXBuildFile; fileRef = 40316E1426FBC70700692DB7 /* libNotificarePushLib.a */; };
		40C71DE5203394C400DB4C22 /* Localizable.stringsdict in Resources */ = {isa = PBXBuildFile; fileRef = 40C71DE4203394C400DB4C22 /* Localizable.stringsdict */; };
		40E0E92324999C8B000B1FCD /* CoreServices.framework in Frameworks */ = {isa = PBXBuildFile; fileRef = 40E0E92224999C8B000B1FCD /* CoreServices.framework */; };
		40E0E92424999C9F000B1FCD /* CoreServices.framework in Frameworks */ = {isa = PBXBuildFile; fileRef = 40E0E92224999C8B000B1FCD /* CoreServices.framework */; };
		40EC512A243CB2170023FBF5 /* ProximaNovaBlack.otf in Resources */ = {isa = PBXBuildFile; fileRef = 40EC5129243CA1AA0023FBF5 /* ProximaNovaBlack.otf */; };
		40EC512B243CB21C0023FBF5 /* ProximaNovaBold.otf in Resources */ = {isa = PBXBuildFile; fileRef = 40EC5126243CA1AA0023FBF5 /* ProximaNovaBold.otf */; };
		40EC512C243CB21F0023FBF5 /* ProximaNovaExtrabold.otf in Resources */ = {isa = PBXBuildFile; fileRef = 40EC5128243CA1AA0023FBF5 /* ProximaNovaExtrabold.otf */; };
		40EC512D243CB2230023FBF5 /* ProximaNovaRegular.otf in Resources */ = {isa = PBXBuildFile; fileRef = 40EC5125243CA1AA0023FBF5 /* ProximaNovaRegular.otf */; };
		40EC512E243CB2270023FBF5 /* ProximaNovaThin.otf in Resources */ = {isa = PBXBuildFile; fileRef = 40EC5127243CA1AA0023FBF5 /* ProximaNovaThin.otf */; };
		40F2F10120DC29590090F406 /* Contacts.framework in Frameworks */ = {isa = PBXBuildFile; fileRef = 40F2F10020DC29580090F406 /* Contacts.framework */; };
		5D1042B01F1409B2000A65A1 /* WebKit.framework in Frameworks */ = {isa = PBXBuildFile; fileRef = 5D1042AF1F1409B2000A65A1 /* WebKit.framework */; };
		5D58D4911E3E21B1000334E3 /* RegionsViewController.m in Sources */ = {isa = PBXBuildFile; fileRef = 5D58D4901E3E21B1000334E3 /* RegionsViewController.m */; };
		5D58D4941E3E2240000334E3 /* ResetPasswordViewController.m in Sources */ = {isa = PBXBuildFile; fileRef = 5D58D4931E3E2240000334E3 /* ResetPasswordViewController.m */; };
		5D58D4971E3E228A000334E3 /* SignUpViewController.m in Sources */ = {isa = PBXBuildFile; fileRef = 5D58D4961E3E228A000334E3 /* SignUpViewController.m */; };
		5D58D49A1E3E3DA8000334E3 /* RegionsMarker.m in Sources */ = {isa = PBXBuildFile; fileRef = 5D58D4991E3E3DA8000334E3 /* RegionsMarker.m */; };
		5D58D5341E3EBA75000334E3 /* NotificationService.m in Sources */ = {isa = PBXBuildFile; fileRef = 5D58D5331E3EBA75000334E3 /* NotificationService.m */; };
		5D58D5381E3EBA75000334E3 /* notification.appex in Embed App Extensions */ = {isa = PBXBuildFile; fileRef = 5D58D5301E3EBA75000334E3 /* notification.appex */; settings = {ATTRIBUTES = (RemoveHeadersOnCopy, ); }; };
		5D58D53D1E3EBAC7000334E3 /* CoreLocation.framework in Frameworks */ = {isa = PBXBuildFile; fileRef = 5D7C2DFA1E07326E00BCEA41 /* CoreLocation.framework */; };
		5D58D53E1E3EBACD000334E3 /* CoreData.framework in Frameworks */ = {isa = PBXBuildFile; fileRef = 5D7C2DFC1E07327400BCEA41 /* CoreData.framework */; };
		5D58D53F1E3EBAD3000334E3 /* UserNotifications.framework in Frameworks */ = {isa = PBXBuildFile; fileRef = 5D7C2DFE1E07327B00BCEA41 /* UserNotifications.framework */; };
		5D58D5411E3EBADE000334E3 /* MessageUI.framework in Frameworks */ = {isa = PBXBuildFile; fileRef = 5D7C2E021E07328800BCEA41 /* MessageUI.framework */; };
		5D58D5421E3EBAE4000334E3 /* libicucore.tbd in Frameworks */ = {isa = PBXBuildFile; fileRef = 5D7C2E041E07329100BCEA41 /* libicucore.tbd */; };
		5D58D5431E3EBAEB000334E3 /* UIKit.framework in Frameworks */ = {isa = PBXBuildFile; fileRef = 5D7C2E061E07329800BCEA41 /* UIKit.framework */; };
		5D58D5441E3EBAF1000334E3 /* Foundation.framework in Frameworks */ = {isa = PBXBuildFile; fileRef = 5D7C2E081E07329E00BCEA41 /* Foundation.framework */; };
		5D58D5451E3EBAF6000334E3 /* CoreGraphics.framework in Frameworks */ = {isa = PBXBuildFile; fileRef = 5D7C2E0A1E0732A400BCEA41 /* CoreGraphics.framework */; };
		5D58D5461E3EBAFB000334E3 /* PassKit.framework in Frameworks */ = {isa = PBXBuildFile; fileRef = 5D7C2DF81E07307600BCEA41 /* PassKit.framework */; settings = {ATTRIBUTES = (Weak, ); }; };
		5D58D5471E3EBB01000334E3 /* MapKit.framework in Frameworks */ = {isa = PBXBuildFile; fileRef = 5D7C2E0C1E0732AA00BCEA41 /* MapKit.framework */; };
		5D58D5481E3EBB07000334E3 /* SystemConfiguration.framework in Frameworks */ = {isa = PBXBuildFile; fileRef = 5D7C2E0E1E0732B100BCEA41 /* SystemConfiguration.framework */; };
		5D58D5491E3EBB0C000334E3 /* Security.framework in Frameworks */ = {isa = PBXBuildFile; fileRef = 5D7C2E101E0732B700BCEA41 /* Security.framework */; };
		5D58D54A1E3EBB12000334E3 /* CFNetwork.framework in Frameworks */ = {isa = PBXBuildFile; fileRef = 5D7C2E121E0732BD00BCEA41 /* CFNetwork.framework */; };
		5D58D54B1E3EBB1A000334E3 /* ImageIO.framework in Frameworks */ = {isa = PBXBuildFile; fileRef = 5D7C2E141E0732C300BCEA41 /* ImageIO.framework */; };
		5D58D54C1E3EBB1F000334E3 /* StoreKit.framework in Frameworks */ = {isa = PBXBuildFile; fileRef = 5D7C2E161E0732C800BCEA41 /* StoreKit.framework */; };
		5D58D54D1E3EBB26000334E3 /* SafariServices.framework in Frameworks */ = {isa = PBXBuildFile; fileRef = 5D7C2E181E0732CE00BCEA41 /* SafariServices.framework */; };
		5D58D5511E3F5A96000334E3 /* SignInViewController.m in Sources */ = {isa = PBXBuildFile; fileRef = 5D58D5501E3F5A96000334E3 /* SignInViewController.m */; };
		5D58D5541E3F5CEB000334E3 /* ProfileViewController.m in Sources */ = {isa = PBXBuildFile; fileRef = 5D58D5531E3F5CEB000334E3 /* ProfileViewController.m */; };
		5D5CCB041E40D70F000D9B0B /* FormButton.m in Sources */ = {isa = PBXBuildFile; fileRef = 5D5CCB031E40D70F000D9B0B /* FormButton.m */; };
		5D5CCB071E40E7F6000D9B0B /* LostPasswordViewController.m in Sources */ = {isa = PBXBuildFile; fileRef = 5D5CCB061E40E7F6000D9B0B /* LostPasswordViewController.m */; };
		5D5CCB111E415A9A000D9B0B /* PreferencesViewController.m in Sources */ = {isa = PBXBuildFile; fileRef = 5D5CCB101E415A9A000D9B0B /* PreferencesViewController.m */; };
		5D5CCB5F1E427959000D9B0B /* AssetsViewController.m in Sources */ = {isa = PBXBuildFile; fileRef = 5D5CCB5E1E427959000D9B0B /* AssetsViewController.m */; };
		5D7C2D471E06EC0400BCEA41 /* main.m in Sources */ = {isa = PBXBuildFile; fileRef = 5D7C2D461E06EC0400BCEA41 /* main.m */; };
		5D7C2D4A1E06EC0400BCEA41 /* AppDelegate.m in Sources */ = {isa = PBXBuildFile; fileRef = 5D7C2D491E06EC0400BCEA41 /* AppDelegate.m */; };
		5D7C2D4D1E06EC0400BCEA41 /* ViewController.m in Sources */ = {isa = PBXBuildFile; fileRef = 5D7C2D4C1E06EC0400BCEA41 /* ViewController.m */; };
		5D7C2D501E06EC0400BCEA41 /* Main.storyboard in Resources */ = {isa = PBXBuildFile; fileRef = 5D7C2D4E1E06EC0400BCEA41 /* Main.storyboard */; };
		5D7C2D521E06EC0400BCEA41 /* Assets.xcassets in Resources */ = {isa = PBXBuildFile; fileRef = 5D7C2D511E06EC0400BCEA41 /* Assets.xcassets */; };
		5D7C2D551E06EC0400BCEA41 /* LaunchScreen.storyboard in Resources */ = {isa = PBXBuildFile; fileRef = 5D7C2D531E06EC0400BCEA41 /* LaunchScreen.storyboard */; };
		5D7C2DE21E06ED8000BCEA41 /* Configuration.m in Sources */ = {isa = PBXBuildFile; fileRef = 5D7C2DDF1E06ED8000BCEA41 /* Configuration.m */; };
		5D7C2DEE1E06EE1E00BCEA41 /* Arvo.ttf in Resources */ = {isa = PBXBuildFile; fileRef = 5D7C2DE61E06EE1E00BCEA41 /* Arvo.ttf */; };
		5D7C2DEF1E06EE1E00BCEA41 /* Lato-Hairline.ttf in Resources */ = {isa = PBXBuildFile; fileRef = 5D7C2DE71E06EE1E00BCEA41 /* Lato-Hairline.ttf */; };
		5D7C2DF01E06EE1E00BCEA41 /* Lato-Light.ttf in Resources */ = {isa = PBXBuildFile; fileRef = 5D7C2DE81E06EE1E00BCEA41 /* Lato-Light.ttf */; };
		5D7C2DF11E06EE1E00BCEA41 /* Lato-Regular.ttf in Resources */ = {isa = PBXBuildFile; fileRef = 5D7C2DE91E06EE1E00BCEA41 /* Lato-Regular.ttf */; };
		5D7C2DF21E06EE1E00BCEA41 /* Montserrat-Bold.ttf in Resources */ = {isa = PBXBuildFile; fileRef = 5D7C2DEA1E06EE1E00BCEA41 /* Montserrat-Bold.ttf */; };
		5D7C2DF31E06EE1E00BCEA41 /* Montserrat-Regular.ttf in Resources */ = {isa = PBXBuildFile; fileRef = 5D7C2DEB1E06EE1E00BCEA41 /* Montserrat-Regular.ttf */; };
		5D7C2DF41E06EE1E00BCEA41 /* Museo.otf in Resources */ = {isa = PBXBuildFile; fileRef = 5D7C2DEC1E06EE1E00BCEA41 /* Museo.otf */; };
		5D7C2DF51E06EE1E00BCEA41 /* OleoScript.ttf in Resources */ = {isa = PBXBuildFile; fileRef = 5D7C2DED1E06EE1E00BCEA41 /* OleoScript.ttf */; };
		5D7C2DF91E07307600BCEA41 /* PassKit.framework in Frameworks */ = {isa = PBXBuildFile; fileRef = 5D7C2DF81E07307600BCEA41 /* PassKit.framework */; settings = {ATTRIBUTES = (Weak, ); }; };
		5D7C2DFB1E07326E00BCEA41 /* CoreLocation.framework in Frameworks */ = {isa = PBXBuildFile; fileRef = 5D7C2DFA1E07326E00BCEA41 /* CoreLocation.framework */; };
		5D7C2DFD1E07327400BCEA41 /* CoreData.framework in Frameworks */ = {isa = PBXBuildFile; fileRef = 5D7C2DFC1E07327400BCEA41 /* CoreData.framework */; };
		5D7C2DFF1E07327B00BCEA41 /* UserNotifications.framework in Frameworks */ = {isa = PBXBuildFile; fileRef = 5D7C2DFE1E07327B00BCEA41 /* UserNotifications.framework */; settings = {ATTRIBUTES = (Weak, ); }; };
		5D7C2E031E07328800BCEA41 /* MessageUI.framework in Frameworks */ = {isa = PBXBuildFile; fileRef = 5D7C2E021E07328800BCEA41 /* MessageUI.framework */; };
		5D7C2E051E07329100BCEA41 /* libicucore.tbd in Frameworks */ = {isa = PBXBuildFile; fileRef = 5D7C2E041E07329100BCEA41 /* libicucore.tbd */; };
		5D7C2E071E07329800BCEA41 /* UIKit.framework in Frameworks */ = {isa = PBXBuildFile; fileRef = 5D7C2E061E07329800BCEA41 /* UIKit.framework */; };
		5D7C2E091E07329E00BCEA41 /* Foundation.framework in Frameworks */ = {isa = PBXBuildFile; fileRef = 5D7C2E081E07329E00BCEA41 /* Foundation.framework */; };
		5D7C2E0B1E0732A400BCEA41 /* CoreGraphics.framework in Frameworks */ = {isa = PBXBuildFile; fileRef = 5D7C2E0A1E0732A400BCEA41 /* CoreGraphics.framework */; };
		5D7C2E0D1E0732AA00BCEA41 /* MapKit.framework in Frameworks */ = {isa = PBXBuildFile; fileRef = 5D7C2E0C1E0732AA00BCEA41 /* MapKit.framework */; };
		5D7C2E0F1E0732B100BCEA41 /* SystemConfiguration.framework in Frameworks */ = {isa = PBXBuildFile; fileRef = 5D7C2E0E1E0732B100BCEA41 /* SystemConfiguration.framework */; };
		5D7C2E111E0732B700BCEA41 /* Security.framework in Frameworks */ = {isa = PBXBuildFile; fileRef = 5D7C2E101E0732B700BCEA41 /* Security.framework */; };
		5D7C2E131E0732BD00BCEA41 /* CFNetwork.framework in Frameworks */ = {isa = PBXBuildFile; fileRef = 5D7C2E121E0732BD00BCEA41 /* CFNetwork.framework */; };
		5D7C2E151E0732C300BCEA41 /* ImageIO.framework in Frameworks */ = {isa = PBXBuildFile; fileRef = 5D7C2E141E0732C300BCEA41 /* ImageIO.framework */; };
		5D7C2E171E0732C800BCEA41 /* StoreKit.framework in Frameworks */ = {isa = PBXBuildFile; fileRef = 5D7C2E161E0732C800BCEA41 /* StoreKit.framework */; };
		5D7C2E191E0732CE00BCEA41 /* SafariServices.framework in Frameworks */ = {isa = PBXBuildFile; fileRef = 5D7C2E181E0732CE00BCEA41 /* SafariServices.framework */; };
		5D7C2E221E087FAD00BCEA41 /* OnBoardingViewController.m in Sources */ = {isa = PBXBuildFile; fileRef = 5D7C2E211E087FAD00BCEA41 /* OnBoardingViewController.m */; };
		5D7C2E271E09597500BCEA41 /* InboxViewController.m in Sources */ = {isa = PBXBuildFile; fileRef = 5D7C2E261E09597500BCEA41 /* InboxViewController.m */; };
		5D7C2E2D1E095B0200BCEA41 /* GravatarHelper.m in Sources */ = {isa = PBXBuildFile; fileRef = 5D7C2E2A1E095B0200BCEA41 /* GravatarHelper.m */; };
		5D7C2E311E097C4800BCEA41 /* SettingsViewController.m in Sources */ = {isa = PBXBuildFile; fileRef = 5D7C2E301E097C4800BCEA41 /* SettingsViewController.m */; };
		5D7C2E331E097FD100BCEA41 /* Localizable.strings in Resources */ = {isa = PBXBuildFile; fileRef = 5D7C2E321E097FD100BCEA41 /* Localizable.strings */; };
		5D7C2E351E09819A00BCEA41 /* InfoPlist.strings in Resources */ = {isa = PBXBuildFile; fileRef = 5D7C2E341E09819A00BCEA41 /* InfoPlist.strings */; };
		5D7C2E381E09D31100BCEA41 /* NoInternetViewController.m in Sources */ = {isa = PBXBuildFile; fileRef = 5D7C2E371E09D31100BCEA41 /* NoInternetViewController.m */; };
		5D7CF2E11E52947E00589FF9 /* BeaconsViewController.m in Sources */ = {isa = PBXBuildFile; fileRef = 5D7CF2E01E52947E00589FF9 /* BeaconsViewController.m */; };
		5D81EB861F705C93005C2CE9 /* CoreNFC.framework in Frameworks */ = {isa = PBXBuildFile; fileRef = 5D81EB851F705C93005C2CE9 /* CoreNFC.framework */; settings = {ATTRIBUTES = (Weak, ); }; };
		5D81EB881F705C99005C2CE9 /* AVFoundation.framework in Frameworks */ = {isa = PBXBuildFile; fileRef = 5D81EB871F705C99005C2CE9 /* AVFoundation.framework */; };
		5D81EB8A1F705CC5005C2CE9 /* CoreNFC.framework in Frameworks */ = {isa = PBXBuildFile; fileRef = 5D81EB851F705C93005C2CE9 /* CoreNFC.framework */; settings = {ATTRIBUTES = (Weak, ); }; };
		5D81EB8B1F705CCB005C2CE9 /* AVFoundation.framework in Frameworks */ = {isa = PBXBuildFile; fileRef = 5D81EB871F705C99005C2CE9 /* AVFoundation.framework */; };
/* End PBXBuildFile section */

/* Begin PBXContainerItemProxy section */
		5D58D5361E3EBA75000334E3 /* PBXContainerItemProxy */ = {
			isa = PBXContainerItemProxy;
			containerPortal = 5D7C2D3A1E06EC0400BCEA41 /* Project object */;
			proxyType = 1;
			remoteGlobalIDString = 5D58D52F1E3EBA75000334E3;
			remoteInfo = notification;
		};
/* End PBXContainerItemProxy section */

/* Begin PBXCopyFilesBuildPhase section */
		5D58D53C1E3EBA75000334E3 /* Embed App Extensions */ = {
			isa = PBXCopyFilesBuildPhase;
			buildActionMask = 2147483647;
			dstPath = "";
			dstSubfolderSpec = 13;
			files = (
				5D58D5381E3EBA75000334E3 /* notification.appex in Embed App Extensions */,
			);
			name = "Embed App Extensions";
			runOnlyForDeploymentPostprocessing = 0;
		};
/* End PBXCopyFilesBuildPhase section */

/* Begin PBXFileReference section */
		4002DFDB2021098700B04B3E /* locations.gpx */ = {isa = PBXFileReference; fileEncoding = 4; lastKnownFileType = text.xml; name = locations.gpx; path = demo/locations.gpx; sourceTree = "<group>"; };
		40316DB026FBC70600692DB7 /* DefaultTheme.bundle */ = {isa = PBXFileReference; lastKnownFileType = "wrapper.plug-in"; path = DefaultTheme.bundle; sourceTree = "<group>"; };
		40316DB226FBC70600692DB7 /* NotificareMap.h */ = {isa = PBXFileReference; fileEncoding = 4; lastKnownFileType = sourcecode.c.h; path = NotificareMap.h; sourceTree = "<group>"; };
		40316DB326FBC70600692DB7 /* NSData+Hex.h */ = {isa = PBXFileReference; fileEncoding = 4; lastKnownFileType = sourcecode.c.h; path = "NSData+Hex.h"; sourceTree = "<group>"; };
		40316DB426FBC70600692DB7 /* NotificareVideo.h */ = {isa = PBXFileReference; fileEncoding = 4; lastKnownFileType = sourcecode.c.h; path = NotificareVideo.h; sourceTree = "<group>"; };
		40316DB526FBC70600692DB7 /* NotificareWebView.h */ = {isa = PBXFileReference; fileEncoding = 4; lastKnownFileType = sourcecode.c.h; path = NotificareWebView.h; sourceTree = "<group>"; };
		40316DB626FBC70600692DB7 /* NotificareSMS.h */ = {isa = PBXFileReference; fileEncoding = 4; lastKnownFileType = sourcecode.c.h; path = NotificareSMS.h; sourceTree = "<group>"; };
		40316DB726FBC70600692DB7 /* NotificareApplication.h */ = {isa = PBXFileReference; fileEncoding = 4; lastKnownFileType = sourcecode.c.h; path = NotificareApplication.h; sourceTree = "<group>"; };
		40316DB826FBC70600692DB7 /* NotificareNXOAuth2Request.h */ = {isa = PBXFileReference; fileEncoding = 4; lastKnownFileType = sourcecode.c.h; path = NotificareNXOAuth2Request.h; sourceTree = "<group>"; };
		40316DB926FBC70600692DB7 /* NotificareCallback.h */ = {isa = PBXFileReference; fileEncoding = 4; lastKnownFileType = sourcecode.c.h; path = NotificareCallback.h; sourceTree = "<group>"; };
		40316DBA26FBC70600692DB7 /* NotificareBrowser.h */ = {isa = PBXFileReference; fileEncoding = 4; lastKnownFileType = sourcecode.c.h; path = NotificareBrowser.h; sourceTree = "<group>"; };
		40316DBB26FBC70600692DB7 /* NSString+Utils.h */ = {isa = PBXFileReference; fileEncoding = 4; lastKnownFileType = sourcecode.c.h; path = "NSString+Utils.h"; sourceTree = "<group>"; };
		40316DBC26FBC70600692DB7 /* SKProduct+priceAsString.h */ = {isa = PBXFileReference; fileEncoding = 4; lastKnownFileType = sourcecode.c.h; path = "SKProduct+priceAsString.h"; sourceTree = "<group>"; };
		40316DBD26FBC70600692DB7 /* NotificareNXOAuth2AccountStore.h */ = {isa = PBXFileReference; fileEncoding = 4; lastKnownFileType = sourcecode.c.h; path = NotificareNXOAuth2AccountStore.h; sourceTree = "<group>"; };
		40316DBE26FBC70600692DB7 /* NSURL+NotificareNXOAuth2.h */ = {isa = PBXFileReference; fileEncoding = 4; lastKnownFileType = sourcecode.c.h; path = "NSURL+NotificareNXOAuth2.h"; sourceTree = "<group>"; };
		40316DBF26FBC70600692DB7 /* NotificareAttachment.h */ = {isa = PBXFileReference; fileEncoding = 4; lastKnownFileType = sourcecode.c.h; path = NotificareAttachment.h; sourceTree = "<group>"; };
		40316DC026FBC70600692DB7 /* NSDate+TimeAgo.h */ = {isa = PBXFileReference; fileEncoding = 4; lastKnownFileType = sourcecode.c.h; path = "NSDate+TimeAgo.h"; sourceTree = "<group>"; };
		40316DC126FBC70600692DB7 /* NotificareNXOAuth2ConnectionDelegate.h */ = {isa = PBXFileReference; fileEncoding = 4; lastKnownFileType = sourcecode.c.h; path = NotificareNXOAuth2ConnectionDelegate.h; sourceTree = "<group>"; };
		40316DC226FBC70600692DB7 /* NotificareLocation.h */ = {isa = PBXFileReference; fileEncoding = 4; lastKnownFileType = sourcecode.c.h; path = NotificareLocation.h; sourceTree = "<group>"; };
		40316DC326FBC70600692DB7 /* NotificareStorage.h */ = {isa = PBXFileReference; fileEncoding = 4; lastKnownFileType = sourcecode.c.h; path = NotificareStorage.h; sourceTree = "<group>"; };
		40316DC426FBC70600692DB7 /* NotificareNXOAuth2ClientDelegate.h */ = {isa = PBXFileReference; fileEncoding = 4; lastKnownFileType = sourcecode.c.h; path = NotificareNXOAuth2ClientDelegate.h; sourceTree = "<group>"; };
		40316DC526FBC70600692DB7 /* NotificareURLScheme.h */ = {isa = PBXFileReference; fileEncoding = 4; lastKnownFileType = sourcecode.c.h; path = NotificareURLScheme.h; sourceTree = "<group>"; };
		40316DC626FBC70600692DB7 /* NotificareDeviceManager.h */ = {isa = PBXFileReference; fileEncoding = 4; lastKnownFileType = sourcecode.c.h; path = NotificareDeviceManager.h; sourceTree = "<group>"; };
		40316DC726FBC70600692DB7 /* UIImage+FromBundle.h */ = {isa = PBXFileReference; fileEncoding = 4; lastKnownFileType = sourcecode.c.h; path = "UIImage+FromBundle.h"; sourceTree = "<group>"; };
		40316DC826FBC70600692DB7 /* NotificareImage.h */ = {isa = PBXFileReference; fileEncoding = 4; lastKnownFileType = sourcecode.c.h; path = NotificareImage.h; sourceTree = "<group>"; };
		40316DC926FBC70600692DB7 /* NotificareNXOAuth2TrustDelegate.h */ = {isa = PBXFileReference; fileEncoding = 4; lastKnownFileType = sourcecode.c.h; path = NotificareNXOAuth2TrustDelegate.h; sourceTree = "<group>"; };
		40316DCA26FBC70600692DB7 /* NotificareTelephone.h */ = {isa = PBXFileReference; fileEncoding = 4; lastKnownFileType = sourcecode.c.h; path = NotificareTelephone.h; sourceTree = "<group>"; };
		40316DCB26FBC70600692DB7 /* NotificareEventLogger.h */ = {isa = PBXFileReference; fileEncoding = 4; lastKnownFileType = sourcecode.c.h; path = NotificareEventLogger.h; sourceTree = "<group>"; };
		40316DCC26FBC70600692DB7 /* NotificareAlert.h */ = {isa = PBXFileReference; fileEncoding = 4; lastKnownFileType = sourcecode.c.h; path = NotificareAlert.h; sourceTree = "<group>"; };
		40316DCD26FBC70600692DB7 /* NotificareStore.h */ = {isa = PBXFileReference; fileEncoding = 4; lastKnownFileType = sourcecode.c.h; path = NotificareStore.h; sourceTree = "<group>"; };
		40316DCE26FBC70600692DB7 /* NotificareApp.h */ = {isa = PBXFileReference; fileEncoding = 4; lastKnownFileType = sourcecode.c.h; path = NotificareApp.h; sourceTree = "<group>"; };
		40316DCF26FBC70600692DB7 /* ActionDelegate.h */ = {isa = PBXFileReference; fileEncoding = 4; lastKnownFileType = sourcecode.c.h; path = ActionDelegate.h; sourceTree = "<group>"; };
		40316DD026FBC70600692DB7 /* NotificareNXOAuth2Constants.h */ = {isa = PBXFileReference; fileEncoding = 4; lastKnownFileType = sourcecode.c.h; path = NotificareNXOAuth2Constants.h; sourceTree = "<group>"; };
		40316DD126FBC70600692DB7 /* NotificareNXOAuth2.h */ = {isa = PBXFileReference; fileEncoding = 4; lastKnownFileType = sourcecode.c.h; path = NotificareNXOAuth2.h; sourceTree = "<group>"; };
		40316DD226FBC70600692DB7 /* NSString+FromBundle.h */ = {isa = PBXFileReference; fileEncoding = 4; lastKnownFileType = sourcecode.c.h; path = "NSString+FromBundle.h"; sourceTree = "<group>"; };
		40316DD326FBC70600692DB7 /* NotificareSystemNotification.h */ = {isa = PBXFileReference; fileEncoding = 4; lastKnownFileType = sourcecode.c.h; path = NotificareSystemNotification.h; sourceTree = "<group>"; };
		40316DD426FBC70600692DB7 /* NotificareAppDelegateSurrogate.h */ = {isa = PBXFileReference; fileEncoding = 4; lastKnownFileType = sourcecode.c.h; path = NotificareAppDelegateSurrogate.h; sourceTree = "<group>"; };
		40316DD526FBC70600692DB7 /* NotificareNetworkHost.h */ = {isa = PBXFileReference; fileEncoding = 4; lastKnownFileType = sourcecode.c.h; path = NotificareNetworkHost.h; sourceTree = "<group>"; };
		40316DD626FBC70600692DB7 /* NotificareNXOAuth2FileStreamWrapper.h */ = {isa = PBXFileReference; fileEncoding = 4; lastKnownFileType = sourcecode.c.h; path = NotificareNXOAuth2FileStreamWrapper.h; sourceTree = "<group>"; };
		40316DD726FBC70600692DB7 /* NotificareAsset.h */ = {isa = PBXFileReference; fileEncoding = 4; lastKnownFileType = sourcecode.c.h; path = NotificareAsset.h; sourceTree = "<group>"; };
		40316DD826FBC70600692DB7 /* NotificareRegion.h */ = {isa = PBXFileReference; fileEncoding = 4; lastKnownFileType = sourcecode.c.h; path = NotificareRegion.h; sourceTree = "<group>"; };
		40316DD926FBC70600692DB7 /* NotificareNetworkOperation.h */ = {isa = PBXFileReference; fileEncoding = 4; lastKnownFileType = sourcecode.c.h; path = NotificareNetworkOperation.h; sourceTree = "<group>"; };
		40316DDA26FBC70600692DB7 /* NSString+NotificareNXOAuth2.h */ = {isa = PBXFileReference; fileEncoding = 4; lastKnownFileType = sourcecode.c.h; path = "NSString+NotificareNXOAuth2.h"; sourceTree = "<group>"; };
		40316DDB26FBC70600692DB7 /* NotificareNXOAuth2Client.h */ = {isa = PBXFileReference; fileEncoding = 4; lastKnownFileType = sourcecode.c.h; path = NotificareNXOAuth2Client.h; sourceTree = "<group>"; };
		40316DDC26FBC70600692DB7 /* NotificareNetworkReachability.h */ = {isa = PBXFileReference; fileEncoding = 4; lastKnownFileType = sourcecode.c.h; path = NotificareNetworkReachability.h; sourceTree = "<group>"; };
		40316DDD26FBC70600692DB7 /* NotificareNone.h */ = {isa = PBXFileReference; fileEncoding = 4; lastKnownFileType = sourcecode.c.h; path = NotificareNone.h; sourceTree = "<group>"; };
		40316DDE26FBC70600692DB7 /* NotificareManagedDeviceInbox.h */ = {isa = PBXFileReference; fileEncoding = 4; lastKnownFileType = sourcecode.c.h; path = NotificareManagedDeviceInbox.h; sourceTree = "<group>"; };
		40316DDF26FBC70600692DB7 /* NotificareNXOAuth2PostBodyPart.h */ = {isa = PBXFileReference; fileEncoding = 4; lastKnownFileType = sourcecode.c.h; path = NotificareNXOAuth2PostBodyPart.h; sourceTree = "<group>"; };
		40316DE026FBC70600692DB7 /* NotificarePush.h */ = {isa = PBXFileReference; fileEncoding = 4; lastKnownFileType = sourcecode.c.h; path = NotificarePush.h; sourceTree = "<group>"; };
		40316DE126FBC70600692DB7 /* ActionType.h */ = {isa = PBXFileReference; fileEncoding = 4; lastKnownFileType = sourcecode.c.h; path = ActionType.h; sourceTree = "<group>"; };
		40316DE226FBC70600692DB7 /* NotificareScannables.h */ = {isa = PBXFileReference; fileEncoding = 4; lastKnownFileType = sourcecode.c.h; path = NotificareScannables.h; sourceTree = "<group>"; };
		40316DE326FBC70600692DB7 /* NotificareNXOAuth2PostBodyStream.h */ = {isa = PBXFileReference; fileEncoding = 4; lastKnownFileType = sourcecode.c.h; path = NotificareNXOAuth2PostBodyStream.h; sourceTree = "<group>"; };
		40316DE426FBC70600692DB7 /* NotificarePushLib.h */ = {isa = PBXFileReference; fileEncoding = 4; lastKnownFileType = sourcecode.c.h; path = NotificarePushLib.h; sourceTree = "<group>"; };
		40316DE526FBC70600692DB7 /* NotificareNXOAuth2Account.h */ = {isa = PBXFileReference; fileEncoding = 4; lastKnownFileType = sourcecode.c.h; path = NotificareNXOAuth2Account.h; sourceTree = "<group>"; };
		40316DE626FBC70600692DB7 /* NotificareBeacon.h */ = {isa = PBXFileReference; fileEncoding = 4; lastKnownFileType = sourcecode.c.h; path = NotificareBeacon.h; sourceTree = "<group>"; };
		40316DE726FBC70600692DB7 /* NotificareContent.h */ = {isa = PBXFileReference; fileEncoding = 4; lastKnownFileType = sourcecode.c.h; path = NotificareContent.h; sourceTree = "<group>"; };
		40316DE826FBC70600692DB7 /* NotificareDevice.h */ = {isa = PBXFileReference; fileEncoding = 4; lastKnownFileType = sourcecode.c.h; path = NotificareDevice.h; sourceTree = "<group>"; };
		40316DE926FBC70600692DB7 /* NotificareLoyalty.h */ = {isa = PBXFileReference; fileEncoding = 4; lastKnownFileType = sourcecode.c.h; path = NotificareLoyalty.h; sourceTree = "<group>"; };
		40316DEA26FBC70600692DB7 /* NotificareNXOAuth2Account+Private.h */ = {isa = PBXFileReference; fileEncoding = 4; lastKnownFileType = sourcecode.c.h; path = "NotificareNXOAuth2Account+Private.h"; sourceTree = "<group>"; };
		40316DEB26FBC70600692DB7 /* NotificareInboxManager.h */ = {isa = PBXFileReference; fileEncoding = 4; lastKnownFileType = sourcecode.c.h; path = NotificareInboxManager.h; sourceTree = "<group>"; };
		40316DEC26FBC70600692DB7 /* UIColor+Hex.h */ = {isa = PBXFileReference; fileEncoding = 4; lastKnownFileType = sourcecode.c.h; path = "UIColor+Hex.h"; sourceTree = "<group>"; };
		40316DED26FBC70600692DB7 /* NotificationDelegate.h */ = {isa = PBXFileReference; fileEncoding = 4; lastKnownFileType = sourcecode.c.h; path = NotificationDelegate.h; sourceTree = "<group>"; };
		40316DEE26FBC70600692DB7 /* NotificareURL.h */ = {isa = PBXFileReference; fileEncoding = 4; lastKnownFileType = sourcecode.c.h; path = NotificareURL.h; sourceTree = "<group>"; };
		40316DEF26FBC70600692DB7 /* NotificareActions.h */ = {isa = PBXFileReference; fileEncoding = 4; lastKnownFileType = sourcecode.c.h; path = NotificareActions.h; sourceTree = "<group>"; };
		40316DF026FBC70600692DB7 /* NotificareCustom.h */ = {isa = PBXFileReference; fileEncoding = 4; lastKnownFileType = sourcecode.c.h; path = NotificareCustom.h; sourceTree = "<group>"; };
		40316DF126FBC70600692DB7 /* NotificareProduct.h */ = {isa = PBXFileReference; fileEncoding = 4; lastKnownFileType = sourcecode.c.h; path = NotificareProduct.h; sourceTree = "<group>"; };
		40316DF226FBC70600692DB7 /* NotificareDefinitions.h */ = {isa = PBXFileReference; fileEncoding = 4; lastKnownFileType = sourcecode.c.h; path = NotificareDefinitions.h; sourceTree = "<group>"; };
		40316DF326FBC70600692DB7 /* NotificareHeading.h */ = {isa = PBXFileReference; fileEncoding = 4; lastKnownFileType = sourcecode.c.h; path = NotificareHeading.h; sourceTree = "<group>"; };
		40316DF426FBC70600692DB7 /* NotificareSegment.h */ = {isa = PBXFileReference; fileEncoding = 4; lastKnownFileType = sourcecode.c.h; path = NotificareSegment.h; sourceTree = "<group>"; };
		40316DF526FBC70600692DB7 /* NotificareScannable.h */ = {isa = PBXFileReference; fileEncoding = 4; lastKnownFileType = sourcecode.c.h; path = NotificareScannable.h; sourceTree = "<group>"; };
		40316DF626FBC70600692DB7 /* NotificareGeo.h */ = {isa = PBXFileReference; fileEncoding = 4; lastKnownFileType = sourcecode.c.h; path = NotificareGeo.h; sourceTree = "<group>"; };
		40316DF726FBC70600692DB7 /* NotificareNetworkWrapper.h */ = {isa = PBXFileReference; fileEncoding = 4; lastKnownFileType = sourcecode.c.h; path = NotificareNetworkWrapper.h; sourceTree = "<group>"; };
		40316DF826FBC70700692DB7 /* NotificareUserData.h */ = {isa = PBXFileReference; fileEncoding = 4; lastKnownFileType = sourcecode.c.h; path = NotificareUserData.h; sourceTree = "<group>"; };
		40316DF926FBC70700692DB7 /* NotificareAction.h */ = {isa = PBXFileReference; fileEncoding = 4; lastKnownFileType = sourcecode.c.h; path = NotificareAction.h; sourceTree = "<group>"; };
		40316DFA26FBC70700692DB7 /* NotificareNXOAuth2Connection.h */ = {isa = PBXFileReference; fileEncoding = 4; lastKnownFileType = sourcecode.c.h; path = NotificareNXOAuth2Connection.h; sourceTree = "<group>"; };
		40316DFB26FBC70700692DB7 /* NotificareDeviceInbox.h */ = {isa = PBXFileReference; fileEncoding = 4; lastKnownFileType = sourcecode.c.h; path = NotificareDeviceInbox.h; sourceTree = "<group>"; };
		40316DFC26FBC70700692DB7 /* NotificationType.h */ = {isa = PBXFileReference; fileEncoding = 4; lastKnownFileType = sourcecode.c.h; path = NotificationType.h; sourceTree = "<group>"; };
		40316DFD26FBC70700692DB7 /* NotificarePassbook.h */ = {isa = PBXFileReference; fileEncoding = 4; lastKnownFileType = sourcecode.c.h; path = NotificarePassbook.h; sourceTree = "<group>"; };
		40316DFE26FBC70700692DB7 /* NotificareCrashReport.h */ = {isa = PBXFileReference; fileEncoding = 4; lastKnownFileType = sourcecode.c.h; path = NotificareCrashReport.h; sourceTree = "<group>"; };
		40316DFF26FBC70700692DB7 /* NotificareWebPass.h */ = {isa = PBXFileReference; fileEncoding = 4; lastKnownFileType = sourcecode.c.h; path = NotificareWebPass.h; sourceTree = "<group>"; };
		40316E0026FBC70700692DB7 /* NotificareUserPreference.h */ = {isa = PBXFileReference; fileEncoding = 4; lastKnownFileType = sourcecode.c.h; path = NotificareUserPreference.h; sourceTree = "<group>"; };
		40316E0126FBC70700692DB7 /* NotificareQRCodeScanner.h */ = {isa = PBXFileReference; fileEncoding = 4; lastKnownFileType = sourcecode.c.h; path = NotificareQRCodeScanner.h; sourceTree = "<group>"; };
		40316E0226FBC70700692DB7 /* NotificareNXOAuth2AccessToken.h */ = {isa = PBXFileReference; fileEncoding = 4; lastKnownFileType = sourcecode.c.h; path = NotificareNXOAuth2AccessToken.h; sourceTree = "<group>"; };
		40316E0326FBC70700692DB7 /* NotificareMail.h */ = {isa = PBXFileReference; fileEncoding = 4; lastKnownFileType = sourcecode.c.h; path = NotificareMail.h; sourceTree = "<group>"; };
		40316E0426FBC70700692DB7 /* NotificareMarker.h */ = {isa = PBXFileReference; fileEncoding = 4; lastKnownFileType = sourcecode.c.h; path = NotificareMarker.h; sourceTree = "<group>"; };
		40316E0526FBC70700692DB7 /* NotificareVisit.h */ = {isa = PBXFileReference; fileEncoding = 4; lastKnownFileType = sourcecode.c.h; path = NotificareVisit.h; sourceTree = "<group>"; };
		40316E0626FBC70700692DB7 /* NotificareMonetize.h */ = {isa = PBXFileReference; fileEncoding = 4; lastKnownFileType = sourcecode.c.h; path = NotificareMonetize.h; sourceTree = "<group>"; };
		40316E0726FBC70700692DB7 /* NotificareAppConfig.h */ = {isa = PBXFileReference; fileEncoding = 4; lastKnownFileType = sourcecode.c.h; path = NotificareAppConfig.h; sourceTree = "<group>"; };
		40316E0826FBC70700692DB7 /* NotificareAuth.h */ = {isa = PBXFileReference; fileEncoding = 4; lastKnownFileType = sourcecode.c.h; path = NotificareAuth.h; sourceTree = "<group>"; };
		40316E0926FBC70700692DB7 /* NotificareLogging.h */ = {isa = PBXFileReference; fileEncoding = 4; lastKnownFileType = sourcecode.c.h; path = NotificareLogging.h; sourceTree = "<group>"; };
		40316E0A26FBC70700692DB7 /* NotificareRate.h */ = {isa = PBXFileReference; fileEncoding = 4; lastKnownFileType = sourcecode.c.h; path = NotificareRate.h; sourceTree = "<group>"; };
		40316E0B26FBC70700692DB7 /* NotificareDeviceDnD.h */ = {isa = PBXFileReference; fileEncoding = 4; lastKnownFileType = sourcecode.c.h; path = NotificareDeviceDnD.h; sourceTree = "<group>"; };
		40316E0C26FBC70700692DB7 /* Notificare.h */ = {isa = PBXFileReference; fileEncoding = 4; lastKnownFileType = sourcecode.c.h; path = Notificare.h; sourceTree = "<group>"; };
		40316E0D26FBC70700692DB7 /* NotificareUser.h */ = {isa = PBXFileReference; fileEncoding = 4; lastKnownFileType = sourcecode.c.h; path = NotificareUser.h; sourceTree = "<group>"; };
		40316E0E26FBC70700692DB7 /* NotificareNotification.h */ = {isa = PBXFileReference; fileEncoding = 4; lastKnownFileType = sourcecode.c.h; path = NotificareNotification.h; sourceTree = "<group>"; };
		40316E0F26FBC70700692DB7 /* NotificarePass.h */ = {isa = PBXFileReference; fileEncoding = 4; lastKnownFileType = sourcecode.c.h; path = NotificarePass.h; sourceTree = "<group>"; };
		40316E1026FBC70700692DB7 /* NSData+NotificareNXOAuth2.h */ = {isa = PBXFileReference; fileEncoding = 4; lastKnownFileType = sourcecode.c.h; path = "NSData+NotificareNXOAuth2.h"; sourceTree = "<group>"; };
		40316E1226FBC70700692DB7 /* Notificare.plist */ = {isa = PBXFileReference; fileEncoding = 4; lastKnownFileType = text.plist.xml; path = Notificare.plist; sourceTree = "<group>"; };
		40316E1326FBC70700692DB7 /* NotificareManagedModels.bundle */ = {isa = PBXFileReference; lastKnownFileType = "wrapper.plug-in"; path = NotificareManagedModels.bundle; sourceTree = "<group>"; };
		40316E1426FBC70700692DB7 /* libNotificarePushLib.a */ = {isa = PBXFileReference; lastKnownFileType = archive.ar; path = libNotificarePushLib.a; sourceTree = "<group>"; };
		40C71DE4203394C400DB4C22 /* Localizable.stringsdict */ = {isa = PBXFileReference; lastKnownFileType = text.plist.stringsdict; path = Localizable.stringsdict; sourceTree = "<group>"; };
		40E0E92224999C8B000B1FCD /* CoreServices.framework */ = {isa = PBXFileReference; lastKnownFileType = wrapper.framework; name = CoreServices.framework; path = System/Library/Frameworks/CoreServices.framework; sourceTree = SDKROOT; };
		40EC5125243CA1AA0023FBF5 /* ProximaNovaRegular.otf */ = {isa = PBXFileReference; lastKnownFileType = file; path = ProximaNovaRegular.otf; sourceTree = "<group>"; };
		40EC5126243CA1AA0023FBF5 /* ProximaNovaBold.otf */ = {isa = PBXFileReference; lastKnownFileType = file; path = ProximaNovaBold.otf; sourceTree = "<group>"; };
		40EC5127243CA1AA0023FBF5 /* ProximaNovaThin.otf */ = {isa = PBXFileReference; lastKnownFileType = file; path = ProximaNovaThin.otf; sourceTree = "<group>"; };
		40EC5128243CA1AA0023FBF5 /* ProximaNovaExtrabold.otf */ = {isa = PBXFileReference; lastKnownFileType = file; path = ProximaNovaExtrabold.otf; sourceTree = "<group>"; };
		40EC5129243CA1AA0023FBF5 /* ProximaNovaBlack.otf */ = {isa = PBXFileReference; lastKnownFileType = file; path = ProximaNovaBlack.otf; sourceTree = "<group>"; };
		40F2F10020DC29580090F406 /* Contacts.framework */ = {isa = PBXFileReference; lastKnownFileType = wrapper.framework; name = Contacts.framework; path = System/Library/Frameworks/Contacts.framework; sourceTree = SDKROOT; };
		5D1042AF1F1409B2000A65A1 /* WebKit.framework */ = {isa = PBXFileReference; lastKnownFileType = wrapper.framework; name = WebKit.framework; path = System/Library/Frameworks/WebKit.framework; sourceTree = SDKROOT; };
		5D58D48F1E3E21B1000334E3 /* RegionsViewController.h */ = {isa = PBXFileReference; fileEncoding = 4; lastKnownFileType = sourcecode.c.h; path = RegionsViewController.h; sourceTree = "<group>"; };
		5D58D4901E3E21B1000334E3 /* RegionsViewController.m */ = {isa = PBXFileReference; fileEncoding = 4; lastKnownFileType = sourcecode.c.objc; path = RegionsViewController.m; sourceTree = "<group>"; };
		5D58D4921E3E2240000334E3 /* ResetPasswordViewController.h */ = {isa = PBXFileReference; fileEncoding = 4; lastKnownFileType = sourcecode.c.h; path = ResetPasswordViewController.h; sourceTree = "<group>"; };
		5D58D4931E3E2240000334E3 /* ResetPasswordViewController.m */ = {isa = PBXFileReference; fileEncoding = 4; lastKnownFileType = sourcecode.c.objc; path = ResetPasswordViewController.m; sourceTree = "<group>"; };
		5D58D4951E3E228A000334E3 /* SignUpViewController.h */ = {isa = PBXFileReference; fileEncoding = 4; lastKnownFileType = sourcecode.c.h; path = SignUpViewController.h; sourceTree = "<group>"; };
		5D58D4961E3E228A000334E3 /* SignUpViewController.m */ = {isa = PBXFileReference; fileEncoding = 4; lastKnownFileType = sourcecode.c.objc; path = SignUpViewController.m; sourceTree = "<group>"; };
		5D58D4981E3E3DA8000334E3 /* RegionsMarker.h */ = {isa = PBXFileReference; fileEncoding = 4; lastKnownFileType = sourcecode.c.h; path = RegionsMarker.h; sourceTree = "<group>"; };
		5D58D4991E3E3DA8000334E3 /* RegionsMarker.m */ = {isa = PBXFileReference; fileEncoding = 4; lastKnownFileType = sourcecode.c.objc; path = RegionsMarker.m; sourceTree = "<group>"; };
		5D58D5301E3EBA75000334E3 /* notification.appex */ = {isa = PBXFileReference; explicitFileType = "wrapper.app-extension"; includeInIndex = 0; path = notification.appex; sourceTree = BUILT_PRODUCTS_DIR; };
		5D58D5321E3EBA75000334E3 /* NotificationService.h */ = {isa = PBXFileReference; lastKnownFileType = sourcecode.c.h; path = NotificationService.h; sourceTree = "<group>"; };
		5D58D5331E3EBA75000334E3 /* NotificationService.m */ = {isa = PBXFileReference; lastKnownFileType = sourcecode.c.objc; path = NotificationService.m; sourceTree = "<group>"; };
		5D58D5351E3EBA75000334E3 /* Info.plist */ = {isa = PBXFileReference; lastKnownFileType = text.plist.xml; path = Info.plist; sourceTree = "<group>"; };
		5D58D54F1E3F5A96000334E3 /* SignInViewController.h */ = {isa = PBXFileReference; fileEncoding = 4; lastKnownFileType = sourcecode.c.h; path = SignInViewController.h; sourceTree = "<group>"; };
		5D58D5501E3F5A96000334E3 /* SignInViewController.m */ = {isa = PBXFileReference; fileEncoding = 4; lastKnownFileType = sourcecode.c.objc; path = SignInViewController.m; sourceTree = "<group>"; };
		5D58D5521E3F5CEA000334E3 /* ProfileViewController.h */ = {isa = PBXFileReference; fileEncoding = 4; lastKnownFileType = sourcecode.c.h; path = ProfileViewController.h; sourceTree = "<group>"; };
		5D58D5531E3F5CEB000334E3 /* ProfileViewController.m */ = {isa = PBXFileReference; fileEncoding = 4; lastKnownFileType = sourcecode.c.objc; path = ProfileViewController.m; sourceTree = "<group>"; };
		5D5CCB021E40D70F000D9B0B /* FormButton.h */ = {isa = PBXFileReference; fileEncoding = 4; lastKnownFileType = sourcecode.c.h; path = FormButton.h; sourceTree = "<group>"; };
		5D5CCB031E40D70F000D9B0B /* FormButton.m */ = {isa = PBXFileReference; fileEncoding = 4; lastKnownFileType = sourcecode.c.objc; path = FormButton.m; sourceTree = "<group>"; };
		5D5CCB051E40E7F6000D9B0B /* LostPasswordViewController.h */ = {isa = PBXFileReference; fileEncoding = 4; lastKnownFileType = sourcecode.c.h; path = LostPasswordViewController.h; sourceTree = "<group>"; };
		5D5CCB061E40E7F6000D9B0B /* LostPasswordViewController.m */ = {isa = PBXFileReference; fileEncoding = 4; lastKnownFileType = sourcecode.c.objc; path = LostPasswordViewController.m; sourceTree = "<group>"; };
		5D5CCB0F1E415A9A000D9B0B /* PreferencesViewController.h */ = {isa = PBXFileReference; fileEncoding = 4; lastKnownFileType = sourcecode.c.h; path = PreferencesViewController.h; sourceTree = "<group>"; };
		5D5CCB101E415A9A000D9B0B /* PreferencesViewController.m */ = {isa = PBXFileReference; fileEncoding = 4; lastKnownFileType = sourcecode.c.objc; path = PreferencesViewController.m; sourceTree = "<group>"; };
		5D5CCB5D1E427959000D9B0B /* AssetsViewController.h */ = {isa = PBXFileReference; fileEncoding = 4; lastKnownFileType = sourcecode.c.h; path = AssetsViewController.h; sourceTree = "<group>"; };
		5D5CCB5E1E427959000D9B0B /* AssetsViewController.m */ = {isa = PBXFileReference; fileEncoding = 4; lastKnownFileType = sourcecode.c.objc; path = AssetsViewController.m; sourceTree = "<group>"; };
		5D7C2D421E06EC0400BCEA41 /* hybrid.app */ = {isa = PBXFileReference; explicitFileType = wrapper.application; includeInIndex = 0; path = hybrid.app; sourceTree = BUILT_PRODUCTS_DIR; };
		5D7C2D461E06EC0400BCEA41 /* main.m */ = {isa = PBXFileReference; lastKnownFileType = sourcecode.c.objc; path = main.m; sourceTree = "<group>"; };
		5D7C2D481E06EC0400BCEA41 /* AppDelegate.h */ = {isa = PBXFileReference; lastKnownFileType = sourcecode.c.h; path = AppDelegate.h; sourceTree = "<group>"; };
		5D7C2D491E06EC0400BCEA41 /* AppDelegate.m */ = {isa = PBXFileReference; lastKnownFileType = sourcecode.c.objc; path = AppDelegate.m; sourceTree = "<group>"; };
		5D7C2D4B1E06EC0400BCEA41 /* ViewController.h */ = {isa = PBXFileReference; lastKnownFileType = sourcecode.c.h; path = ViewController.h; sourceTree = "<group>"; };
		5D7C2D4C1E06EC0400BCEA41 /* ViewController.m */ = {isa = PBXFileReference; lastKnownFileType = sourcecode.c.objc; path = ViewController.m; sourceTree = "<group>"; };
		5D7C2D4F1E06EC0400BCEA41 /* Base */ = {isa = PBXFileReference; lastKnownFileType = file.storyboard; name = Base; path = Base.lproj/Main.storyboard; sourceTree = "<group>"; };
		5D7C2D511E06EC0400BCEA41 /* Assets.xcassets */ = {isa = PBXFileReference; lastKnownFileType = folder.assetcatalog; path = Assets.xcassets; sourceTree = "<group>"; };
		5D7C2D541E06EC0400BCEA41 /* Base */ = {isa = PBXFileReference; lastKnownFileType = file.storyboard; name = Base; path = Base.lproj/LaunchScreen.storyboard; sourceTree = "<group>"; };
		5D7C2D561E06EC0400BCEA41 /* Info.plist */ = {isa = PBXFileReference; lastKnownFileType = text.plist.xml; path = Info.plist; sourceTree = "<group>"; };
		5D7C2DDE1E06ED8000BCEA41 /* Configuration.h */ = {isa = PBXFileReference; fileEncoding = 4; lastKnownFileType = sourcecode.c.h; path = Configuration.h; sourceTree = "<group>"; };
		5D7C2DDF1E06ED8000BCEA41 /* Configuration.m */ = {isa = PBXFileReference; fileEncoding = 4; lastKnownFileType = sourcecode.c.objc; path = Configuration.m; sourceTree = "<group>"; };
		5D7C2DE11E06ED8000BCEA41 /* Definitions.h */ = {isa = PBXFileReference; fileEncoding = 4; lastKnownFileType = sourcecode.c.h; path = Definitions.h; sourceTree = "<group>"; };
		5D7C2DE61E06EE1E00BCEA41 /* Arvo.ttf */ = {isa = PBXFileReference; lastKnownFileType = file; path = Arvo.ttf; sourceTree = "<group>"; };
		5D7C2DE71E06EE1E00BCEA41 /* Lato-Hairline.ttf */ = {isa = PBXFileReference; lastKnownFileType = file; path = "Lato-Hairline.ttf"; sourceTree = "<group>"; };
		5D7C2DE81E06EE1E00BCEA41 /* Lato-Light.ttf */ = {isa = PBXFileReference; lastKnownFileType = file; path = "Lato-Light.ttf"; sourceTree = "<group>"; };
		5D7C2DE91E06EE1E00BCEA41 /* Lato-Regular.ttf */ = {isa = PBXFileReference; lastKnownFileType = file; path = "Lato-Regular.ttf"; sourceTree = "<group>"; };
		5D7C2DEA1E06EE1E00BCEA41 /* Montserrat-Bold.ttf */ = {isa = PBXFileReference; lastKnownFileType = file; path = "Montserrat-Bold.ttf"; sourceTree = "<group>"; };
		5D7C2DEB1E06EE1E00BCEA41 /* Montserrat-Regular.ttf */ = {isa = PBXFileReference; lastKnownFileType = file; path = "Montserrat-Regular.ttf"; sourceTree = "<group>"; };
		5D7C2DEC1E06EE1E00BCEA41 /* Museo.otf */ = {isa = PBXFileReference; lastKnownFileType = file; path = Museo.otf; sourceTree = "<group>"; };
		5D7C2DED1E06EE1E00BCEA41 /* OleoScript.ttf */ = {isa = PBXFileReference; lastKnownFileType = file; path = OleoScript.ttf; sourceTree = "<group>"; };
		5D7C2DF61E07307300BCEA41 /* hybrid.entitlements */ = {isa = PBXFileReference; lastKnownFileType = text.plist.entitlements; path = hybrid.entitlements; sourceTree = "<group>"; };
		5D7C2DF81E07307600BCEA41 /* PassKit.framework */ = {isa = PBXFileReference; lastKnownFileType = wrapper.framework; name = PassKit.framework; path = System/Library/Frameworks/PassKit.framework; sourceTree = SDKROOT; };
		5D7C2DFA1E07326E00BCEA41 /* CoreLocation.framework */ = {isa = PBXFileReference; lastKnownFileType = wrapper.framework; name = CoreLocation.framework; path = System/Library/Frameworks/CoreLocation.framework; sourceTree = SDKROOT; };
		5D7C2DFC1E07327400BCEA41 /* CoreData.framework */ = {isa = PBXFileReference; lastKnownFileType = wrapper.framework; name = CoreData.framework; path = System/Library/Frameworks/CoreData.framework; sourceTree = SDKROOT; };
		5D7C2DFE1E07327B00BCEA41 /* UserNotifications.framework */ = {isa = PBXFileReference; lastKnownFileType = wrapper.framework; name = UserNotifications.framework; path = System/Library/Frameworks/UserNotifications.framework; sourceTree = SDKROOT; };
		5D7C2E001E07328100BCEA41 /* MobileCoreServices.framework */ = {isa = PBXFileReference; lastKnownFileType = wrapper.framework; name = MobileCoreServices.framework; path = System/Library/Frameworks/MobileCoreServices.framework; sourceTree = SDKROOT; };
		5D7C2E021E07328800BCEA41 /* MessageUI.framework */ = {isa = PBXFileReference; lastKnownFileType = wrapper.framework; name = MessageUI.framework; path = System/Library/Frameworks/MessageUI.framework; sourceTree = SDKROOT; };
		5D7C2E041E07329100BCEA41 /* libicucore.tbd */ = {isa = PBXFileReference; lastKnownFileType = "sourcecode.text-based-dylib-definition"; name = libicucore.tbd; path = usr/lib/libicucore.tbd; sourceTree = SDKROOT; };
		5D7C2E061E07329800BCEA41 /* UIKit.framework */ = {isa = PBXFileReference; lastKnownFileType = wrapper.framework; name = UIKit.framework; path = System/Library/Frameworks/UIKit.framework; sourceTree = SDKROOT; };
		5D7C2E081E07329E00BCEA41 /* Foundation.framework */ = {isa = PBXFileReference; lastKnownFileType = wrapper.framework; name = Foundation.framework; path = System/Library/Frameworks/Foundation.framework; sourceTree = SDKROOT; };
		5D7C2E0A1E0732A400BCEA41 /* CoreGraphics.framework */ = {isa = PBXFileReference; lastKnownFileType = wrapper.framework; name = CoreGraphics.framework; path = System/Library/Frameworks/CoreGraphics.framework; sourceTree = SDKROOT; };
		5D7C2E0C1E0732AA00BCEA41 /* MapKit.framework */ = {isa = PBXFileReference; lastKnownFileType = wrapper.framework; name = MapKit.framework; path = System/Library/Frameworks/MapKit.framework; sourceTree = SDKROOT; };
		5D7C2E0E1E0732B100BCEA41 /* SystemConfiguration.framework */ = {isa = PBXFileReference; lastKnownFileType = wrapper.framework; name = SystemConfiguration.framework; path = System/Library/Frameworks/SystemConfiguration.framework; sourceTree = SDKROOT; };
		5D7C2E101E0732B700BCEA41 /* Security.framework */ = {isa = PBXFileReference; lastKnownFileType = wrapper.framework; name = Security.framework; path = System/Library/Frameworks/Security.framework; sourceTree = SDKROOT; };
		5D7C2E121E0732BD00BCEA41 /* CFNetwork.framework */ = {isa = PBXFileReference; lastKnownFileType = wrapper.framework; name = CFNetwork.framework; path = System/Library/Frameworks/CFNetwork.framework; sourceTree = SDKROOT; };
		5D7C2E141E0732C300BCEA41 /* ImageIO.framework */ = {isa = PBXFileReference; lastKnownFileType = wrapper.framework; name = ImageIO.framework; path = System/Library/Frameworks/ImageIO.framework; sourceTree = SDKROOT; };
		5D7C2E161E0732C800BCEA41 /* StoreKit.framework */ = {isa = PBXFileReference; lastKnownFileType = wrapper.framework; name = StoreKit.framework; path = System/Library/Frameworks/StoreKit.framework; sourceTree = SDKROOT; };
		5D7C2E181E0732CE00BCEA41 /* SafariServices.framework */ = {isa = PBXFileReference; lastKnownFileType = wrapper.framework; name = SafariServices.framework; path = System/Library/Frameworks/SafariServices.framework; sourceTree = SDKROOT; };
		5D7C2E201E087FAD00BCEA41 /* OnBoardingViewController.h */ = {isa = PBXFileReference; fileEncoding = 4; lastKnownFileType = sourcecode.c.h; path = OnBoardingViewController.h; sourceTree = "<group>"; };
		5D7C2E211E087FAD00BCEA41 /* OnBoardingViewController.m */ = {isa = PBXFileReference; fileEncoding = 4; lastKnownFileType = sourcecode.c.objc; path = OnBoardingViewController.m; sourceTree = "<group>"; };
		5D7C2E251E09597500BCEA41 /* InboxViewController.h */ = {isa = PBXFileReference; fileEncoding = 4; lastKnownFileType = sourcecode.c.h; path = InboxViewController.h; sourceTree = "<group>"; };
		5D7C2E261E09597500BCEA41 /* InboxViewController.m */ = {isa = PBXFileReference; fileEncoding = 4; lastKnownFileType = sourcecode.c.objc; path = InboxViewController.m; sourceTree = "<group>"; };
		5D7C2E291E095B0200BCEA41 /* GravatarHelper.h */ = {isa = PBXFileReference; fileEncoding = 4; lastKnownFileType = sourcecode.c.h; path = GravatarHelper.h; sourceTree = "<group>"; };
		5D7C2E2A1E095B0200BCEA41 /* GravatarHelper.m */ = {isa = PBXFileReference; fileEncoding = 4; lastKnownFileType = sourcecode.c.objc; path = GravatarHelper.m; sourceTree = "<group>"; };
		5D7C2E2F1E097C4800BCEA41 /* SettingsViewController.h */ = {isa = PBXFileReference; fileEncoding = 4; lastKnownFileType = sourcecode.c.h; path = SettingsViewController.h; sourceTree = "<group>"; };
		5D7C2E301E097C4800BCEA41 /* SettingsViewController.m */ = {isa = PBXFileReference; fileEncoding = 4; lastKnownFileType = sourcecode.c.objc; path = SettingsViewController.m; sourceTree = "<group>"; };
		5D7C2E321E097FD100BCEA41 /* Localizable.strings */ = {isa = PBXFileReference; fileEncoding = 4; lastKnownFileType = text.plist.strings; path = Localizable.strings; sourceTree = "<group>"; };
		5D7C2E341E09819A00BCEA41 /* InfoPlist.strings */ = {isa = PBXFileReference; fileEncoding = 4; lastKnownFileType = text.plist.strings; path = InfoPlist.strings; sourceTree = "<group>"; };
		5D7C2E361E09D31100BCEA41 /* NoInternetViewController.h */ = {isa = PBXFileReference; fileEncoding = 4; lastKnownFileType = sourcecode.c.h; path = NoInternetViewController.h; sourceTree = "<group>"; };
		5D7C2E371E09D31100BCEA41 /* NoInternetViewController.m */ = {isa = PBXFileReference; fileEncoding = 4; lastKnownFileType = sourcecode.c.objc; path = NoInternetViewController.m; sourceTree = "<group>"; };
		5D7CF2DF1E52947E00589FF9 /* BeaconsViewController.h */ = {isa = PBXFileReference; fileEncoding = 4; lastKnownFileType = sourcecode.c.h; path = BeaconsViewController.h; sourceTree = "<group>"; };
		5D7CF2E01E52947E00589FF9 /* BeaconsViewController.m */ = {isa = PBXFileReference; fileEncoding = 4; lastKnownFileType = sourcecode.c.objc; path = BeaconsViewController.m; sourceTree = "<group>"; };
		5D81EB851F705C93005C2CE9 /* CoreNFC.framework */ = {isa = PBXFileReference; lastKnownFileType = wrapper.framework; name = CoreNFC.framework; path = System/Library/Frameworks/CoreNFC.framework; sourceTree = SDKROOT; };
		5D81EB871F705C99005C2CE9 /* AVFoundation.framework */ = {isa = PBXFileReference; lastKnownFileType = wrapper.framework; name = AVFoundation.framework; path = System/Library/Frameworks/AVFoundation.framework; sourceTree = SDKROOT; };
/* End PBXFileReference section */

/* Begin PBXFrameworksBuildPhase section */
		5D58D52D1E3EBA75000334E3 /* Frameworks */ = {
			isa = PBXFrameworksBuildPhase;
			buildActionMask = 2147483647;
			files = (
				40316E1A26FBC74700692DB7 /* libNotificarePushLib.a in Frameworks */,
				40E0E92424999C9F000B1FCD /* CoreServices.framework in Frameworks */,
				5D81EB8B1F705CCB005C2CE9 /* AVFoundation.framework in Frameworks */,
				5D81EB8A1F705CC5005C2CE9 /* CoreNFC.framework in Frameworks */,
				5D58D54D1E3EBB26000334E3 /* SafariServices.framework in Frameworks */,
				5D58D54C1E3EBB1F000334E3 /* StoreKit.framework in Frameworks */,
				5D58D54B1E3EBB1A000334E3 /* ImageIO.framework in Frameworks */,
				5D58D54A1E3EBB12000334E3 /* CFNetwork.framework in Frameworks */,
				5D58D5491E3EBB0C000334E3 /* Security.framework in Frameworks */,
				5D58D5481E3EBB07000334E3 /* SystemConfiguration.framework in Frameworks */,
				5D58D5471E3EBB01000334E3 /* MapKit.framework in Frameworks */,
				5D58D5461E3EBAFB000334E3 /* PassKit.framework in Frameworks */,
				5D58D5451E3EBAF6000334E3 /* CoreGraphics.framework in Frameworks */,
				5D58D5441E3EBAF1000334E3 /* Foundation.framework in Frameworks */,
				5D58D5431E3EBAEB000334E3 /* UIKit.framework in Frameworks */,
				5D58D5421E3EBAE4000334E3 /* libicucore.tbd in Frameworks */,
				5D58D5411E3EBADE000334E3 /* MessageUI.framework in Frameworks */,
				5D58D53F1E3EBAD3000334E3 /* UserNotifications.framework in Frameworks */,
				5D58D53E1E3EBACD000334E3 /* CoreData.framework in Frameworks */,
				5D58D53D1E3EBAC7000334E3 /* CoreLocation.framework in Frameworks */,
			);
			runOnlyForDeploymentPostprocessing = 0;
		};
		5D7C2D3F1E06EC0400BCEA41 /* Frameworks */ = {
			isa = PBXFrameworksBuildPhase;
			buildActionMask = 2147483647;
			files = (
				40E0E92324999C8B000B1FCD /* CoreServices.framework in Frameworks */,
				40F2F10120DC29590090F406 /* Contacts.framework in Frameworks */,
				5D81EB881F705C99005C2CE9 /* AVFoundation.framework in Frameworks */,
				40316E1926FBC70700692DB7 /* libNotificarePushLib.a in Frameworks */,
				5D81EB861F705C93005C2CE9 /* CoreNFC.framework in Frameworks */,
				5D1042B01F1409B2000A65A1 /* WebKit.framework in Frameworks */,
				5D7C2E191E0732CE00BCEA41 /* SafariServices.framework in Frameworks */,
				5D7C2E171E0732C800BCEA41 /* StoreKit.framework in Frameworks */,
				5D7C2E151E0732C300BCEA41 /* ImageIO.framework in Frameworks */,
				5D7C2E131E0732BD00BCEA41 /* CFNetwork.framework in Frameworks */,
				5D7C2E111E0732B700BCEA41 /* Security.framework in Frameworks */,
				5D7C2E0F1E0732B100BCEA41 /* SystemConfiguration.framework in Frameworks */,
				5D7C2E0D1E0732AA00BCEA41 /* MapKit.framework in Frameworks */,
				5D7C2E0B1E0732A400BCEA41 /* CoreGraphics.framework in Frameworks */,
				5D7C2E091E07329E00BCEA41 /* Foundation.framework in Frameworks */,
				5D7C2E071E07329800BCEA41 /* UIKit.framework in Frameworks */,
				5D7C2E051E07329100BCEA41 /* libicucore.tbd in Frameworks */,
				5D7C2E031E07328800BCEA41 /* MessageUI.framework in Frameworks */,
				5D7C2DFF1E07327B00BCEA41 /* UserNotifications.framework in Frameworks */,
				5D7C2DFD1E07327400BCEA41 /* CoreData.framework in Frameworks */,
				5D7C2DFB1E07326E00BCEA41 /* CoreLocation.framework in Frameworks */,
				5D7C2DF91E07307600BCEA41 /* PassKit.framework in Frameworks */,
			);
			runOnlyForDeploymentPostprocessing = 0;
		};
/* End PBXFrameworksBuildPhase section */

/* Begin PBXGroup section */
		40316DAF26FBC70600692DB7 /* notificare-push-lib-2.7.0 */ = {
			isa = PBXGroup;
			children = (
				40316DB026FBC70600692DB7 /* DefaultTheme.bundle */,
				40316DB126FBC70600692DB7 /* NotificarePushLib */,
				40316E1226FBC70700692DB7 /* Notificare.plist */,
				40316E1326FBC70700692DB7 /* NotificareManagedModels.bundle */,
				40316E1426FBC70700692DB7 /* libNotificarePushLib.a */,
			);
			path = "notificare-push-lib-2.7.0";
			sourceTree = "<group>";
		};
		40316DB126FBC70600692DB7 /* NotificarePushLib */ = {
			isa = PBXGroup;
			children = (
				40316DB226FBC70600692DB7 /* NotificareMap.h */,
				40316DB326FBC70600692DB7 /* NSData+Hex.h */,
				40316DB426FBC70600692DB7 /* NotificareVideo.h */,
				40316DB526FBC70600692DB7 /* NotificareWebView.h */,
				40316DB626FBC70600692DB7 /* NotificareSMS.h */,
				40316DB726FBC70600692DB7 /* NotificareApplication.h */,
				40316DB826FBC70600692DB7 /* NotificareNXOAuth2Request.h */,
				40316DB926FBC70600692DB7 /* NotificareCallback.h */,
				40316DBA26FBC70600692DB7 /* NotificareBrowser.h */,
				40316DBB26FBC70600692DB7 /* NSString+Utils.h */,
				40316DBC26FBC70600692DB7 /* SKProduct+priceAsString.h */,
				40316DBD26FBC70600692DB7 /* NotificareNXOAuth2AccountStore.h */,
				40316DBE26FBC70600692DB7 /* NSURL+NotificareNXOAuth2.h */,
				40316DBF26FBC70600692DB7 /* NotificareAttachment.h */,
				40316DC026FBC70600692DB7 /* NSDate+TimeAgo.h */,
				40316DC126FBC70600692DB7 /* NotificareNXOAuth2ConnectionDelegate.h */,
				40316DC226FBC70600692DB7 /* NotificareLocation.h */,
				40316DC326FBC70600692DB7 /* NotificareStorage.h */,
				40316DC426FBC70600692DB7 /* NotificareNXOAuth2ClientDelegate.h */,
				40316DC526FBC70600692DB7 /* NotificareURLScheme.h */,
				40316DC626FBC70600692DB7 /* NotificareDeviceManager.h */,
				40316DC726FBC70600692DB7 /* UIImage+FromBundle.h */,
				40316DC826FBC70600692DB7 /* NotificareImage.h */,
				40316DC926FBC70600692DB7 /* NotificareNXOAuth2TrustDelegate.h */,
				40316DCA26FBC70600692DB7 /* NotificareTelephone.h */,
				40316DCB26FBC70600692DB7 /* NotificareEventLogger.h */,
				40316DCC26FBC70600692DB7 /* NotificareAlert.h */,
				40316DCD26FBC70600692DB7 /* NotificareStore.h */,
				40316DCE26FBC70600692DB7 /* NotificareApp.h */,
				40316DCF26FBC70600692DB7 /* ActionDelegate.h */,
				40316DD026FBC70600692DB7 /* NotificareNXOAuth2Constants.h */,
				40316DD126FBC70600692DB7 /* NotificareNXOAuth2.h */,
				40316DD226FBC70600692DB7 /* NSString+FromBundle.h */,
				40316DD326FBC70600692DB7 /* NotificareSystemNotification.h */,
				40316DD426FBC70600692DB7 /* NotificareAppDelegateSurrogate.h */,
				40316DD526FBC70600692DB7 /* NotificareNetworkHost.h */,
				40316DD626FBC70600692DB7 /* NotificareNXOAuth2FileStreamWrapper.h */,
				40316DD726FBC70600692DB7 /* NotificareAsset.h */,
				40316DD826FBC70600692DB7 /* NotificareRegion.h */,
				40316DD926FBC70600692DB7 /* NotificareNetworkOperation.h */,
				40316DDA26FBC70600692DB7 /* NSString+NotificareNXOAuth2.h */,
				40316DDB26FBC70600692DB7 /* NotificareNXOAuth2Client.h */,
				40316DDC26FBC70600692DB7 /* NotificareNetworkReachability.h */,
				40316DDD26FBC70600692DB7 /* NotificareNone.h */,
				40316DDE26FBC70600692DB7 /* NotificareManagedDeviceInbox.h */,
				40316DDF26FBC70600692DB7 /* NotificareNXOAuth2PostBodyPart.h */,
				40316DE026FBC70600692DB7 /* NotificarePush.h */,
				40316DE126FBC70600692DB7 /* ActionType.h */,
				40316DE226FBC70600692DB7 /* NotificareScannables.h */,
				40316DE326FBC70600692DB7 /* NotificareNXOAuth2PostBodyStream.h */,
				40316DE426FBC70600692DB7 /* NotificarePushLib.h */,
				40316DE526FBC70600692DB7 /* NotificareNXOAuth2Account.h */,
				40316DE626FBC70600692DB7 /* NotificareBeacon.h */,
				40316DE726FBC70600692DB7 /* NotificareContent.h */,
				40316DE826FBC70600692DB7 /* NotificareDevice.h */,
				40316DE926FBC70600692DB7 /* NotificareLoyalty.h */,
				40316DEA26FBC70600692DB7 /* NotificareNXOAuth2Account+Private.h */,
				40316DEB26FBC70600692DB7 /* NotificareInboxManager.h */,
				40316DEC26FBC70600692DB7 /* UIColor+Hex.h */,
				40316DED26FBC70600692DB7 /* NotificationDelegate.h */,
				40316DEE26FBC70600692DB7 /* NotificareURL.h */,
				40316DEF26FBC70600692DB7 /* NotificareActions.h */,
				40316DF026FBC70600692DB7 /* NotificareCustom.h */,
				40316DF126FBC70600692DB7 /* NotificareProduct.h */,
				40316DF226FBC70600692DB7 /* NotificareDefinitions.h */,
				40316DF326FBC70600692DB7 /* NotificareHeading.h */,
				40316DF426FBC70600692DB7 /* NotificareSegment.h */,
				40316DF526FBC70600692DB7 /* NotificareScannable.h */,
				40316DF626FBC70600692DB7 /* NotificareGeo.h */,
				40316DF726FBC70600692DB7 /* NotificareNetworkWrapper.h */,
				40316DF826FBC70700692DB7 /* NotificareUserData.h */,
				40316DF926FBC70700692DB7 /* NotificareAction.h */,
				40316DFA26FBC70700692DB7 /* NotificareNXOAuth2Connection.h */,
				40316DFB26FBC70700692DB7 /* NotificareDeviceInbox.h */,
				40316DFC26FBC70700692DB7 /* NotificationType.h */,
				40316DFD26FBC70700692DB7 /* NotificarePassbook.h */,
				40316DFE26FBC70700692DB7 /* NotificareCrashReport.h */,
				40316DFF26FBC70700692DB7 /* NotificareWebPass.h */,
				40316E0026FBC70700692DB7 /* NotificareUserPreference.h */,
				40316E0126FBC70700692DB7 /* NotificareQRCodeScanner.h */,
				40316E0226FBC70700692DB7 /* NotificareNXOAuth2AccessToken.h */,
				40316E0326FBC70700692DB7 /* NotificareMail.h */,
				40316E0426FBC70700692DB7 /* NotificareMarker.h */,
				40316E0526FBC70700692DB7 /* NotificareVisit.h */,
				40316E0626FBC70700692DB7 /* NotificareMonetize.h */,
				40316E0726FBC70700692DB7 /* NotificareAppConfig.h */,
				40316E0826FBC70700692DB7 /* NotificareAuth.h */,
				40316E0926FBC70700692DB7 /* NotificareLogging.h */,
				40316E0A26FBC70700692DB7 /* NotificareRate.h */,
				40316E0B26FBC70700692DB7 /* NotificareDeviceDnD.h */,
				40316E0C26FBC70700692DB7 /* Notificare.h */,
				40316E0D26FBC70700692DB7 /* NotificareUser.h */,
				40316E0E26FBC70700692DB7 /* NotificareNotification.h */,
				40316E0F26FBC70700692DB7 /* NotificarePass.h */,
				40316E1026FBC70700692DB7 /* NSData+NotificareNXOAuth2.h */,
			);
			path = NotificarePushLib;
			sourceTree = "<group>";
		};
		5D58D5311E3EBA75000334E3 /* notification */ = {
			isa = PBXGroup;
			children = (
				5D58D5321E3EBA75000334E3 /* NotificationService.h */,
				5D58D5331E3EBA75000334E3 /* NotificationService.m */,
				5D58D5351E3EBA75000334E3 /* Info.plist */,
			);
			path = notification;
			sourceTree = "<group>";
		};
		5D5CCB011E40D70F000D9B0B /* SubClasses */ = {
			isa = PBXGroup;
			children = (
				5D5CCB021E40D70F000D9B0B /* FormButton.h */,
				5D5CCB031E40D70F000D9B0B /* FormButton.m */,
			);
			path = SubClasses;
			sourceTree = "<group>";
		};
		5D5CCB081E410858000D9B0B /* App */ = {
			isa = PBXGroup;
			children = (
				5D5CCB5B1E42791D000D9B0B /* Assets */,
				5D5CCB0E1E41093D000D9B0B /* NoInternet */,
				5D5CCB0D1E410926000D9B0B /* OnBoarding */,
				5D5CCB0C1E410913000D9B0B /* Notifications */,
				5D5CCB0B1E4108F6000D9B0B /* Settings */,
				5D5CCB0A1E4108DE000D9B0B /* Location */,
				5D5CCB091E4108B7000D9B0B /* Account */,
				5D7C2D4B1E06EC0400BCEA41 /* ViewController.h */,
				5D7C2D4C1E06EC0400BCEA41 /* ViewController.m */,
			);
			name = App;
			sourceTree = "<group>";
		};
		5D5CCB091E4108B7000D9B0B /* Account */ = {
			isa = PBXGroup;
			children = (
				5D58D4921E3E2240000334E3 /* ResetPasswordViewController.h */,
				5D58D4931E3E2240000334E3 /* ResetPasswordViewController.m */,
				5D5CCB051E40E7F6000D9B0B /* LostPasswordViewController.h */,
				5D5CCB061E40E7F6000D9B0B /* LostPasswordViewController.m */,
				5D58D4951E3E228A000334E3 /* SignUpViewController.h */,
				5D58D4961E3E228A000334E3 /* SignUpViewController.m */,
				5D58D54F1E3F5A96000334E3 /* SignInViewController.h */,
				5D58D5501E3F5A96000334E3 /* SignInViewController.m */,
				5D58D5521E3F5CEA000334E3 /* ProfileViewController.h */,
				5D58D5531E3F5CEB000334E3 /* ProfileViewController.m */,
				5D5CCB0F1E415A9A000D9B0B /* PreferencesViewController.h */,
				5D5CCB101E415A9A000D9B0B /* PreferencesViewController.m */,
			);
			name = Account;
			sourceTree = "<group>";
		};
		5D5CCB0A1E4108DE000D9B0B /* Location */ = {
			isa = PBXGroup;
			children = (
				5D58D48F1E3E21B1000334E3 /* RegionsViewController.h */,
				5D58D4901E3E21B1000334E3 /* RegionsViewController.m */,
				5D58D4981E3E3DA8000334E3 /* RegionsMarker.h */,
				5D58D4991E3E3DA8000334E3 /* RegionsMarker.m */,
				5D7CF2DF1E52947E00589FF9 /* BeaconsViewController.h */,
				5D7CF2E01E52947E00589FF9 /* BeaconsViewController.m */,
			);
			name = Location;
			sourceTree = "<group>";
		};
		5D5CCB0B1E4108F6000D9B0B /* Settings */ = {
			isa = PBXGroup;
			children = (
				5D7C2E2F1E097C4800BCEA41 /* SettingsViewController.h */,
				5D7C2E301E097C4800BCEA41 /* SettingsViewController.m */,
			);
			name = Settings;
			sourceTree = "<group>";
		};
		5D5CCB0C1E410913000D9B0B /* Notifications */ = {
			isa = PBXGroup;
			children = (
				5D7C2E251E09597500BCEA41 /* InboxViewController.h */,
				5D7C2E261E09597500BCEA41 /* InboxViewController.m */,
			);
			name = Notifications;
			sourceTree = "<group>";
		};
		5D5CCB0D1E410926000D9B0B /* OnBoarding */ = {
			isa = PBXGroup;
			children = (
				5D7C2E201E087FAD00BCEA41 /* OnBoardingViewController.h */,
				5D7C2E211E087FAD00BCEA41 /* OnBoardingViewController.m */,
			);
			name = OnBoarding;
			sourceTree = "<group>";
		};
		5D5CCB0E1E41093D000D9B0B /* NoInternet */ = {
			isa = PBXGroup;
			children = (
				5D7C2E361E09D31100BCEA41 /* NoInternetViewController.h */,
				5D7C2E371E09D31100BCEA41 /* NoInternetViewController.m */,
			);
			name = NoInternet;
			sourceTree = "<group>";
		};
		5D5CCB5B1E42791D000D9B0B /* Assets */ = {
			isa = PBXGroup;
			children = (
				5D5CCB5D1E427959000D9B0B /* AssetsViewController.h */,
				5D5CCB5E1E427959000D9B0B /* AssetsViewController.m */,
			);
			name = Assets;
			sourceTree = "<group>";
		};
		5D7C2D391E06EC0400BCEA41 = {
			isa = PBXGroup;
			children = (
				4002DFDB2021098700B04B3E /* locations.gpx */,
				5D7C2D441E06EC0400BCEA41 /* hybrid */,
				5D58D5311E3EBA75000334E3 /* notification */,
				5D7C2D431E06EC0400BCEA41 /* Products */,
				5D7C2DF71E07307600BCEA41 /* Frameworks */,
			);
			sourceTree = "<group>";
		};
		5D7C2D431E06EC0400BCEA41 /* Products */ = {
			isa = PBXGroup;
			children = (
				5D7C2D421E06EC0400BCEA41 /* hybrid.app */,
				5D58D5301E3EBA75000334E3 /* notification.appex */,
			);
			name = Products;
			sourceTree = "<group>";
		};
		5D7C2D441E06EC0400BCEA41 /* hybrid */ = {
			isa = PBXGroup;
			children = (
				5D5CCB081E410858000D9B0B /* App */,
				5D5CCB011E40D70F000D9B0B /* SubClasses */,
				5D7C2E281E095B0200BCEA41 /* Categories */,
				5D7C2DE41E06EE1E00BCEA41 /* Resources */,
				5D7C2DDD1E06ED8000BCEA41 /* Config */,
				5D7C2D5C1E06ECA400BCEA41 /* Libs */,
				5D7C2D481E06EC0400BCEA41 /* AppDelegate.h */,
				5D7C2D491E06EC0400BCEA41 /* AppDelegate.m */,
				5D7C2D4E1E06EC0400BCEA41 /* Main.storyboard */,
				5D7C2D511E06EC0400BCEA41 /* Assets.xcassets */,
				5D7C2D531E06EC0400BCEA41 /* LaunchScreen.storyboard */,
				5D7C2D561E06EC0400BCEA41 /* Info.plist */,
				5D7C2D451E06EC0400BCEA41 /* Supporting Files */,
			);
			name = hybrid;
			path = demo;
			sourceTree = "<group>";
		};
		5D7C2D451E06EC0400BCEA41 /* Supporting Files */ = {
			isa = PBXGroup;
			children = (
				5D7C2DF61E07307300BCEA41 /* hybrid.entitlements */,
				5D7C2D461E06EC0400BCEA41 /* main.m */,
				5D7C2E321E097FD100BCEA41 /* Localizable.strings */,
				5D7C2E341E09819A00BCEA41 /* InfoPlist.strings */,
				40C71DE4203394C400DB4C22 /* Localizable.stringsdict */,
			);
			name = "Supporting Files";
			sourceTree = "<group>";
		};
		5D7C2D5C1E06ECA400BCEA41 /* Libs */ = {
			isa = PBXGroup;
			children = (
				40316DAF26FBC70600692DB7 /* notificare-push-lib-2.7.0 */,
			);
			path = Libs;
			sourceTree = "<group>";
		};
		5D7C2DDD1E06ED8000BCEA41 /* Config */ = {
			isa = PBXGroup;
			children = (
				5D7C2DDE1E06ED8000BCEA41 /* Configuration.h */,
				5D7C2DDF1E06ED8000BCEA41 /* Configuration.m */,
				5D7C2DE11E06ED8000BCEA41 /* Definitions.h */,
			);
			path = Config;
			sourceTree = "<group>";
		};
		5D7C2DE41E06EE1E00BCEA41 /* Resources */ = {
			isa = PBXGroup;
			children = (
				5D7C2DE51E06EE1E00BCEA41 /* Fonts */,
			);
			path = Resources;
			sourceTree = "<group>";
		};
		5D7C2DE51E06EE1E00BCEA41 /* Fonts */ = {
			isa = PBXGroup;
			children = (
				40EC5129243CA1AA0023FBF5 /* ProximaNovaBlack.otf */,
				40EC5126243CA1AA0023FBF5 /* ProximaNovaBold.otf */,
				40EC5128243CA1AA0023FBF5 /* ProximaNovaExtrabold.otf */,
				40EC5125243CA1AA0023FBF5 /* ProximaNovaRegular.otf */,
				40EC5127243CA1AA0023FBF5 /* ProximaNovaThin.otf */,
				5D7C2DE61E06EE1E00BCEA41 /* Arvo.ttf */,
				5D7C2DE71E06EE1E00BCEA41 /* Lato-Hairline.ttf */,
				5D7C2DE81E06EE1E00BCEA41 /* Lato-Light.ttf */,
				5D7C2DE91E06EE1E00BCEA41 /* Lato-Regular.ttf */,
				5D7C2DEA1E06EE1E00BCEA41 /* Montserrat-Bold.ttf */,
				5D7C2DEB1E06EE1E00BCEA41 /* Montserrat-Regular.ttf */,
				5D7C2DEC1E06EE1E00BCEA41 /* Museo.otf */,
				5D7C2DED1E06EE1E00BCEA41 /* OleoScript.ttf */,
			);
			path = Fonts;
			sourceTree = "<group>";
		};
		5D7C2DF71E07307600BCEA41 /* Frameworks */ = {
			isa = PBXGroup;
			children = (
				40E0E92224999C8B000B1FCD /* CoreServices.framework */,
				40F2F10020DC29580090F406 /* Contacts.framework */,
				5D81EB871F705C99005C2CE9 /* AVFoundation.framework */,
				5D81EB851F705C93005C2CE9 /* CoreNFC.framework */,
				5D1042AF1F1409B2000A65A1 /* WebKit.framework */,
				5D7C2E181E0732CE00BCEA41 /* SafariServices.framework */,
				5D7C2E161E0732C800BCEA41 /* StoreKit.framework */,
				5D7C2E141E0732C300BCEA41 /* ImageIO.framework */,
				5D7C2E121E0732BD00BCEA41 /* CFNetwork.framework */,
				5D7C2E101E0732B700BCEA41 /* Security.framework */,
				5D7C2E0E1E0732B100BCEA41 /* SystemConfiguration.framework */,
				5D7C2E0C1E0732AA00BCEA41 /* MapKit.framework */,
				5D7C2E0A1E0732A400BCEA41 /* CoreGraphics.framework */,
				5D7C2E081E07329E00BCEA41 /* Foundation.framework */,
				5D7C2E061E07329800BCEA41 /* UIKit.framework */,
				5D7C2E041E07329100BCEA41 /* libicucore.tbd */,
				5D7C2E021E07328800BCEA41 /* MessageUI.framework */,
				5D7C2E001E07328100BCEA41 /* MobileCoreServices.framework */,
				5D7C2DFE1E07327B00BCEA41 /* UserNotifications.framework */,
				5D7C2DFC1E07327400BCEA41 /* CoreData.framework */,
				5D7C2DFA1E07326E00BCEA41 /* CoreLocation.framework */,
				5D7C2DF81E07307600BCEA41 /* PassKit.framework */,
			);
			name = Frameworks;
			sourceTree = "<group>";
		};
		5D7C2E281E095B0200BCEA41 /* Categories */ = {
			isa = PBXGroup;
			children = (
				5D7C2E291E095B0200BCEA41 /* GravatarHelper.h */,
				5D7C2E2A1E095B0200BCEA41 /* GravatarHelper.m */,
			);
			path = Categories;
			sourceTree = "<group>";
		};
/* End PBXGroup section */

/* Begin PBXNativeTarget section */
		5D58D52F1E3EBA75000334E3 /* notification */ = {
			isa = PBXNativeTarget;
			buildConfigurationList = 5D58D5391E3EBA75000334E3 /* Build configuration list for PBXNativeTarget "notification" */;
			buildPhases = (
				5D58D52C1E3EBA75000334E3 /* Sources */,
				5D58D52D1E3EBA75000334E3 /* Frameworks */,
				5D58D52E1E3EBA75000334E3 /* Resources */,
			);
			buildRules = (
			);
			dependencies = (
			);
			name = notification;
			productName = notification;
			productReference = 5D58D5301E3EBA75000334E3 /* notification.appex */;
			productType = "com.apple.product-type.app-extension";
		};
		5D7C2D411E06EC0400BCEA41 /* hybrid */ = {
			isa = PBXNativeTarget;
			buildConfigurationList = 5D7C2D591E06EC0400BCEA41 /* Build configuration list for PBXNativeTarget "hybrid" */;
			buildPhases = (
				5D7C2D3E1E06EC0400BCEA41 /* Sources */,
				5D7C2D3F1E06EC0400BCEA41 /* Frameworks */,
				5D7C2D401E06EC0400BCEA41 /* Resources */,
				5D58D53C1E3EBA75000334E3 /* Embed App Extensions */,
			);
			buildRules = (
			);
			dependencies = (
				5D58D5371E3EBA75000334E3 /* PBXTargetDependency */,
			);
			name = hybrid;
			productName = demo;
			productReference = 5D7C2D421E06EC0400BCEA41 /* hybrid.app */;
			productType = "com.apple.product-type.application";
		};
/* End PBXNativeTarget section */

/* Begin PBXProject section */
		5D7C2D3A1E06EC0400BCEA41 /* Project object */ = {
			isa = PBXProject;
			attributes = {
				LastUpgradeCheck = 1020;
				ORGANIZATIONNAME = Notificare;
				TargetAttributes = {
					5D58D52F1E3EBA75000334E3 = {
						CreatedOnToolsVersion = 8.2;
						DevelopmentTeam = Y47BY73NFN;
						ProvisioningStyle = Automatic;
					};
					5D7C2D411E06EC0400BCEA41 = {
						CreatedOnToolsVersion = 8.2;
						DevelopmentTeam = Y47BY73NFN;
						ProvisioningStyle = Automatic;
						SystemCapabilities = {
							com.apple.BackgroundModes = {
								enabled = 1;
							};
							com.apple.Keychain = {
								enabled = 1;
							};
							com.apple.NearFieldCommunicationTagReading = {
								enabled = 1;
							};
							com.apple.Push = {
								enabled = 1;
							};
							com.apple.Wallet = {
								enabled = 1;
							};
						};
					};
				};
			};
			buildConfigurationList = 5D7C2D3D1E06EC0400BCEA41 /* Build configuration list for PBXProject "hybrid" */;
			compatibilityVersion = "Xcode 3.2";
			developmentRegion = en;
			hasScannedForEncodings = 0;
			knownRegions = (
				en,
				Base,
			);
			mainGroup = 5D7C2D391E06EC0400BCEA41;
			productRefGroup = 5D7C2D431E06EC0400BCEA41 /* Products */;
			projectDirPath = "";
			projectRoot = "";
			targets = (
				5D7C2D411E06EC0400BCEA41 /* hybrid */,
				5D58D52F1E3EBA75000334E3 /* notification */,
			);
		};
/* End PBXProject section */

/* Begin PBXResourcesBuildPhase section */
		5D58D52E1E3EBA75000334E3 /* Resources */ = {
			isa = PBXResourcesBuildPhase;
			buildActionMask = 2147483647;
			files = (
			);
			runOnlyForDeploymentPostprocessing = 0;
		};
		5D7C2D401E06EC0400BCEA41 /* Resources */ = {
			isa = PBXResourcesBuildPhase;
			buildActionMask = 2147483647;
			files = (
				5D7C2DEF1E06EE1E00BCEA41 /* Lato-Hairline.ttf in Resources */,
				40EC512E243CB2270023FBF5 /* ProximaNovaThin.otf in Resources */,
				5D7C2DF31E06EE1E00BCEA41 /* Montserrat-Regular.ttf in Resources */,
				5D7C2DF01E06EE1E00BCEA41 /* Lato-Light.ttf in Resources */,
				5D7C2D551E06EC0400BCEA41 /* LaunchScreen.storyboard in Resources */,
				40EC512D243CB2230023FBF5 /* ProximaNovaRegular.otf in Resources */,
				5D7C2DF21E06EE1E00BCEA41 /* Montserrat-Bold.ttf in Resources */,
				5D7C2E351E09819A00BCEA41 /* InfoPlist.strings in Resources */,
				5D7C2DF41E06EE1E00BCEA41 /* Museo.otf in Resources */,
				5D7C2D521E06EC0400BCEA41 /* Assets.xcassets in Resources */,
				40EC512C243CB21F0023FBF5 /* ProximaNovaExtrabold.otf in Resources */,
				5D7C2DEE1E06EE1E00BCEA41 /* Arvo.ttf in Resources */,
				5D7C2DF11E06EE1E00BCEA41 /* Lato-Regular.ttf in Resources */,
				40C71DE5203394C400DB4C22 /* Localizable.stringsdict in Resources */,
				5D7C2E331E097FD100BCEA41 /* Localizable.strings in Resources */,
				4002DFDC2021098700B04B3E /* locations.gpx in Resources */,
				40316E1726FBC70700692DB7 /* Notificare.plist in Resources */,
				5D7C2D501E06EC0400BCEA41 /* Main.storyboard in Resources */,
				40316E1826FBC70700692DB7 /* NotificareManagedModels.bundle in Resources */,
				40EC512A243CB2170023FBF5 /* ProximaNovaBlack.otf in Resources */,
				40316E1526FBC70700692DB7 /* DefaultTheme.bundle in Resources */,
				5D7C2DF51E06EE1E00BCEA41 /* OleoScript.ttf in Resources */,
				40EC512B243CB21C0023FBF5 /* ProximaNovaBold.otf in Resources */,
			);
			runOnlyForDeploymentPostprocessing = 0;
		};
/* End PBXResourcesBuildPhase section */

/* Begin PBXSourcesBuildPhase section */
		5D58D52C1E3EBA75000334E3 /* Sources */ = {
			isa = PBXSourcesBuildPhase;
			buildActionMask = 2147483647;
			files = (
				5D58D5341E3EBA75000334E3 /* NotificationService.m in Sources */,
			);
			runOnlyForDeploymentPostprocessing = 0;
		};
		5D7C2D3E1E06EC0400BCEA41 /* Sources */ = {
			isa = PBXSourcesBuildPhase;
			buildActionMask = 2147483647;
			files = (
				5D7C2D4D1E06EC0400BCEA41 /* ViewController.m in Sources */,
				5D58D4941E3E2240000334E3 /* ResetPasswordViewController.m in Sources */,
				5D58D5541E3F5CEB000334E3 /* ProfileViewController.m in Sources */,
				5D7C2D4A1E06EC0400BCEA41 /* AppDelegate.m in Sources */,
				5D5CCB041E40D70F000D9B0B /* FormButton.m in Sources */,
				5D7CF2E11E52947E00589FF9 /* BeaconsViewController.m in Sources */,
				5D7C2E381E09D31100BCEA41 /* NoInternetViewController.m in Sources */,
				5D7C2DE21E06ED8000BCEA41 /* Configuration.m in Sources */,
				5D7C2E311E097C4800BCEA41 /* SettingsViewController.m in Sources */,
				5D7C2E221E087FAD00BCEA41 /* OnBoardingViewController.m in Sources */,
				5D5CCB111E415A9A000D9B0B /* PreferencesViewController.m in Sources */,
				5D7C2E2D1E095B0200BCEA41 /* GravatarHelper.m in Sources */,
				5D58D4911E3E21B1000334E3 /* RegionsViewController.m in Sources */,
				5D58D5511E3F5A96000334E3 /* SignInViewController.m in Sources */,
				5D7C2D471E06EC0400BCEA41 /* main.m in Sources */,
				5D5CCB5F1E427959000D9B0B /* AssetsViewController.m in Sources */,
				5D58D4971E3E228A000334E3 /* SignUpViewController.m in Sources */,
				5D5CCB071E40E7F6000D9B0B /* LostPasswordViewController.m in Sources */,
				5D7C2E271E09597500BCEA41 /* InboxViewController.m in Sources */,
				5D58D49A1E3E3DA8000334E3 /* RegionsMarker.m in Sources */,
			);
			runOnlyForDeploymentPostprocessing = 0;
		};
/* End PBXSourcesBuildPhase section */

/* Begin PBXTargetDependency section */
		5D58D5371E3EBA75000334E3 /* PBXTargetDependency */ = {
			isa = PBXTargetDependency;
			target = 5D58D52F1E3EBA75000334E3 /* notification */;
			targetProxy = 5D58D5361E3EBA75000334E3 /* PBXContainerItemProxy */;
		};
/* End PBXTargetDependency section */

/* Begin PBXVariantGroup section */
		5D7C2D4E1E06EC0400BCEA41 /* Main.storyboard */ = {
			isa = PBXVariantGroup;
			children = (
				5D7C2D4F1E06EC0400BCEA41 /* Base */,
			);
			name = Main.storyboard;
			sourceTree = "<group>";
		};
		5D7C2D531E06EC0400BCEA41 /* LaunchScreen.storyboard */ = {
			isa = PBXVariantGroup;
			children = (
				5D7C2D541E06EC0400BCEA41 /* Base */,
			);
			name = LaunchScreen.storyboard;
			sourceTree = "<group>";
		};
/* End PBXVariantGroup section */

/* Begin XCBuildConfiguration section */
		5D58D53A1E3EBA75000334E3 /* Debug */ = {
			isa = XCBuildConfiguration;
			buildSettings = {
				DEVELOPMENT_TEAM = Y47BY73NFN;
				INFOPLIST_FILE = notification/Info.plist;
				LD_RUNPATH_SEARCH_PATHS = "$(inherited) @executable_path/Frameworks @executable_path/../../Frameworks";
				LIBRARY_SEARCH_PATHS = (
					"$(inherited)",
					"$(PROJECT_DIR)/demo/Libs/notificare-push-lib-2.7.0",
				);
				MARKETING_VERSION = 2.7.0;
				OTHER_LDFLAGS = "";
				PRODUCT_BUNDLE_IDENTIFIER = re.notifica.demo.notification;
				PRODUCT_NAME = "$(TARGET_NAME)";
				SKIP_INSTALL = YES;
			};
			name = Debug;
		};
		5D58D53B1E3EBA75000334E3 /* Release */ = {
			isa = XCBuildConfiguration;
			buildSettings = {
				DEVELOPMENT_TEAM = Y47BY73NFN;
				INFOPLIST_FILE = notification/Info.plist;
				LD_RUNPATH_SEARCH_PATHS = "$(inherited) @executable_path/Frameworks @executable_path/../../Frameworks";
				LIBRARY_SEARCH_PATHS = (
					"$(inherited)",
					"$(PROJECT_DIR)/demo/Libs/notificare-push-lib-2.7.0",
				);
				MARKETING_VERSION = 2.7.0;
				OTHER_LDFLAGS = "";
				PRODUCT_BUNDLE_IDENTIFIER = re.notifica.demo.notification;
				PRODUCT_NAME = "$(TARGET_NAME)";
				SKIP_INSTALL = YES;
			};
			name = Release;
		};
		5D7C2D571E06EC0400BCEA41 /* Debug */ = {
			isa = XCBuildConfiguration;
			buildSettings = {
				ALWAYS_SEARCH_USER_PATHS = NO;
				CLANG_ANALYZER_LOCALIZABILITY_NONLOCALIZED = YES;
				CLANG_ANALYZER_NONNULL = YES;
				CLANG_CXX_LANGUAGE_STANDARD = "gnu++0x";
				CLANG_CXX_LIBRARY = "libc++";
				CLANG_ENABLE_MODULES = YES;
				CLANG_ENABLE_OBJC_ARC = YES;
				CLANG_WARN_BLOCK_CAPTURE_AUTORELEASING = YES;
				CLANG_WARN_BOOL_CONVERSION = YES;
				CLANG_WARN_COMMA = YES;
				CLANG_WARN_CONSTANT_CONVERSION = YES;
				CLANG_WARN_DEPRECATED_OBJC_IMPLEMENTATIONS = YES;
				CLANG_WARN_DIRECT_OBJC_ISA_USAGE = YES_ERROR;
				CLANG_WARN_DOCUMENTATION_COMMENTS = YES;
				CLANG_WARN_EMPTY_BODY = YES;
				CLANG_WARN_ENUM_CONVERSION = YES;
				CLANG_WARN_INFINITE_RECURSION = YES;
				CLANG_WARN_INT_CONVERSION = YES;
				CLANG_WARN_NON_LITERAL_NULL_CONVERSION = YES;
				CLANG_WARN_OBJC_IMPLICIT_RETAIN_SELF = YES;
				CLANG_WARN_OBJC_LITERAL_CONVERSION = YES;
				CLANG_WARN_OBJC_ROOT_CLASS = YES_ERROR;
				CLANG_WARN_RANGE_LOOP_ANALYSIS = YES;
				CLANG_WARN_STRICT_PROTOTYPES = YES;
				CLANG_WARN_SUSPICIOUS_MOVE = YES;
				CLANG_WARN_UNREACHABLE_CODE = YES;
				CLANG_WARN__DUPLICATE_METHOD_MATCH = YES;
				"CODE_SIGN_IDENTITY[sdk=iphoneos*]" = "iPhone Developer";
				COPY_PHASE_STRIP = NO;
				DEBUG_INFORMATION_FORMAT = dwarf;
				ENABLE_STRICT_OBJC_MSGSEND = YES;
				ENABLE_TESTABILITY = YES;
				GCC_C_LANGUAGE_STANDARD = gnu99;
				GCC_DYNAMIC_NO_PIC = NO;
				GCC_NO_COMMON_BLOCKS = YES;
				GCC_OPTIMIZATION_LEVEL = 0;
				GCC_PREPROCESSOR_DEFINITIONS = (
					"DEBUG=1",
					"$(inherited)",
				);
				GCC_WARN_64_TO_32_BIT_CONVERSION = YES;
				GCC_WARN_ABOUT_RETURN_TYPE = YES_ERROR;
				GCC_WARN_UNDECLARED_SELECTOR = YES;
				GCC_WARN_UNINITIALIZED_AUTOS = YES_AGGRESSIVE;
				GCC_WARN_UNUSED_FUNCTION = YES;
				GCC_WARN_UNUSED_VARIABLE = YES;
				IPHONEOS_DEPLOYMENT_TARGET = 10.2;
				MTL_ENABLE_DEBUG_INFO = YES;
				ONLY_ACTIVE_ARCH = YES;
				SDKROOT = iphoneos;
				TARGETED_DEVICE_FAMILY = "1,2";
			};
			name = Debug;
		};
		5D7C2D581E06EC0400BCEA41 /* Release */ = {
			isa = XCBuildConfiguration;
			buildSettings = {
				ALWAYS_SEARCH_USER_PATHS = NO;
				CLANG_ANALYZER_LOCALIZABILITY_NONLOCALIZED = YES;
				CLANG_ANALYZER_NONNULL = YES;
				CLANG_CXX_LANGUAGE_STANDARD = "gnu++0x";
				CLANG_CXX_LIBRARY = "libc++";
				CLANG_ENABLE_MODULES = YES;
				CLANG_ENABLE_OBJC_ARC = YES;
				CLANG_WARN_BLOCK_CAPTURE_AUTORELEASING = YES;
				CLANG_WARN_BOOL_CONVERSION = YES;
				CLANG_WARN_COMMA = YES;
				CLANG_WARN_CONSTANT_CONVERSION = YES;
				CLANG_WARN_DEPRECATED_OBJC_IMPLEMENTATIONS = YES;
				CLANG_WARN_DIRECT_OBJC_ISA_USAGE = YES_ERROR;
				CLANG_WARN_DOCUMENTATION_COMMENTS = YES;
				CLANG_WARN_EMPTY_BODY = YES;
				CLANG_WARN_ENUM_CONVERSION = YES;
				CLANG_WARN_INFINITE_RECURSION = YES;
				CLANG_WARN_INT_CONVERSION = YES;
				CLANG_WARN_NON_LITERAL_NULL_CONVERSION = YES;
				CLANG_WARN_OBJC_IMPLICIT_RETAIN_SELF = YES;
				CLANG_WARN_OBJC_LITERAL_CONVERSION = YES;
				CLANG_WARN_OBJC_ROOT_CLASS = YES_ERROR;
				CLANG_WARN_RANGE_LOOP_ANALYSIS = YES;
				CLANG_WARN_STRICT_PROTOTYPES = YES;
				CLANG_WARN_SUSPICIOUS_MOVE = YES;
				CLANG_WARN_UNREACHABLE_CODE = YES;
				CLANG_WARN__DUPLICATE_METHOD_MATCH = YES;
				"CODE_SIGN_IDENTITY[sdk=iphoneos*]" = "iPhone Developer";
				COPY_PHASE_STRIP = NO;
				DEBUG_INFORMATION_FORMAT = "dwarf-with-dsym";
				ENABLE_NS_ASSERTIONS = NO;
				ENABLE_STRICT_OBJC_MSGSEND = YES;
				GCC_C_LANGUAGE_STANDARD = gnu99;
				GCC_NO_COMMON_BLOCKS = YES;
				GCC_WARN_64_TO_32_BIT_CONVERSION = YES;
				GCC_WARN_ABOUT_RETURN_TYPE = YES_ERROR;
				GCC_WARN_UNDECLARED_SELECTOR = YES;
				GCC_WARN_UNINITIALIZED_AUTOS = YES_AGGRESSIVE;
				GCC_WARN_UNUSED_FUNCTION = YES;
				GCC_WARN_UNUSED_VARIABLE = YES;
				IPHONEOS_DEPLOYMENT_TARGET = 10.2;
				MTL_ENABLE_DEBUG_INFO = NO;
				SDKROOT = iphoneos;
				TARGETED_DEVICE_FAMILY = "1,2";
				VALIDATE_PRODUCT = YES;
			};
			name = Release;
		};
		5D7C2D5A1E06EC0400BCEA41 /* Debug */ = {
			isa = XCBuildConfiguration;
			buildSettings = {
				ASSETCATALOG_COMPILER_APPICON_NAME = AppIcon;
				CLANG_ALLOW_NON_MODULAR_INCLUDES_IN_FRAMEWORK_MODULES = NO;
				CODE_SIGN_ENTITLEMENTS = demo/hybrid.entitlements;
				"CODE_SIGN_IDENTITY[sdk=iphoneos*]" = "iPhone Developer";
				DEVELOPMENT_TEAM = Y47BY73NFN;
				INFOPLIST_FILE = demo/Info.plist;
				IPHONEOS_DEPLOYMENT_TARGET = 9.0;
				LD_RUNPATH_SEARCH_PATHS = "$(inherited) @executable_path/Frameworks";
				LIBRARY_SEARCH_PATHS = (
					"$(inherited)",
					"$(PROJECT_DIR)/demo/Libs/notificare-push-lib-2.7.0",
				);
				MARKETING_VERSION = 2.7.0;
				OTHER_LDFLAGS = "-ObjC";
				PRODUCT_BUNDLE_IDENTIFIER = re.notifica.demo;
				PRODUCT_NAME = "$(TARGET_NAME)";
			};
			name = Debug;
		};
		5D7C2D5B1E06EC0400BCEA41 /* Release */ = {
			isa = XCBuildConfiguration;
			buildSettings = {
				ASSETCATALOG_COMPILER_APPICON_NAME = AppIcon;
				CLANG_ALLOW_NON_MODULAR_INCLUDES_IN_FRAMEWORK_MODULES = NO;
				CODE_SIGN_ENTITLEMENTS = demo/hybrid.entitlements;
				"CODE_SIGN_IDENTITY[sdk=iphoneos*]" = "iPhone Developer";
				DEVELOPMENT_TEAM = Y47BY73NFN;
				INFOPLIST_FILE = demo/Info.plist;
				IPHONEOS_DEPLOYMENT_TARGET = 9.0;
				LD_RUNPATH_SEARCH_PATHS = "$(inherited) @executable_path/Frameworks";
				LIBRARY_SEARCH_PATHS = (
					"$(inherited)",
					"$(PROJECT_DIR)/demo/Libs/notificare-push-lib-2.7.0",
				);
				MARKETING_VERSION = 2.7.0;
				OTHER_LDFLAGS = "-ObjC";
				PRODUCT_BUNDLE_IDENTIFIER = re.notifica.demo;
				PRODUCT_NAME = "$(TARGET_NAME)";
			};
			name = Release;
		};
/* End XCBuildConfiguration section */

/* Begin XCConfigurationList section */
		5D58D5391E3EBA75000334E3 /* Build configuration list for PBXNativeTarget "notification" */ = {
			isa = XCConfigurationList;
			buildConfigurations = (
				5D58D53A1E3EBA75000334E3 /* Debug */,
				5D58D53B1E3EBA75000334E3 /* Release */,
			);
			defaultConfigurationIsVisible = 0;
			defaultConfigurationName = Release;
		};
		5D7C2D3D1E06EC0400BCEA41 /* Build configuration list for PBXProject "hybrid" */ = {
			isa = XCConfigurationList;
			buildConfigurations = (
				5D7C2D571E06EC0400BCEA41 /* Debug */,
				5D7C2D581E06EC0400BCEA41 /* Release */,
			);
			defaultConfigurationIsVisible = 0;
			defaultConfigurationName = Release;
		};
		5D7C2D591E06EC0400BCEA41 /* Build configuration list for PBXNativeTarget "hybrid" */ = {
			isa = XCConfigurationList;
			buildConfigurations = (
				5D7C2D5A1E06EC0400BCEA41 /* Debug */,
				5D7C2D5B1E06EC0400BCEA41 /* Release */,
			);
			defaultConfigurationIsVisible = 0;
			defaultConfigurationName = Release;
		};
/* End XCConfigurationList section */
	};
	rootObject = 5D7C2D3A1E06EC0400BCEA41 /* Project object */;
}
